{
  "version": 4,
  "terraform_version": "1.13.5",
  "serial": 157,
  "lineage": "9c57b5ee-2cd1-54bc-720f-a9be25ff0fa1",
  "outputs": {
    "customer_gateway_configuration": {
      "value": "\u003c?xml version=\"1.0\" encoding=\"UTF-8\"?\u003e\n\u003cvpn_connection id=\"vpn-09a2af4cf621ea2f5\"\u003e\n  \u003ccustomer_gateway_id\u003ecgw-066a5e27bf6b610a1\u003c/customer_gateway_id\u003e\n  \u003cvpn_gateway_id\u003evgw-08e5d3febce1ea1fa\u003c/vpn_gateway_id\u003e\n  \u003cvpn_connection_type\u003eipsec.1\u003c/vpn_connection_type\u003e\n  \u003cvpn_connection_attributes\u003eNoBGPVPNConnection\u003c/vpn_connection_attributes\u003e\n  \u003cipsec_tunnel\u003e\n    \u003ccustomer_gateway\u003e\n      \u003ctunnel_outside_address\u003e\n        \u003cip_address\u003e144.178.197.106\u003c/ip_address\u003e\n      \u003c/tunnel_outside_address\u003e\n      \u003ctunnel_inside_address\u003e\n        \u003cip_address\u003e169.254.209.154\u003c/ip_address\u003e\n        \u003cnetwork_mask\u003e255.255.255.252\u003c/network_mask\u003e\n        \u003cnetwork_cidr\u003e30\u003c/network_cidr\u003e\n      \u003c/tunnel_inside_address\u003e\n    \u003c/customer_gateway\u003e\n    \u003cvpn_gateway\u003e\n      \u003ctunnel_outside_address\u003e\n        \u003cip_address\u003e52.212.250.230\u003c/ip_address\u003e\n      \u003c/tunnel_outside_address\u003e\n      \u003ctunnel_inside_address\u003e\n        \u003cip_address\u003e169.254.209.153\u003c/ip_address\u003e\n        \u003cnetwork_mask\u003e255.255.255.252\u003c/network_mask\u003e\n        \u003cnetwork_cidr\u003e30\u003c/network_cidr\u003e\n      \u003c/tunnel_inside_address\u003e\n    \u003c/vpn_gateway\u003e\n    \u003cike\u003e\n      \u003cauthentication_protocol\u003esha1\u003c/authentication_protocol\u003e\n      \u003cencryption_protocol\u003eaes-128-cbc\u003c/encryption_protocol\u003e\n      \u003clifetime\u003e28800\u003c/lifetime\u003e\n      \u003cperfect_forward_secrecy\u003egroup2\u003c/perfect_forward_secrecy\u003e\n      \u003cmode\u003emain\u003c/mode\u003e\n      \u003cpre_shared_key\u003eGq3UWotS7tyoSx.nxNFwjna4DKUo23rC\u003c/pre_shared_key\u003e\n    \u003c/ike\u003e\n    \u003cipsec\u003e\n      \u003cprotocol\u003eesp\u003c/protocol\u003e\n      \u003cauthentication_protocol\u003ehmac-sha1-96\u003c/authentication_protocol\u003e\n      \u003cencryption_protocol\u003eaes-128-cbc\u003c/encryption_protocol\u003e\n      \u003clifetime\u003e3600\u003c/lifetime\u003e\n      \u003cperfect_forward_secrecy\u003egroup2\u003c/perfect_forward_secrecy\u003e\n      \u003cmode\u003etunnel\u003c/mode\u003e\n      \u003cclear_df_bit\u003etrue\u003c/clear_df_bit\u003e\n      \u003cfragmentation_before_encryption\u003etrue\u003c/fragmentation_before_encryption\u003e\n      \u003ctcp_mss_adjustment\u003e1379\u003c/tcp_mss_adjustment\u003e\n      \u003cdead_peer_detection\u003e\n        \u003cinterval\u003e10\u003c/interval\u003e\n        \u003cretries\u003e3\u003c/retries\u003e\n      \u003c/dead_peer_detection\u003e\n    \u003c/ipsec\u003e\n  \u003c/ipsec_tunnel\u003e\n  \u003cipsec_tunnel\u003e\n    \u003ccustomer_gateway\u003e\n      \u003ctunnel_outside_address\u003e\n        \u003cip_address\u003e144.178.197.106\u003c/ip_address\u003e\n      \u003c/tunnel_outside_address\u003e\n      \u003ctunnel_inside_address\u003e\n        \u003cip_address\u003e169.254.233.250\u003c/ip_address\u003e\n        \u003cnetwork_mask\u003e255.255.255.252\u003c/network_mask\u003e\n        \u003cnetwork_cidr\u003e30\u003c/network_cidr\u003e\n      \u003c/tunnel_inside_address\u003e\n    \u003c/customer_gateway\u003e\n    \u003cvpn_gateway\u003e\n      \u003ctunnel_outside_address\u003e\n        \u003cip_address\u003e54.75.102.170\u003c/ip_address\u003e\n      \u003c/tunnel_outside_address\u003e\n      \u003ctunnel_inside_address\u003e\n        \u003cip_address\u003e169.254.233.249\u003c/ip_address\u003e\n        \u003cnetwork_mask\u003e255.255.255.252\u003c/network_mask\u003e\n        \u003cnetwork_cidr\u003e30\u003c/network_cidr\u003e\n      \u003c/tunnel_inside_address\u003e\n    \u003c/vpn_gateway\u003e\n    \u003cike\u003e\n      \u003cauthentication_protocol\u003esha1\u003c/authentication_protocol\u003e\n      \u003cencryption_protocol\u003eaes-128-cbc\u003c/encryption_protocol\u003e\n      \u003clifetime\u003e28800\u003c/lifetime\u003e\n      \u003cperfect_forward_secrecy\u003egroup2\u003c/perfect_forward_secrecy\u003e\n      \u003cmode\u003emain\u003c/mode\u003e\n      \u003cpre_shared_key\u003eUrZv5.qLWtb_73XY4g0ClCCFPI0UwKUu\u003c/pre_shared_key\u003e\n    \u003c/ike\u003e\n    \u003cipsec\u003e\n      \u003cprotocol\u003eesp\u003c/protocol\u003e\n      \u003cauthentication_protocol\u003ehmac-sha1-96\u003c/authentication_protocol\u003e\n      \u003cencryption_protocol\u003eaes-128-cbc\u003c/encryption_protocol\u003e\n      \u003clifetime\u003e3600\u003c/lifetime\u003e\n      \u003cperfect_forward_secrecy\u003egroup2\u003c/perfect_forward_secrecy\u003e\n      \u003cmode\u003etunnel\u003c/mode\u003e\n      \u003cclear_df_bit\u003etrue\u003c/clear_df_bit\u003e\n      \u003cfragmentation_before_encryption\u003etrue\u003c/fragmentation_before_encryption\u003e\n      \u003ctcp_mss_adjustment\u003e1379\u003c/tcp_mss_adjustment\u003e\n      \u003cdead_peer_detection\u003e\n        \u003cinterval\u003e10\u003c/interval\u003e\n        \u003cretries\u003e3\u003c/retries\u003e\n      \u003c/dead_peer_detection\u003e\n    \u003c/ipsec\u003e\n  \u003c/ipsec_tunnel\u003e\n\u003c/vpn_connection\u003e\n",
      "type": "string",
      "sensitive": true
    },
    "database_subnet_ids": {
      "value": [
        "subnet-0512ca628d4a64a11",
        "subnet-07ad308ef057a4e1f"
      ],
      "type": [
        "tuple",
        [
          "string",
          "string"
        ]
      ]
    },
    "db_subnet_group_name": {
      "value": "hybrid-cloud-school-db-subnet-group",
      "type": "string"
    },
    "dns_name_servers": {
      "value": [
        "ns-0.awsdns-00.com.",
        "ns-1024.awsdns-00.org.",
        "ns-1536.awsdns-00.co.uk.",
        "ns-512.awsdns-00.net."
      ],
      "type": [
        "list",
        "string"
      ]
    },
    "ecs_cluster_id": {
      "value": "arn:aws:ecs:eu-west-1:554000693784:cluster/hybrid-cloud-school-cluster",
      "type": "string"
    },
    "ecs_cluster_name": {
      "value": "hybrid-cloud-school-cluster",
      "type": "string"
    },
    "ecs_service_name": {
      "value": "hybrid-cloud-school-app-service",
      "type": "string"
    },
    "grafana_admin_password": {
      "value": "B@ker1234",
      "type": "string",
      "sensitive": true
    },
    "grafana_info": {
      "value": "  \n📊 GRAFANA IS DEPLOYED!\n  \n✅ REQ-NCA-P2-05: Observability stack deployed\n✅ REQ-NCA-P2-08: SOAR monitoring ready\n✅ REQ-NCA-P2-09: Integrated with observability\n  \nAccess Grafana:\n- Load Balancer URL: http://internal-hybrid-cloud-school-grafana-alb-1200599691.eu-west-1.elb.amazonaws.com\n- Internal URL: http://grafana.hybrid-cloud-school.internal\n  \nLogin Credentials:\n- Username: admin\n- Password: B@ker1234\n  \n⚠️  CHANGE PASSWORD IMMEDIATELY after first login!\n  \nPre-configured Datasources:\n✅ Prometheus (metrics)\n✅ Loki (logs)\n✅ CloudWatch (AWS metrics)\n  \nNext Steps:\n1. Log in to Grafana\n2. Change admin password\n3. Import dashboards (see /dashboards folder)\n4. Configure alert notifications\n5. Create custom dashboards for your apps\n  \nPopular Dashboards:\n- Node Exporter Full (ID: 1860)\n- ECS Fargate (ID: 11184)\n- PostgreSQL Database (ID: 9628)\n- Loki Dashboard (ID: 13639)\n  \nImport via: Dashboard \u003e Import \u003e Dashboard ID\n  \n",
      "type": "string",
      "sensitive": true
    },
    "grafana_internal_url": {
      "value": "http://grafana.hybrid-cloud-school.internal",
      "type": "string"
    },
    "grafana_url": {
      "value": "http://internal-hybrid-cloud-school-grafana-alb-1200599691.eu-west-1.elb.amazonaws.com",
      "type": "string"
    },
    "load_balancer_dns": {
      "value": "hybrid-cloud-school-alb-1350416947.eu-west-1.elb.amazonaws.com",
      "type": "string"
    },
    "load_balancer_url": {
      "value": "http://hybrid-cloud-school-alb-1350416947.eu-west-1.elb.amazonaws.com",
      "type": "string"
    },
    "loki_endpoint": {
      "value": "http://loki.hybrid-cloud-school.internal:3100",
      "type": "string"
    },
    "loki_info": {
      "value": "  \n📝 LOKI IS DEPLOYED!\n  \nAccess Loki:\n- Internal URL: http://loki.hybrid-cloud-school.internal:3100\n- Service Discovery: loki.monitoring.hybrid-cloud-school.local\n  \nFeatures:\n✅ Collects logs from all services\n✅ Stores logs for 31 days locally\n✅ Long-term storage in S3 (1 year)\n✅ Automatic log rotation and compression\n✅ Integrated with Grafana\n  \nLog Shipping Agents:\n- Promtail: For servers and containers\n- Fluent Bit: For AWS services\n- CloudWatch Logs: Via Lambda subscription\n  \nExample LogQL Queries (in Grafana):\n  \n# All logs from app\n{container=\"app\"}\n  \n# Error logs only\n{container=\"app\"} |= \"error\"\n  \n# HTTP 500 errors\n{container=\"app\"} | json | status=\"500\"\n  \n# Logs from last hour\n{container=\"app\"} [1h]\n  \n# Count errors per minute\nrate({container=\"app\"} |= \"error\" [1m])\n  \nNext Steps:\n1. Deploy Promtail agents (via Ansible)\n2. Configure log shipping from applications\n3. Create log-based alerts in Grafana\n4. Set up log retention policies\n  \n",
      "type": "string"
    },
    "loki_s3_bucket": {
      "value": "hybrid-cloud-school-loki-logs-554000693784",
      "type": "string"
    },
    "loki_service_name": {
      "value": "hybrid-cloud-school-loki",
      "type": "string"
    },
    "loki_url": {
      "value": "http://loki.hybrid-cloud-school.internal:3100",
      "type": "string"
    },
    "monitoring_instance_id": {
      "value": "i-0ae5d9ed369d7786c",
      "type": "string"
    },
    "monitoring_private_ip": {
      "value": "10.0.10.23",
      "type": "string"
    },
    "monitoring_ssh_key_path": {
      "value": "./../../ansible/keys/monitoring-key.pem",
      "type": "string"
    },
    "nat_gateway_ips": {
      "value": [
        "54.72.187.100",
        "54.74.86.171"
      ],
      "type": [
        "tuple",
        [
          "string",
          "string"
        ]
      ]
    },
    "private_subnet_ids": {
      "value": [
        "subnet-05dfebfedd1946f87",
        "subnet-0b1b03cc40f2c5bfd"
      ],
      "type": [
        "tuple",
        [
          "string",
          "string"
        ]
      ]
    },
    "private_zone_id": {
      "value": "Z039368330QNVNJQEXR9W",
      "type": "string"
    },
    "private_zone_name": {
      "value": "hybrid-cloud-school.internal",
      "type": "string"
    },
    "prometheus_endpoint": {
      "value": "http://prometheus.hybrid-cloud-school.internal:9090",
      "type": "string"
    },
    "prometheus_info": {
      "value": "  \r\nPROMETHEUS IS DEPLOYED!\r\n  \r\nAccess Prometheus:\r\n- Internal URL: http://prometheus.hybrid-cloud-school.internal:9090\r\n- Service Discovery: prometheus.monitoring.hybrid-cloud-school.local\r\n  \r\nFeatures:\r\n Collects metrics from all services\r\n Stores data for 15 days\r\n Automatic service discovery\r\n Backed by EFS for persistent config\r\n Long-term storage in S3\r\n  \r\nNext Steps:\r\n1. Access Prometheus UI through VPN or bastion\r\n2. Configure scrape targets in prometheus.yml\r\n3. Set up alerting rules\r\n4. Connect to Grafana for visualization\r\n  \r\nExample Queries:\r\n- CPU Usage: rate(container_cpu_usage_seconds_total[5m])\r\n- Memory Usage: container_memory_usage_bytes\r\n- HTTP Requests: rate(http_requests_total[5m])\r\n  \r\n",
      "type": "string"
    },
    "prometheus_service_name": {
      "value": "hybrid-cloud-school-prometheus",
      "type": "string"
    },
    "prometheus_url": {
      "value": "http://prometheus.hybrid-cloud-school.internal:9090",
      "type": "string"
    },
    "public_subnet_ids": {
      "value": [
        "subnet-0b3b581c2836237c5",
        "subnet-0f08e4736c5da6b46"
      ],
      "type": [
        "tuple",
        [
          "string",
          "string"
        ]
      ]
    },
    "security_group_ids": {
      "value": {
        "admin": "sg-01d81a27d5b1dd98b",
        "app": "sg-08642b8a217ed6d7f",
        "database": "sg-02305c421726f7dd1",
        "monitoring": "sg-073c745d6e6e1822a",
        "soar": "sg-060d8bc7984b7ddd2",
        "vpn_access": "sg-09be7ebc26b76a599",
        "web": "sg-057a1c3e436172220"
      },
      "type": [
        "object",
        {
          "admin": "string",
          "app": "string",
          "database": "string",
          "monitoring": "string",
          "soar": "string",
          "vpn_access": "string",
          "web": "string"
        }
      ]
    },
    "vpc_id": {
      "value": "vpc-0c1e8480f4384da42",
      "type": "string"
    },
    "vpn_connection_id": {
      "value": "vpn-09a2af4cf621ea2f5",
      "type": "string"
    },
    "vpn_tunnel1_address": {
      "value": "52.212.250.230",
      "type": "string"
    },
    "vpn_tunnel1_preshared_key": {
      "value": "Gq3UWotS7tyoSx.nxNFwjna4DKUo23rC",
      "type": "string",
      "sensitive": true
    },
    "vpn_tunnel2_address": {
      "value": "54.75.102.170",
      "type": "string"
    },
    "vpn_tunnel2_preshared_key": {
      "value": "UrZv5.qLWtb_73XY4g0ClCCFPI0UwKUu",
      "type": "string",
      "sensitive": true
    }
  },
  "resources": [
    {
      "mode": "data",
      "type": "aws_ami",
      "name": "amazon_linux",
      "provider": "provider[\"registry.terraform.io/hashicorp/aws\"]",
      "instances": [
        {
          "schema_version": 0,
          "attributes": {
            "architecture": "x86_64",
            "arn": "arn:aws:ec2:eu-west-1::image/ami-056546f8452ba93b4",
            "block_device_mappings": [
              {
                "device_name": "/dev/xvda",
                "ebs": {
                  "delete_on_termination": "true",
                  "encrypted": "false",
                  "iops": "0",
                  "snapshot_id": "snap-0f2aee7b250c14a97",
                  "throughput": "0",
                  "volume_initialization_rate": "0",
                  "volume_size": "8",
                  "volume_type": "gp2"
                },
                "no_device": "",
                "virtual_name": ""
              }
            ],
            "boot_mode": "",
            "creation_date": "2025-11-08T19:20:17.000Z",
            "deprecation_time": "2026-02-06T00:00:00.000Z",
            "description": "Amazon Linux 2 AMI 2.0.20251110.1 x86_64 HVM gp2",
            "ena_support": true,
            "executable_users": null,
            "filter": [
              {
                "name": "name",
                "values": [
                  "amzn2-ami-hvm-*-x86_64-gp2"
                ]
              },
              {
                "name": "virtualization-type",
                "values": [
                  "hvm"
                ]
              }
            ],
            "hypervisor": "xen",
            "id": "ami-056546f8452ba93b4",
            "image_id": "ami-056546f8452ba93b4",
            "image_location": "amazon/amzn2-ami-hvm-2.0.20251110.1-x86_64-gp2",
            "image_owner_alias": "amazon",
            "image_type": "machine",
            "imds_support": "",
            "include_deprecated": false,
            "kernel_id": "",
            "last_launched_time": "",
            "most_recent": true,
            "name": "amzn2-ami-hvm-2.0.20251110.1-x86_64-gp2",
            "name_regex": null,
            "owner_id": "137112412989",
            "owners": [
              "amazon"
            ],
            "platform": "",
            "platform_details": "Linux/UNIX",
            "product_codes": [],
            "public": true,
            "ramdisk_id": "",
            "root_device_name": "/dev/xvda",
            "root_device_type": "ebs",
            "root_snapshot_id": "snap-0f2aee7b250c14a97",
            "sriov_net_support": "simple",
            "state": "available",
            "state_reason": {
              "code": "UNSET",
              "message": "UNSET"
            },
            "tags": {},
            "timeouts": null,
            "tpm_support": "",
            "uefi_data": null,
            "usage_operation": "RunInstances",
            "virtualization_type": "hvm"
          },
          "sensitive_attributes": [],
          "identity_schema_version": 0
        }
      ]
    },
    {
      "mode": "data",
      "type": "aws_availability_zones",
      "name": "available",
      "provider": "provider[\"registry.terraform.io/hashicorp/aws\"]",
      "instances": [
        {
          "schema_version": 0,
          "attributes": {
            "all_availability_zones": null,
            "exclude_names": null,
            "exclude_zone_ids": null,
            "filter": null,
            "group_names": [
              "eu-west-1-zg-1"
            ],
            "id": "eu-west-1",
            "names": [
              "eu-west-1a",
              "eu-west-1b",
              "eu-west-1c"
            ],
            "state": "available",
            "timeouts": null,
            "zone_ids": [
              "euw1-az2",
              "euw1-az3",
              "euw1-az1"
            ]
          },
          "sensitive_attributes": [],
          "identity_schema_version": 0
        }
      ]
    },
    {
      "mode": "data",
      "type": "aws_caller_identity",
      "name": "current",
      "provider": "provider[\"registry.terraform.io/hashicorp/aws\"]",
      "instances": [
        {
          "schema_version": 0,
          "attributes": {
            "account_id": "554000693784",
            "arn": "arn:aws:sts::554000693784:assumed-role/AWSReservedSSO_fictisb_IsbUsersPS_4f7ae76666680500/e.rombley@student.fontys.nl",
            "id": "554000693784",
            "user_id": "AROAYB7IDXIMNIDHJMVQE:e.rombley@student.fontys.nl"
          },
          "sensitive_attributes": [],
          "identity_schema_version": 0
        }
      ]
    },
    {
      "mode": "data",
      "type": "aws_region",
      "name": "current",
      "provider": "provider[\"registry.terraform.io/hashicorp/aws\"]",
      "instances": [
        {
          "schema_version": 0,
          "attributes": {
            "description": "Europe (Ireland)",
            "endpoint": "ec2.eu-west-1.amazonaws.com",
            "id": "eu-west-1",
            "name": "eu-west-1"
          },
          "sensitive_attributes": [],
          "identity_schema_version": 0
        }
      ]
    },
    {
      "mode": "managed",
      "type": "aws_appautoscaling_policy",
      "name": "cpu",
      "provider": "provider[\"registry.terraform.io/hashicorp/aws\"]",
      "instances": [
        {
          "schema_version": 0,
          "attributes": {
            "alarm_arns": [
              "arn:aws:cloudwatch:eu-west-1:554000693784:alarm:TargetTracking-service/hybrid-cloud-school-cluster/hybrid-cloud-school-app-service-AlarmHigh-918af4fe-6c7b-400a-b196-50b6594e7a38",
              "arn:aws:cloudwatch:eu-west-1:554000693784:alarm:TargetTracking-service/hybrid-cloud-school-cluster/hybrid-cloud-school-app-service-AlarmLow-08e856c7-5785-4cfc-96c9-e98306dd1750"
            ],
            "arn": "arn:aws:autoscaling:eu-west-1:554000693784:scalingPolicy:34f90268-247d-421d-afa5-dc0aa0a6c85d:resource/ecs/service/hybrid-cloud-school-cluster/hybrid-cloud-school-app-service:policyName/hybrid-cloud-school-cpu-scaling",
            "id": "hybrid-cloud-school-cpu-scaling",
            "name": "hybrid-cloud-school-cpu-scaling",
            "policy_type": "TargetTrackingScaling",
            "resource_id": "service/hybrid-cloud-school-cluster/hybrid-cloud-school-app-service",
            "scalable_dimension": "ecs:service:DesiredCount",
            "service_namespace": "ecs",
            "step_scaling_policy_configuration": [],
            "target_tracking_scaling_policy_configuration": [
              {
                "customized_metric_specification": [],
                "disable_scale_in": false,
                "predefined_metric_specification": [
                  {
                    "predefined_metric_type": "ECSServiceAverageCPUUtilization",
                    "resource_label": ""
                  }
                ],
                "scale_in_cooldown": 300,
                "scale_out_cooldown": 60,
                "target_value": 70
              }
            ]
          },
          "sensitive_attributes": [],
          "identity_schema_version": 0,
          "private": "bnVsbA==",
          "dependencies": [
            "aws_appautoscaling_target.ecs",
            "aws_cloudwatch_log_group.ecs",
            "aws_ecs_cluster.main",
            "aws_ecs_service.app",
            "aws_ecs_task_definition.app",
            "aws_iam_role.ecs_execution",
            "aws_iam_role.ecs_task",
            "aws_iam_role_policy_attachment.ecs_execution",
            "aws_lb.main",
            "aws_lb_listener.http",
            "aws_lb_target_group.app",
            "aws_route53_zone.private",
            "aws_security_group.admin",
            "aws_security_group.app",
            "aws_security_group.vpn_access",
            "aws_security_group.web",
            "aws_subnet.private",
            "aws_subnet.public",
            "aws_vpc.main",
            "data.aws_availability_zones.available"
          ]
        }
      ]
    },
    {
      "mode": "managed",
      "type": "aws_appautoscaling_policy",
      "name": "memory",
      "provider": "provider[\"registry.terraform.io/hashicorp/aws\"]",
      "instances": [
        {
          "schema_version": 0,
          "attributes": {
            "alarm_arns": [
              "arn:aws:cloudwatch:eu-west-1:554000693784:alarm:TargetTracking-service/hybrid-cloud-school-cluster/hybrid-cloud-school-app-service-AlarmHigh-020aa2dc-dff8-47a1-860a-d3b605c36555",
              "arn:aws:cloudwatch:eu-west-1:554000693784:alarm:TargetTracking-service/hybrid-cloud-school-cluster/hybrid-cloud-school-app-service-AlarmLow-a992c194-03af-4b07-b5f2-740ec9fc5bd3"
            ],
            "arn": "arn:aws:autoscaling:eu-west-1:554000693784:scalingPolicy:34f90268-247d-421d-afa5-dc0aa0a6c85d:resource/ecs/service/hybrid-cloud-school-cluster/hybrid-cloud-school-app-service:policyName/hybrid-cloud-school-memory-scaling",
            "id": "hybrid-cloud-school-memory-scaling",
            "name": "hybrid-cloud-school-memory-scaling",
            "policy_type": "TargetTrackingScaling",
            "resource_id": "service/hybrid-cloud-school-cluster/hybrid-cloud-school-app-service",
            "scalable_dimension": "ecs:service:DesiredCount",
            "service_namespace": "ecs",
            "step_scaling_policy_configuration": [],
            "target_tracking_scaling_policy_configuration": [
              {
                "customized_metric_specification": [],
                "disable_scale_in": false,
                "predefined_metric_specification": [
                  {
                    "predefined_metric_type": "ECSServiceAverageMemoryUtilization",
                    "resource_label": ""
                  }
                ],
                "scale_in_cooldown": 300,
                "scale_out_cooldown": 60,
                "target_value": 70
              }
            ]
          },
          "sensitive_attributes": [],
          "identity_schema_version": 0,
          "private": "bnVsbA==",
          "dependencies": [
            "aws_appautoscaling_target.ecs",
            "aws_cloudwatch_log_group.ecs",
            "aws_ecs_cluster.main",
            "aws_ecs_service.app",
            "aws_ecs_task_definition.app",
            "aws_iam_role.ecs_execution",
            "aws_iam_role.ecs_task",
            "aws_iam_role_policy_attachment.ecs_execution",
            "aws_lb.main",
            "aws_lb_listener.http",
            "aws_lb_target_group.app",
            "aws_route53_zone.private",
            "aws_security_group.admin",
            "aws_security_group.app",
            "aws_security_group.vpn_access",
            "aws_security_group.web",
            "aws_subnet.private",
            "aws_subnet.public",
            "aws_vpc.main",
            "data.aws_availability_zones.available"
          ]
        }
      ]
    },
    {
      "mode": "managed",
      "type": "aws_appautoscaling_target",
      "name": "ecs",
      "provider": "provider[\"registry.terraform.io/hashicorp/aws\"]",
      "instances": [
        {
          "schema_version": 0,
          "attributes": {
            "arn": "arn:aws:application-autoscaling:eu-west-1:554000693784:scalable-target/0ec534f90268247d421dafa5dc0aa0a6c85d",
            "id": "service/hybrid-cloud-school-cluster/hybrid-cloud-school-app-service",
            "max_capacity": 10,
            "min_capacity": 2,
            "resource_id": "service/hybrid-cloud-school-cluster/hybrid-cloud-school-app-service",
            "role_arn": "arn:aws:iam::554000693784:role/aws-service-role/ecs.application-autoscaling.amazonaws.com/AWSServiceRoleForApplicationAutoScaling_ECSService",
            "scalable_dimension": "ecs:service:DesiredCount",
            "service_namespace": "ecs",
            "suspended_state": [
              {
                "dynamic_scaling_in_suspended": false,
                "dynamic_scaling_out_suspended": false,
                "scheduled_scaling_suspended": false
              }
            ],
            "tags": {},
            "tags_all": {
              "Environment": "Development",
              "ManagedBy": "Terraform",
              "Owner": "Ernie",
              "Project": "Hybrid-Cloud-School"
            }
          },
          "sensitive_attributes": [],
          "identity_schema_version": 0,
          "private": "bnVsbA==",
          "dependencies": [
            "aws_cloudwatch_log_group.ecs",
            "aws_ecs_cluster.main",
            "aws_ecs_service.app",
            "aws_ecs_task_definition.app",
            "aws_iam_role.ecs_execution",
            "aws_iam_role.ecs_task",
            "aws_iam_role_policy_attachment.ecs_execution",
            "aws_lb.main",
            "aws_lb_listener.http",
            "aws_lb_target_group.app",
            "aws_route53_zone.private",
            "aws_security_group.admin",
            "aws_security_group.app",
            "aws_security_group.vpn_access",
            "aws_security_group.web",
            "aws_subnet.private",
            "aws_subnet.public",
            "aws_vpc.main",
            "data.aws_availability_zones.available"
          ]
        }
      ]
    },
    {
      "mode": "managed",
      "type": "aws_cloudwatch_log_group",
      "name": "ecs",
      "provider": "provider[\"registry.terraform.io/hashicorp/aws\"]",
      "instances": [
        {
          "schema_version": 0,
          "attributes": {
            "arn": "arn:aws:logs:eu-west-1:554000693784:log-group:/ecs/hybrid-cloud-school",
            "id": "/ecs/hybrid-cloud-school",
            "kms_key_id": "",
            "log_group_class": "STANDARD",
            "name": "/ecs/hybrid-cloud-school",
            "name_prefix": "",
            "retention_in_days": 7,
            "skip_destroy": false,
            "tags": {
              "Name": "hybrid-cloud-school-ecs-logs"
            },
            "tags_all": {
              "Environment": "Development",
              "ManagedBy": "Terraform",
              "Name": "hybrid-cloud-school-ecs-logs",
              "Owner": "Ernie",
              "Project": "Hybrid-Cloud-School"
            }
          },
          "sensitive_attributes": [],
          "identity_schema_version": 0,
          "private": "bnVsbA=="
        }
      ]
    },
    {
      "mode": "managed",
      "type": "aws_cloudwatch_log_group",
      "name": "grafana",
      "provider": "provider[\"registry.terraform.io/hashicorp/aws\"]",
      "instances": [
        {
          "schema_version": 0,
          "attributes": {
            "arn": "arn:aws:logs:eu-west-1:554000693784:log-group:/ecs/hybrid-cloud-school/grafana",
            "id": "/ecs/hybrid-cloud-school/grafana",
            "kms_key_id": "",
            "log_group_class": "STANDARD",
            "name": "/ecs/hybrid-cloud-school/grafana",
            "name_prefix": "",
            "retention_in_days": 7,
            "skip_destroy": false,
            "tags": {
              "Name": "hybrid-cloud-school-grafana-logs"
            },
            "tags_all": {
              "Environment": "Development",
              "ManagedBy": "Terraform",
              "Name": "hybrid-cloud-school-grafana-logs",
              "Owner": "Ernie",
              "Project": "Hybrid-Cloud-School"
            }
          },
          "sensitive_attributes": [],
          "identity_schema_version": 0,
          "private": "bnVsbA=="
        }
      ]
    },
    {
      "mode": "managed",
      "type": "aws_cloudwatch_log_group",
      "name": "loki",
      "provider": "provider[\"registry.terraform.io/hashicorp/aws\"]",
      "instances": [
        {
          "schema_version": 0,
          "attributes": {
            "arn": "arn:aws:logs:eu-west-1:554000693784:log-group:/ecs/hybrid-cloud-school/loki",
            "id": "/ecs/hybrid-cloud-school/loki",
            "kms_key_id": "",
            "log_group_class": "STANDARD",
            "name": "/ecs/hybrid-cloud-school/loki",
            "name_prefix": "",
            "retention_in_days": 7,
            "skip_destroy": false,
            "tags": {
              "Name": "hybrid-cloud-school-loki-logs"
            },
            "tags_all": {
              "Environment": "Development",
              "ManagedBy": "Terraform",
              "Name": "hybrid-cloud-school-loki-logs",
              "Owner": "Ernie",
              "Project": "Hybrid-Cloud-School"
            }
          },
          "sensitive_attributes": [],
          "identity_schema_version": 0,
          "private": "bnVsbA=="
        }
      ]
    },
    {
      "mode": "managed",
      "type": "aws_cloudwatch_log_group",
      "name": "prometheus",
      "provider": "provider[\"registry.terraform.io/hashicorp/aws\"]",
      "instances": [
        {
          "schema_version": 0,
          "attributes": {
            "arn": "arn:aws:logs:eu-west-1:554000693784:log-group:/ecs/hybrid-cloud-school/prometheus",
            "id": "/ecs/hybrid-cloud-school/prometheus",
            "kms_key_id": "",
            "log_group_class": "STANDARD",
            "name": "/ecs/hybrid-cloud-school/prometheus",
            "name_prefix": "",
            "retention_in_days": 7,
            "skip_destroy": false,
            "tags": {
              "Name": "hybrid-cloud-school-prometheus-logs"
            },
            "tags_all": {
              "Environment": "Development",
              "ManagedBy": "Terraform",
              "Name": "hybrid-cloud-school-prometheus-logs",
              "Owner": "Ernie",
              "Project": "Hybrid-Cloud-School"
            }
          },
          "sensitive_attributes": [],
          "identity_schema_version": 0,
          "private": "bnVsbA=="
        }
      ]
    },
    {
      "mode": "managed",
      "type": "aws_cloudwatch_log_group",
      "name": "vpc_flow_logs",
      "provider": "provider[\"registry.terraform.io/hashicorp/aws\"]",
      "instances": [
        {
          "index_key": 0,
          "schema_version": 0,
          "attributes": {
            "arn": "arn:aws:logs:eu-west-1:554000693784:log-group:/aws/vpc/hybrid-cloud-school-flow-logs",
            "id": "/aws/vpc/hybrid-cloud-school-flow-logs",
            "kms_key_id": "",
            "log_group_class": "STANDARD",
            "name": "/aws/vpc/hybrid-cloud-school-flow-logs",
            "name_prefix": "",
            "retention_in_days": 7,
            "skip_destroy": false,
            "tags": {
              "Environment": "dev",
              "Name": "hybrid-cloud-school-vpc-flow-logs"
            },
            "tags_all": {
              "Environment": "dev",
              "ManagedBy": "Terraform",
              "Name": "hybrid-cloud-school-vpc-flow-logs",
              "Owner": "Ernie",
              "Project": "Hybrid-Cloud-School"
            }
          },
          "sensitive_attributes": [],
          "identity_schema_version": 0,
          "private": "bnVsbA=="
        }
      ]
    },
    {
      "mode": "managed",
      "type": "aws_customer_gateway",
      "name": "main",
      "provider": "provider[\"registry.terraform.io/hashicorp/aws\"]",
      "instances": [
        {
          "schema_version": 0,
          "attributes": {
            "arn": "arn:aws:ec2:eu-west-1:554000693784:customer-gateway/cgw-066a5e27bf6b610a1",
            "bgp_asn": "65000",
            "bgp_asn_extended": "",
            "certificate_arn": "",
            "device_name": "",
            "id": "cgw-066a5e27bf6b610a1",
            "ip_address": "144.178.197.106",
            "tags": {
              "Name": "hybrid-cloud-school-customer-gateway",
              "description": "Door to on prem"
            },
            "tags_all": {
              "Environment": "Development",
              "ManagedBy": "Terraform",
              "Name": "hybrid-cloud-school-customer-gateway",
              "Owner": "Ernie",
              "Project": "Hybrid-Cloud-School",
              "description": "Door to on prem"
            },
            "type": "ipsec.1"
          },
          "sensitive_attributes": [],
          "identity_schema_version": 0,
          "private": "bnVsbA=="
        }
      ]
    },
    {
      "mode": "managed",
      "type": "aws_db_subnet_group",
      "name": "main",
      "provider": "provider[\"registry.terraform.io/hashicorp/aws\"]",
      "instances": [
        {
          "schema_version": 0,
          "attributes": {
            "arn": "arn:aws:rds:eu-west-1:554000693784:subgrp:hybrid-cloud-school-db-subnet-group",
            "description": "Managed by Terraform",
            "id": "hybrid-cloud-school-db-subnet-group",
            "name": "hybrid-cloud-school-db-subnet-group",
            "name_prefix": "",
            "subnet_ids": [
              "subnet-0512ca628d4a64a11",
              "subnet-07ad308ef057a4e1f"
            ],
            "supported_network_types": [
              "IPV4"
            ],
            "tags": {
              "Environment": "dev",
              "Name": "hybrid-cloud-school-db-subnet-group"
            },
            "tags_all": {
              "Environment": "dev",
              "ManagedBy": "Terraform",
              "Name": "hybrid-cloud-school-db-subnet-group",
              "Owner": "Ernie",
              "Project": "Hybrid-Cloud-School"
            },
            "vpc_id": "vpc-0c1e8480f4384da42"
          },
          "sensitive_attributes": [],
          "identity_schema_version": 0,
          "private": "bnVsbA==",
          "dependencies": [
            "aws_subnet.database",
            "aws_vpc.main",
            "data.aws_availability_zones.available"
          ]
        }
      ]
    },
    {
      "mode": "managed",
      "type": "aws_ebs_volume",
      "name": "monitoring_data",
      "provider": "provider[\"registry.terraform.io/hashicorp/aws\"]",
      "instances": [
        {
          "schema_version": 0,
          "attributes": {
            "arn": "arn:aws:ec2:eu-west-1:554000693784:volume/vol-0e21fb4a94dc22f3e",
            "availability_zone": "eu-west-1a",
            "create_time": "2025-11-14T23:03:52Z",
            "encrypted": true,
            "final_snapshot": false,
            "id": "vol-0e21fb4a94dc22f3e",
            "iops": 3000,
            "kms_key_id": "arn:aws:kms:eu-west-1:554000693784:key/bf5e0598-3d3f-4cb8-8980-ad538abac223",
            "multi_attach_enabled": false,
            "outpost_arn": "",
            "size": 50,
            "snapshot_id": "",
            "tags": {
              "Name": "hybrid-cloud-school-monitoring-data"
            },
            "tags_all": {
              "Environment": "Development",
              "ManagedBy": "Terraform",
              "Name": "hybrid-cloud-school-monitoring-data",
              "Owner": "Ernie",
              "Project": "Hybrid-Cloud-School"
            },
            "throughput": 125,
            "timeouts": null,
            "type": "gp3"
          },
          "sensitive_attributes": [],
          "identity_schema_version": 0,
          "private": "eyJlMmJmYjczMC1lY2FhLTExZTYtOGY4OC0zNDM2M2JjN2M0YzAiOnsiY3JlYXRlIjozMDAwMDAwMDAwMDAsImRlbGV0ZSI6NjAwMDAwMDAwMDAwLCJ1cGRhdGUiOjMwMDAwMDAwMDAwMH19"
        }
      ]
    },
    {
      "mode": "managed",
      "type": "aws_ecs_cluster",
      "name": "main",
      "provider": "provider[\"registry.terraform.io/hashicorp/aws\"]",
      "instances": [
        {
          "schema_version": 0,
          "attributes": {
            "arn": "arn:aws:ecs:eu-west-1:554000693784:cluster/hybrid-cloud-school-cluster",
            "configuration": [],
            "id": "arn:aws:ecs:eu-west-1:554000693784:cluster/hybrid-cloud-school-cluster",
            "name": "hybrid-cloud-school-cluster",
            "service_connect_defaults": [],
            "setting": [
              {
                "name": "containerInsights",
                "value": "enabled"
              }
            ],
            "tags": {
              "Name": "hybrid-cloud-school-ecs-cluster",
              "Requirement": "REQ-NCA-P2-01_REQ-NCA-P2-07"
            },
            "tags_all": {
              "Environment": "Development",
              "ManagedBy": "Terraform",
              "Name": "hybrid-cloud-school-ecs-cluster",
              "Owner": "Ernie",
              "Project": "Hybrid-Cloud-School",
              "Requirement": "REQ-NCA-P2-01_REQ-NCA-P2-07"
            }
          },
          "sensitive_attributes": [],
          "identity_schema_version": 0,
          "private": "bnVsbA=="
        }
      ]
    },
    {
      "mode": "managed",
      "type": "aws_ecs_service",
      "name": "app",
      "provider": "provider[\"registry.terraform.io/hashicorp/aws\"]",
      "instances": [
        {
          "schema_version": 1,
          "attributes": {
            "alarms": [],
            "availability_zone_rebalancing": "DISABLED",
            "capacity_provider_strategy": [],
            "cluster": "arn:aws:ecs:eu-west-1:554000693784:cluster/hybrid-cloud-school-cluster",
            "deployment_circuit_breaker": [
              {
                "enable": false,
                "rollback": false
              }
            ],
            "deployment_controller": [
              {
                "type": "ECS"
              }
            ],
            "deployment_maximum_percent": 200,
            "deployment_minimum_healthy_percent": 100,
            "desired_count": 2,
            "enable_ecs_managed_tags": false,
            "enable_execute_command": false,
            "force_delete": null,
            "force_new_deployment": null,
            "health_check_grace_period_seconds": 0,
            "iam_role": "/aws-service-role/ecs.amazonaws.com/AWSServiceRoleForECS",
            "id": "arn:aws:ecs:eu-west-1:554000693784:service/hybrid-cloud-school-cluster/hybrid-cloud-school-app-service",
            "launch_type": "FARGATE",
            "load_balancer": [
              {
                "container_name": "app",
                "container_port": 80,
                "elb_name": "",
                "target_group_arn": "arn:aws:elasticloadbalancing:eu-west-1:554000693784:targetgroup/hybrid-cloud-school-app-tg/93eaa642912b8dba"
              }
            ],
            "name": "hybrid-cloud-school-app-service",
            "network_configuration": [
              {
                "assign_public_ip": false,
                "security_groups": [
                  "sg-08642b8a217ed6d7f"
                ],
                "subnets": [
                  "subnet-05dfebfedd1946f87",
                  "subnet-0b1b03cc40f2c5bfd"
                ]
              }
            ],
            "ordered_placement_strategy": [],
            "placement_constraints": [],
            "platform_version": "LATEST",
            "propagate_tags": "NONE",
            "scheduling_strategy": "REPLICA",
            "service_connect_configuration": [],
            "service_registries": [],
            "tags": {
              "Name": "hybrid-cloud-school-app-service",
              "Requirement": "REQ-NCA-P2-01"
            },
            "tags_all": {
              "Environment": "Development",
              "ManagedBy": "Terraform",
              "Name": "hybrid-cloud-school-app-service",
              "Owner": "Ernie",
              "Project": "Hybrid-Cloud-School",
              "Requirement": "REQ-NCA-P2-01"
            },
            "task_definition": "arn:aws:ecs:eu-west-1:554000693784:task-definition/hybrid-cloud-school-app:2",
            "timeouts": null,
            "triggers": {},
            "volume_configuration": [],
            "vpc_lattice_configurations": [],
            "wait_for_steady_state": false
          },
          "sensitive_attributes": [],
          "identity_schema_version": 0,
          "private": "eyJlMmJmYjczMC1lY2FhLTExZTYtOGY4OC0zNDM2M2JjN2M0YzAiOnsiY3JlYXRlIjoxMjAwMDAwMDAwMDAwLCJkZWxldGUiOjEyMDAwMDAwMDAwMDAsInVwZGF0ZSI6MTIwMDAwMDAwMDAwMH0sInNjaGVtYV92ZXJzaW9uIjoiMSJ9",
          "dependencies": [
            "aws_cloudwatch_log_group.ecs",
            "aws_ecs_cluster.main",
            "aws_ecs_task_definition.app",
            "aws_iam_role.ecs_execution",
            "aws_iam_role.ecs_task",
            "aws_iam_role_policy_attachment.ecs_execution",
            "aws_lb.main",
            "aws_lb_listener.http",
            "aws_lb_target_group.app",
            "aws_route53_zone.private",
            "aws_security_group.admin",
            "aws_security_group.app",
            "aws_security_group.vpn_access",
            "aws_security_group.web",
            "aws_subnet.private",
            "aws_subnet.public",
            "aws_vpc.main",
            "data.aws_availability_zones.available"
          ]
        }
      ]
    },
    {
      "mode": "managed",
      "type": "aws_ecs_service",
      "name": "grafana",
      "provider": "provider[\"registry.terraform.io/hashicorp/aws\"]",
      "instances": [
        {
          "schema_version": 1,
          "attributes": {
            "alarms": [],
            "availability_zone_rebalancing": "DISABLED",
            "capacity_provider_strategy": [],
            "cluster": "arn:aws:ecs:eu-west-1:554000693784:cluster/hybrid-cloud-school-cluster",
            "deployment_circuit_breaker": [
              {
                "enable": false,
                "rollback": false
              }
            ],
            "deployment_controller": [
              {
                "type": "ECS"
              }
            ],
            "deployment_maximum_percent": 200,
            "deployment_minimum_healthy_percent": 100,
            "desired_count": 1,
            "enable_ecs_managed_tags": false,
            "enable_execute_command": false,
            "force_delete": null,
            "force_new_deployment": null,
            "health_check_grace_period_seconds": 0,
            "iam_role": "/aws-service-role/ecs.amazonaws.com/AWSServiceRoleForECS",
            "id": "arn:aws:ecs:eu-west-1:554000693784:service/hybrid-cloud-school-cluster/hybrid-cloud-school-grafana",
            "launch_type": "FARGATE",
            "load_balancer": [
              {
                "container_name": "grafana",
                "container_port": 3000,
                "elb_name": "",
                "target_group_arn": "arn:aws:elasticloadbalancing:eu-west-1:554000693784:targetgroup/hybrid-cloud-school-grafana-tg/7c089cf62694385f"
              }
            ],
            "name": "hybrid-cloud-school-grafana",
            "network_configuration": [
              {
                "assign_public_ip": false,
                "security_groups": [
                  "sg-073c745d6e6e1822a"
                ],
                "subnets": [
                  "subnet-0b3b581c2836237c5",
                  "subnet-0f08e4736c5da6b46"
                ]
              }
            ],
            "ordered_placement_strategy": [],
            "placement_constraints": [],
            "platform_version": "LATEST",
            "propagate_tags": "NONE",
            "scheduling_strategy": "REPLICA",
            "service_connect_configuration": [],
            "service_registries": [
              {
                "container_name": "",
                "container_port": 0,
                "port": 0,
                "registry_arn": "arn:aws:servicediscovery:eu-west-1:554000693784:service/srv-4oseycw5225s6idy"
              }
            ],
            "tags": {
              "Name": "hybrid-cloud-school-grafana-service",
              "Requirement": "REQ-NCA-P2-05"
            },
            "tags_all": {
              "Environment": "Development",
              "ManagedBy": "Terraform",
              "Name": "hybrid-cloud-school-grafana-service",
              "Owner": "Ernie",
              "Project": "Hybrid-Cloud-School",
              "Requirement": "REQ-NCA-P2-05"
            },
            "task_definition": "arn:aws:ecs:eu-west-1:554000693784:task-definition/hybrid-cloud-school-grafana:1",
            "timeouts": null,
            "triggers": {},
            "volume_configuration": [],
            "vpc_lattice_configurations": [],
            "wait_for_steady_state": false
          },
          "sensitive_attributes": [],
          "identity_schema_version": 0,
          "private": "eyJlMmJmYjczMC1lY2FhLTExZTYtOGY4OC0zNDM2M2JjN2M0YzAiOnsiY3JlYXRlIjoxMjAwMDAwMDAwMDAwLCJkZWxldGUiOjEyMDAwMDAwMDAwMDAsInVwZGF0ZSI6MTIwMDAwMDAwMDAwMH0sInNjaGVtYV92ZXJzaW9uIjoiMSJ9",
          "dependencies": [
            "aws_cloudwatch_log_group.grafana",
            "aws_ecs_cluster.main",
            "aws_ecs_task_definition.grafana",
            "aws_efs_access_point.grafana_data",
            "aws_efs_file_system.monitoring",
            "aws_iam_role.ecs_execution",
            "aws_iam_role.grafana_task",
            "aws_lb.grafana",
            "aws_lb_listener.grafana",
            "aws_lb_target_group.grafana",
            "aws_route53_zone.private",
            "aws_security_group.admin",
            "aws_security_group.app",
            "aws_security_group.monitoring",
            "aws_security_group.vpn_access",
            "aws_security_group.web",
            "aws_service_discovery_private_dns_namespace.monitoring",
            "aws_service_discovery_service.grafana",
            "aws_subnet.private",
            "aws_subnet.public",
            "aws_vpc.main",
            "data.aws_availability_zones.available"
          ]
        }
      ]
    },
    {
      "mode": "managed",
      "type": "aws_ecs_service",
      "name": "loki",
      "provider": "provider[\"registry.terraform.io/hashicorp/aws\"]",
      "instances": [
        {
          "schema_version": 1,
          "attributes": {
            "alarms": [],
            "availability_zone_rebalancing": "DISABLED",
            "capacity_provider_strategy": [],
            "cluster": "arn:aws:ecs:eu-west-1:554000693784:cluster/hybrid-cloud-school-cluster",
            "deployment_circuit_breaker": [
              {
                "enable": false,
                "rollback": false
              }
            ],
            "deployment_controller": [
              {
                "type": "ECS"
              }
            ],
            "deployment_maximum_percent": 200,
            "deployment_minimum_healthy_percent": 100,
            "desired_count": 1,
            "enable_ecs_managed_tags": false,
            "enable_execute_command": false,
            "force_delete": null,
            "force_new_deployment": null,
            "health_check_grace_period_seconds": 0,
            "iam_role": "/aws-service-role/ecs.amazonaws.com/AWSServiceRoleForECS",
            "id": "arn:aws:ecs:eu-west-1:554000693784:service/hybrid-cloud-school-cluster/hybrid-cloud-school-loki",
            "launch_type": "FARGATE",
            "load_balancer": [],
            "name": "hybrid-cloud-school-loki",
            "network_configuration": [
              {
                "assign_public_ip": false,
                "security_groups": [
                  "sg-073c745d6e6e1822a"
                ],
                "subnets": [
                  "subnet-05dfebfedd1946f87",
                  "subnet-0b1b03cc40f2c5bfd"
                ]
              }
            ],
            "ordered_placement_strategy": [],
            "placement_constraints": [],
            "platform_version": "LATEST",
            "propagate_tags": "NONE",
            "scheduling_strategy": "REPLICA",
            "service_connect_configuration": [],
            "service_registries": [
              {
                "container_name": "",
                "container_port": 0,
                "port": 0,
                "registry_arn": "arn:aws:servicediscovery:eu-west-1:554000693784:service/srv-7hlz2vjd247bk6zh"
              }
            ],
            "tags": {
              "Name": "hybrid-cloud-school-loki-service",
              "Requirement": "REQ-NCA-P2-05"
            },
            "tags_all": {
              "Environment": "Development",
              "ManagedBy": "Terraform",
              "Name": "hybrid-cloud-school-loki-service",
              "Owner": "Ernie",
              "Project": "Hybrid-Cloud-School",
              "Requirement": "REQ-NCA-P2-05"
            },
            "task_definition": "arn:aws:ecs:eu-west-1:554000693784:task-definition/hybrid-cloud-school-loki:1",
            "timeouts": null,
            "triggers": {},
            "volume_configuration": [],
            "vpc_lattice_configurations": [],
            "wait_for_steady_state": false
          },
          "sensitive_attributes": [],
          "identity_schema_version": 0,
          "private": "eyJlMmJmYjczMC1lY2FhLTExZTYtOGY4OC0zNDM2M2JjN2M0YzAiOnsiY3JlYXRlIjoxMjAwMDAwMDAwMDAwLCJkZWxldGUiOjEyMDAwMDAwMDAwMDAsInVwZGF0ZSI6MTIwMDAwMDAwMDAwMH0sInNjaGVtYV92ZXJzaW9uIjoiMSJ9",
          "dependencies": [
            "aws_cloudwatch_log_group.loki",
            "aws_ecs_cluster.main",
            "aws_ecs_task_definition.loki",
            "aws_efs_access_point.loki_config",
            "aws_efs_file_system.monitoring",
            "aws_iam_role.ecs_execution",
            "aws_iam_role.loki_task",
            "aws_security_group.admin",
            "aws_security_group.app",
            "aws_security_group.monitoring",
            "aws_security_group.vpn_access",
            "aws_security_group.web",
            "aws_service_discovery_private_dns_namespace.monitoring",
            "aws_service_discovery_service.loki",
            "aws_subnet.private",
            "aws_vpc.main",
            "data.aws_availability_zones.available"
          ]
        }
      ]
    },
    {
      "mode": "managed",
      "type": "aws_ecs_service",
      "name": "prometheus",
      "provider": "provider[\"registry.terraform.io/hashicorp/aws\"]",
      "instances": [
        {
          "schema_version": 1,
          "attributes": {
            "alarms": [],
            "availability_zone_rebalancing": "DISABLED",
            "capacity_provider_strategy": [],
            "cluster": "arn:aws:ecs:eu-west-1:554000693784:cluster/hybrid-cloud-school-cluster",
            "deployment_circuit_breaker": [
              {
                "enable": false,
                "rollback": false
              }
            ],
            "deployment_controller": [
              {
                "type": "ECS"
              }
            ],
            "deployment_maximum_percent": 200,
            "deployment_minimum_healthy_percent": 100,
            "desired_count": 1,
            "enable_ecs_managed_tags": false,
            "enable_execute_command": false,
            "force_delete": null,
            "force_new_deployment": null,
            "health_check_grace_period_seconds": 0,
            "iam_role": "/aws-service-role/ecs.amazonaws.com/AWSServiceRoleForECS",
            "id": "arn:aws:ecs:eu-west-1:554000693784:service/hybrid-cloud-school-cluster/hybrid-cloud-school-prometheus",
            "launch_type": "FARGATE",
            "load_balancer": [],
            "name": "hybrid-cloud-school-prometheus",
            "network_configuration": [
              {
                "assign_public_ip": false,
                "security_groups": [
                  "sg-073c745d6e6e1822a"
                ],
                "subnets": [
                  "subnet-05dfebfedd1946f87",
                  "subnet-0b1b03cc40f2c5bfd"
                ]
              }
            ],
            "ordered_placement_strategy": [],
            "placement_constraints": [],
            "platform_version": "LATEST",
            "propagate_tags": "NONE",
            "scheduling_strategy": "REPLICA",
            "service_connect_configuration": [],
            "service_registries": [
              {
                "container_name": "",
                "container_port": 0,
                "port": 0,
                "registry_arn": "arn:aws:servicediscovery:eu-west-1:554000693784:service/srv-toornxz2m2ak2vgp"
              }
            ],
            "tags": {
              "Name": "hybrid-cloud-school-prometheus-service",
              "Requirement": "REQ-NCA-P2-05"
            },
            "tags_all": {
              "Environment": "Development",
              "ManagedBy": "Terraform",
              "Name": "hybrid-cloud-school-prometheus-service",
              "Owner": "Ernie",
              "Project": "Hybrid-Cloud-School",
              "Requirement": "REQ-NCA-P2-05"
            },
            "task_definition": "arn:aws:ecs:eu-west-1:554000693784:task-definition/hybrid-cloud-school-prometheus:1",
            "timeouts": null,
            "triggers": {},
            "volume_configuration": [],
            "vpc_lattice_configurations": [],
            "wait_for_steady_state": false
          },
          "sensitive_attributes": [],
          "identity_schema_version": 0,
          "private": "eyJlMmJmYjczMC1lY2FhLTExZTYtOGY4OC0zNDM2M2JjN2M0YzAiOnsiY3JlYXRlIjoxMjAwMDAwMDAwMDAwLCJkZWxldGUiOjEyMDAwMDAwMDAwMDAsInVwZGF0ZSI6MTIwMDAwMDAwMDAwMH0sInNjaGVtYV92ZXJzaW9uIjoiMSJ9",
          "dependencies": [
            "aws_cloudwatch_log_group.prometheus",
            "aws_ecs_cluster.main",
            "aws_ecs_task_definition.prometheus",
            "aws_efs_access_point.prometheus_config",
            "aws_efs_file_system.monitoring",
            "aws_iam_role.ecs_execution",
            "aws_iam_role.prometheus_task",
            "aws_security_group.admin",
            "aws_security_group.app",
            "aws_security_group.monitoring",
            "aws_security_group.vpn_access",
            "aws_security_group.web",
            "aws_service_discovery_private_dns_namespace.monitoring",
            "aws_service_discovery_service.prometheus",
            "aws_subnet.private",
            "aws_vpc.main",
            "data.aws_availability_zones.available"
          ]
        }
      ]
    },
    {
      "mode": "managed",
      "type": "aws_ecs_task_definition",
      "name": "app",
      "provider": "provider[\"registry.terraform.io/hashicorp/aws\"]",
      "instances": [
        {
          "schema_version": 1,
          "attributes": {
            "arn": "arn:aws:ecs:eu-west-1:554000693784:task-definition/hybrid-cloud-school-app:2",
            "arn_without_revision": "arn:aws:ecs:eu-west-1:554000693784:task-definition/hybrid-cloud-school-app",
            "container_definitions": "[{\"environment\":[{\"name\":\"DB_HOST\",\"value\":\"database.hybrid-cloud-school.internal\"},{\"name\":\"ENVIRONMENT\",\"value\":\"dev\"}],\"essential\":true,\"healthCheck\":{\"command\":[\"CMD-SHELL\",\"curl -f http://localhost/health || exit 1\"],\"interval\":30,\"retries\":3,\"timeout\":5},\"image\":\"nginx:latest\",\"logConfiguration\":{\"logDriver\":\"awslogs\",\"options\":{\"awslogs-group\":\"/ecs/hybrid-cloud-school\",\"awslogs-region\":\"eu-west-1\",\"awslogs-stream-prefix\":\"app\"}},\"mountPoints\":[],\"name\":\"app\",\"portMappings\":[{\"containerPort\":80,\"hostPort\":80,\"protocol\":\"tcp\"}],\"systemControls\":[],\"volumesFrom\":[]}]",
            "cpu": "256",
            "enable_fault_injection": false,
            "ephemeral_storage": [],
            "execution_role_arn": "arn:aws:iam::554000693784:role/hybrid-cloud-school-ecs-execution-role",
            "family": "hybrid-cloud-school-app",
            "id": "hybrid-cloud-school-app",
            "inference_accelerator": [],
            "ipc_mode": "",
            "memory": "512",
            "network_mode": "awsvpc",
            "pid_mode": "",
            "placement_constraints": [],
            "proxy_configuration": [],
            "requires_compatibilities": [
              "FARGATE"
            ],
            "revision": 2,
            "runtime_platform": [],
            "skip_destroy": false,
            "tags": {
              "Name": "hybrid-cloud-school-app-task"
            },
            "tags_all": {
              "Environment": "Development",
              "ManagedBy": "Terraform",
              "Name": "hybrid-cloud-school-app-task",
              "Owner": "Ernie",
              "Project": "Hybrid-Cloud-School"
            },
            "task_role_arn": "arn:aws:iam::554000693784:role/hybrid-cloud-school-ecs-task-role",
            "track_latest": false,
            "volume": []
          },
          "sensitive_attributes": [],
          "identity_schema_version": 0,
          "private": "eyJzY2hlbWFfdmVyc2lvbiI6IjEifQ==",
          "dependencies": [
            "aws_cloudwatch_log_group.ecs",
            "aws_iam_role.ecs_execution",
            "aws_iam_role.ecs_task",
            "aws_route53_zone.private",
            "aws_vpc.main"
          ]
        }
      ]
    },
    {
      "mode": "managed",
      "type": "aws_ecs_task_definition",
      "name": "grafana",
      "provider": "provider[\"registry.terraform.io/hashicorp/aws\"]",
      "instances": [
        {
          "schema_version": 1,
          "attributes": {
            "arn": "arn:aws:ecs:eu-west-1:554000693784:task-definition/hybrid-cloud-school-grafana:1",
            "arn_without_revision": "arn:aws:ecs:eu-west-1:554000693784:task-definition/hybrid-cloud-school-grafana",
            "container_definitions": "[{\"environment\":[{\"name\":\"GF_ANALYTICS_CHECK_FOR_UPDATES\",\"value\":\"false\"},{\"name\":\"GF_ANALYTICS_REPORTING_ENABLED\",\"value\":\"false\"},{\"name\":\"GF_AUTH_ANONYMOUS_ENABLED\",\"value\":\"false\"},{\"name\":\"GF_INSTALL_PLUGINS\",\"value\":\"grafana-clock-panel,grafana-simple-json-datasource,grafana-piechart-panel\"},{\"name\":\"GF_SECURITY_ADMIN_PASSWORD\",\"value\":\"B@ker1234\"},{\"name\":\"GF_SECURITY_ADMIN_USER\",\"value\":\"admin\"},{\"name\":\"GF_SERVER_ROOT_URL\",\"value\":\"http://grafana.hybrid-cloud-school.internal:3000\"}],\"essential\":true,\"healthCheck\":{\"command\":[\"CMD-SHELL\",\"wget -q --spider http://localhost:3000/api/health || exit 1\"],\"interval\":30,\"retries\":3,\"timeout\":5},\"image\":\"grafana/grafana:latest\",\"logConfiguration\":{\"logDriver\":\"awslogs\",\"options\":{\"awslogs-stream-prefix\":\"grafana\",\"awslogs-group\":\"/ecs/hybrid-cloud-school/grafana\",\"awslogs-region\":\"eu-west-1\"}},\"mountPoints\":[{\"containerPath\":\"/var/lib/grafana\",\"readOnly\":false,\"sourceVolume\":\"grafana-data\"}],\"name\":\"grafana\",\"portMappings\":[{\"containerPort\":3000,\"hostPort\":3000,\"protocol\":\"tcp\"}],\"systemControls\":[],\"volumesFrom\":[]}]",
            "cpu": "512",
            "enable_fault_injection": false,
            "ephemeral_storage": [],
            "execution_role_arn": "arn:aws:iam::554000693784:role/hybrid-cloud-school-ecs-execution-role",
            "family": "hybrid-cloud-school-grafana",
            "id": "hybrid-cloud-school-grafana",
            "inference_accelerator": [],
            "ipc_mode": "",
            "memory": "1024",
            "network_mode": "awsvpc",
            "pid_mode": "",
            "placement_constraints": [],
            "proxy_configuration": [],
            "requires_compatibilities": [
              "FARGATE"
            ],
            "revision": 1,
            "runtime_platform": [],
            "skip_destroy": false,
            "tags": {
              "Name": "hybrid-cloud-school-grafana-task",
              "Requirement": "REQ-NCA-P2-05_REQ-NCA-P2-08"
            },
            "tags_all": {
              "Environment": "Development",
              "ManagedBy": "Terraform",
              "Name": "hybrid-cloud-school-grafana-task",
              "Owner": "Ernie",
              "Project": "Hybrid-Cloud-School",
              "Requirement": "REQ-NCA-P2-05_REQ-NCA-P2-08"
            },
            "task_role_arn": "arn:aws:iam::554000693784:role/hybrid-cloud-school-grafana-task-role",
            "track_latest": false,
            "volume": [
              {
                "configure_at_launch": false,
                "docker_volume_configuration": [],
                "efs_volume_configuration": [
                  {
                    "authorization_config": [
                      {
                        "access_point_id": "fsap-0d1de7c7c0119a993",
                        "iam": ""
                      }
                    ],
                    "file_system_id": "fs-0fd1b5915a85477cc",
                    "root_directory": "/",
                    "transit_encryption": "ENABLED",
                    "transit_encryption_port": 0
                  }
                ],
                "fsx_windows_file_server_volume_configuration": [],
                "host_path": "",
                "name": "grafana-data"
              }
            ]
          },
          "sensitive_attributes": [
            [
              {
                "type": "get_attr",
                "value": "container_definitions"
              }
            ]
          ],
          "identity_schema_version": 0,
          "private": "eyJzY2hlbWFfdmVyc2lvbiI6IjEifQ==",
          "dependencies": [
            "aws_cloudwatch_log_group.grafana",
            "aws_efs_access_point.grafana_data",
            "aws_efs_file_system.monitoring",
            "aws_iam_role.ecs_execution",
            "aws_iam_role.grafana_task",
            "aws_route53_zone.private",
            "aws_vpc.main"
          ]
        }
      ]
    },
    {
      "mode": "managed",
      "type": "aws_ecs_task_definition",
      "name": "loki",
      "provider": "provider[\"registry.terraform.io/hashicorp/aws\"]",
      "instances": [
        {
          "schema_version": 1,
          "attributes": {
            "arn": "arn:aws:ecs:eu-west-1:554000693784:task-definition/hybrid-cloud-school-loki:1",
            "arn_without_revision": "arn:aws:ecs:eu-west-1:554000693784:task-definition/hybrid-cloud-school-loki",
            "container_definitions": "[{\"command\":[\"-config.file=/etc/loki/local-config.yaml\"],\"environment\":[{\"name\":\"ENVIRONMENT\",\"value\":\"dev\"}],\"essential\":true,\"healthCheck\":{\"command\":[\"CMD-SHELL\",\"wget -q --spider http://localhost:3100/ready || exit 1\"],\"interval\":30,\"retries\":3,\"timeout\":5},\"image\":\"grafana/loki:latest\",\"logConfiguration\":{\"logDriver\":\"awslogs\",\"options\":{\"awslogs-group\":\"/ecs/hybrid-cloud-school/loki\",\"awslogs-region\":\"eu-west-1\",\"awslogs-stream-prefix\":\"loki\"}},\"mountPoints\":[{\"containerPath\":\"/etc/loki\",\"readOnly\":true,\"sourceVolume\":\"loki-config\"}],\"name\":\"loki\",\"portMappings\":[{\"containerPort\":3100,\"hostPort\":3100,\"protocol\":\"tcp\"}],\"systemControls\":[],\"volumesFrom\":[]}]",
            "cpu": "512",
            "enable_fault_injection": false,
            "ephemeral_storage": [],
            "execution_role_arn": "arn:aws:iam::554000693784:role/hybrid-cloud-school-ecs-execution-role",
            "family": "hybrid-cloud-school-loki",
            "id": "hybrid-cloud-school-loki",
            "inference_accelerator": [],
            "ipc_mode": "",
            "memory": "1024",
            "network_mode": "awsvpc",
            "pid_mode": "",
            "placement_constraints": [],
            "proxy_configuration": [],
            "requires_compatibilities": [
              "FARGATE"
            ],
            "revision": 1,
            "runtime_platform": [],
            "skip_destroy": false,
            "tags": {
              "Name": "hybrid-cloud-school-loki-task",
              "Requirement": "REQ-NCA-P2-05_REQ-NCA-P2-09"
            },
            "tags_all": {
              "Environment": "Development",
              "ManagedBy": "Terraform",
              "Name": "hybrid-cloud-school-loki-task",
              "Owner": "Ernie",
              "Project": "Hybrid-Cloud-School",
              "Requirement": "REQ-NCA-P2-05_REQ-NCA-P2-09"
            },
            "task_role_arn": "arn:aws:iam::554000693784:role/hybrid-cloud-school-loki-task-role",
            "track_latest": false,
            "volume": [
              {
                "configure_at_launch": false,
                "docker_volume_configuration": [],
                "efs_volume_configuration": [
                  {
                    "authorization_config": [
                      {
                        "access_point_id": "fsap-03a30262fa33051e7",
                        "iam": ""
                      }
                    ],
                    "file_system_id": "fs-0fd1b5915a85477cc",
                    "root_directory": "/",
                    "transit_encryption": "ENABLED",
                    "transit_encryption_port": 0
                  }
                ],
                "fsx_windows_file_server_volume_configuration": [],
                "host_path": "",
                "name": "loki-config"
              }
            ]
          },
          "sensitive_attributes": [],
          "identity_schema_version": 0,
          "private": "eyJzY2hlbWFfdmVyc2lvbiI6IjEifQ==",
          "dependencies": [
            "aws_cloudwatch_log_group.loki",
            "aws_efs_access_point.loki_config",
            "aws_efs_file_system.monitoring",
            "aws_iam_role.ecs_execution",
            "aws_iam_role.loki_task"
          ]
        }
      ]
    },
    {
      "mode": "managed",
      "type": "aws_ecs_task_definition",
      "name": "prometheus",
      "provider": "provider[\"registry.terraform.io/hashicorp/aws\"]",
      "instances": [
        {
          "schema_version": 1,
          "attributes": {
            "arn": "arn:aws:ecs:eu-west-1:554000693784:task-definition/hybrid-cloud-school-prometheus:1",
            "arn_without_revision": "arn:aws:ecs:eu-west-1:554000693784:task-definition/hybrid-cloud-school-prometheus",
            "container_definitions": "[{\"command\":[\"--config.file=/etc/prometheus/prometheus.yml\",\"--storage.tsdb.path=/prometheus\",\"--storage.tsdb.retention.time=15d\",\"--web.console.libraries=/usr/share/prometheus/console_libraries\",\"--web.console.templates=/usr/share/prometheus/consoles\",\"--web.enable-lifecycle\"],\"environment\":[{\"name\":\"ENVIRONMENT\",\"value\":\"dev\"}],\"essential\":true,\"healthCheck\":{\"command\":[\"CMD-SHELL\",\"wget -q --spider http://localhost:9090/-/healthy || exit 1\"],\"interval\":30,\"retries\":3,\"timeout\":5},\"image\":\"prom/prometheus:latest\",\"logConfiguration\":{\"logDriver\":\"awslogs\",\"options\":{\"awslogs-region\":\"eu-west-1\",\"awslogs-stream-prefix\":\"prometheus\",\"awslogs-group\":\"/ecs/hybrid-cloud-school/prometheus\"}},\"mountPoints\":[{\"containerPath\":\"/etc/prometheus\",\"readOnly\":true,\"sourceVolume\":\"prometheus-config\"}],\"name\":\"prometheus\",\"portMappings\":[{\"containerPort\":9090,\"hostPort\":9090,\"protocol\":\"tcp\"}],\"systemControls\":[],\"volumesFrom\":[]}]",
            "cpu": "512",
            "enable_fault_injection": false,
            "ephemeral_storage": [],
            "execution_role_arn": "arn:aws:iam::554000693784:role/hybrid-cloud-school-ecs-execution-role",
            "family": "hybrid-cloud-school-prometheus",
            "id": "hybrid-cloud-school-prometheus",
            "inference_accelerator": [],
            "ipc_mode": "",
            "memory": "1024",
            "network_mode": "awsvpc",
            "pid_mode": "",
            "placement_constraints": [],
            "proxy_configuration": [],
            "requires_compatibilities": [
              "FARGATE"
            ],
            "revision": 1,
            "runtime_platform": [],
            "skip_destroy": false,
            "tags": {
              "Name": "hybrid-cloud-school-prometheus-task",
              "Requirement": "REQ-NCA-P2-05_REQ-NCA-P2-08"
            },
            "tags_all": {
              "Environment": "Development",
              "ManagedBy": "Terraform",
              "Name": "hybrid-cloud-school-prometheus-task",
              "Owner": "Ernie",
              "Project": "Hybrid-Cloud-School",
              "Requirement": "REQ-NCA-P2-05_REQ-NCA-P2-08"
            },
            "task_role_arn": "arn:aws:iam::554000693784:role/hybrid-cloud-school-prometheus-task-role",
            "track_latest": false,
            "volume": [
              {
                "configure_at_launch": false,
                "docker_volume_configuration": [],
                "efs_volume_configuration": [
                  {
                    "authorization_config": [
                      {
                        "access_point_id": "fsap-0e91061c261044e9a",
                        "iam": ""
                      }
                    ],
                    "file_system_id": "fs-0fd1b5915a85477cc",
                    "root_directory": "/",
                    "transit_encryption": "ENABLED",
                    "transit_encryption_port": 0
                  }
                ],
                "fsx_windows_file_server_volume_configuration": [],
                "host_path": "",
                "name": "prometheus-config"
              }
            ]
          },
          "sensitive_attributes": [],
          "identity_schema_version": 0,
          "private": "eyJzY2hlbWFfdmVyc2lvbiI6IjEifQ==",
          "dependencies": [
            "aws_cloudwatch_log_group.prometheus",
            "aws_efs_access_point.prometheus_config",
            "aws_efs_file_system.monitoring",
            "aws_iam_role.ecs_execution",
            "aws_iam_role.prometheus_task"
          ]
        }
      ]
    },
    {
      "mode": "managed",
      "type": "aws_efs_access_point",
      "name": "grafana_data",
      "provider": "provider[\"registry.terraform.io/hashicorp/aws\"]",
      "instances": [
        {
          "schema_version": 0,
          "attributes": {
            "arn": "arn:aws:elasticfilesystem:eu-west-1:554000693784:access-point/fsap-0d1de7c7c0119a993",
            "file_system_arn": "arn:aws:elasticfilesystem:eu-west-1:554000693784:file-system/fs-0fd1b5915a85477cc",
            "file_system_id": "fs-0fd1b5915a85477cc",
            "id": "fsap-0d1de7c7c0119a993",
            "owner_id": "554000693784",
            "posix_user": [],
            "root_directory": [
              {
                "creation_info": [
                  {
                    "owner_gid": 472,
                    "owner_uid": 472,
                    "permissions": "755"
                  }
                ],
                "path": "/grafana"
              }
            ],
            "tags": {
              "Name": "hybrid-cloud-school-grafana-data-ap"
            },
            "tags_all": {
              "Environment": "Development",
              "ManagedBy": "Terraform",
              "Name": "hybrid-cloud-school-grafana-data-ap",
              "Owner": "Ernie",
              "Project": "Hybrid-Cloud-School"
            }
          },
          "sensitive_attributes": [],
          "identity_schema_version": 0,
          "private": "bnVsbA==",
          "dependencies": [
            "aws_efs_file_system.monitoring"
          ]
        }
      ]
    },
    {
      "mode": "managed",
      "type": "aws_efs_access_point",
      "name": "loki_config",
      "provider": "provider[\"registry.terraform.io/hashicorp/aws\"]",
      "instances": [
        {
          "schema_version": 0,
          "attributes": {
            "arn": "arn:aws:elasticfilesystem:eu-west-1:554000693784:access-point/fsap-03a30262fa33051e7",
            "file_system_arn": "arn:aws:elasticfilesystem:eu-west-1:554000693784:file-system/fs-0fd1b5915a85477cc",
            "file_system_id": "fs-0fd1b5915a85477cc",
            "id": "fsap-03a30262fa33051e7",
            "owner_id": "554000693784",
            "posix_user": [],
            "root_directory": [
              {
                "creation_info": [
                  {
                    "owner_gid": 10001,
                    "owner_uid": 10001,
                    "permissions": "755"
                  }
                ],
                "path": "/loki"
              }
            ],
            "tags": {
              "Name": "hybrid-cloud-school-loki-config-ap"
            },
            "tags_all": {
              "Environment": "Development",
              "ManagedBy": "Terraform",
              "Name": "hybrid-cloud-school-loki-config-ap",
              "Owner": "Ernie",
              "Project": "Hybrid-Cloud-School"
            }
          },
          "sensitive_attributes": [],
          "identity_schema_version": 0,
          "private": "bnVsbA==",
          "dependencies": [
            "aws_efs_file_system.monitoring"
          ]
        }
      ]
    },
    {
      "mode": "managed",
      "type": "aws_efs_access_point",
      "name": "prometheus_config",
      "provider": "provider[\"registry.terraform.io/hashicorp/aws\"]",
      "instances": [
        {
          "schema_version": 0,
          "attributes": {
            "arn": "arn:aws:elasticfilesystem:eu-west-1:554000693784:access-point/fsap-0e91061c261044e9a",
            "file_system_arn": "arn:aws:elasticfilesystem:eu-west-1:554000693784:file-system/fs-0fd1b5915a85477cc",
            "file_system_id": "fs-0fd1b5915a85477cc",
            "id": "fsap-0e91061c261044e9a",
            "owner_id": "554000693784",
            "posix_user": [],
            "root_directory": [
              {
                "creation_info": [
                  {
                    "owner_gid": 65534,
                    "owner_uid": 65534,
                    "permissions": "755"
                  }
                ],
                "path": "/monitoring/prometheus"
              }
            ],
            "tags": {
              "Name": "hybrid-cloud-school-prometheus-config-ap"
            },
            "tags_all": {
              "Environment": "Development",
              "ManagedBy": "Terraform",
              "Name": "hybrid-cloud-school-prometheus-config-ap",
              "Owner": "Ernie",
              "Project": "Hybrid-Cloud-School"
            }
          },
          "sensitive_attributes": [],
          "identity_schema_version": 0,
          "private": "bnVsbA==",
          "dependencies": [
            "aws_efs_file_system.monitoring"
          ]
        }
      ]
    },
    {
      "mode": "managed",
      "type": "aws_efs_file_system",
      "name": "monitoring",
      "provider": "provider[\"registry.terraform.io/hashicorp/aws\"]",
      "instances": [
        {
          "schema_version": 0,
          "attributes": {
            "arn": "arn:aws:elasticfilesystem:eu-west-1:554000693784:file-system/fs-0fd1b5915a85477cc",
            "availability_zone_id": "",
            "availability_zone_name": "",
            "creation_token": "hybrid-cloud-school-monitoring-efs",
            "dns_name": "fs-0fd1b5915a85477cc.efs.eu-west-1.amazonaws.com",
            "encrypted": true,
            "id": "fs-0fd1b5915a85477cc",
            "kms_key_id": "arn:aws:kms:eu-west-1:554000693784:key/d678ea2b-e031-44da-a443-d465d39850ff",
            "lifecycle_policy": [
              {
                "transition_to_archive": "",
                "transition_to_ia": "AFTER_30_DAYS",
                "transition_to_primary_storage_class": ""
              }
            ],
            "name": "hybrid-cloud-school-monitoring-efs",
            "number_of_mount_targets": 2,
            "owner_id": "554000693784",
            "performance_mode": "generalPurpose",
            "protection": [
              {
                "replication_overwrite": "ENABLED"
              }
            ],
            "provisioned_throughput_in_mibps": 0,
            "size_in_bytes": [
              {
                "value": 6144,
                "value_in_ia": 0,
                "value_in_standard": 6144
              }
            ],
            "tags": {
              "Name": "hybrid-cloud-school-monitoring-efs"
            },
            "tags_all": {
              "Environment": "Development",
              "ManagedBy": "Terraform",
              "Name": "hybrid-cloud-school-monitoring-efs",
              "Owner": "Ernie",
              "Project": "Hybrid-Cloud-School"
            },
            "throughput_mode": "bursting"
          },
          "sensitive_attributes": [],
          "identity_schema_version": 0,
          "private": "bnVsbA=="
        }
      ]
    },
    {
      "mode": "managed",
      "type": "aws_efs_mount_target",
      "name": "monitoring",
      "provider": "provider[\"registry.terraform.io/hashicorp/aws\"]",
      "instances": [
        {
          "index_key": 0,
          "schema_version": 0,
          "attributes": {
            "availability_zone_id": "euw1-az2",
            "availability_zone_name": "eu-west-1a",
            "dns_name": "fs-0fd1b5915a85477cc.efs.eu-west-1.amazonaws.com",
            "file_system_arn": "arn:aws:elasticfilesystem:eu-west-1:554000693784:file-system/fs-0fd1b5915a85477cc",
            "file_system_id": "fs-0fd1b5915a85477cc",
            "id": "fsmt-07b9a6b1ff6ccb319",
            "ip_address": "10.0.10.38",
            "mount_target_dns_name": "eu-west-1a.fs-0fd1b5915a85477cc.efs.eu-west-1.amazonaws.com",
            "network_interface_id": "eni-0e7851d7ea0dd7d05",
            "owner_id": "554000693784",
            "security_groups": [
              "sg-08d059585ae666348"
            ],
            "subnet_id": "subnet-05dfebfedd1946f87",
            "timeouts": null
          },
          "sensitive_attributes": [],
          "identity_schema_version": 0,
          "private": "eyJlMmJmYjczMC1lY2FhLTExZTYtOGY4OC0zNDM2M2JjN2M0YzAiOnsiY3JlYXRlIjoxODAwMDAwMDAwMDAwLCJkZWxldGUiOjYwMDAwMDAwMDAwMH19",
          "dependencies": [
            "aws_efs_file_system.monitoring",
            "aws_security_group.admin",
            "aws_security_group.app",
            "aws_security_group.efs",
            "aws_security_group.monitoring",
            "aws_security_group.vpn_access",
            "aws_security_group.web",
            "aws_subnet.private",
            "aws_vpc.main",
            "data.aws_availability_zones.available"
          ]
        },
        {
          "index_key": 1,
          "schema_version": 0,
          "attributes": {
            "availability_zone_id": "euw1-az3",
            "availability_zone_name": "eu-west-1b",
            "dns_name": "fs-0fd1b5915a85477cc.efs.eu-west-1.amazonaws.com",
            "file_system_arn": "arn:aws:elasticfilesystem:eu-west-1:554000693784:file-system/fs-0fd1b5915a85477cc",
            "file_system_id": "fs-0fd1b5915a85477cc",
            "id": "fsmt-03774dd7813858e35",
            "ip_address": "10.0.11.34",
            "mount_target_dns_name": "eu-west-1b.fs-0fd1b5915a85477cc.efs.eu-west-1.amazonaws.com",
            "network_interface_id": "eni-0b32f1336321aaa98",
            "owner_id": "554000693784",
            "security_groups": [
              "sg-08d059585ae666348"
            ],
            "subnet_id": "subnet-0b1b03cc40f2c5bfd",
            "timeouts": null
          },
          "sensitive_attributes": [],
          "identity_schema_version": 0,
          "private": "eyJlMmJmYjczMC1lY2FhLTExZTYtOGY4OC0zNDM2M2JjN2M0YzAiOnsiY3JlYXRlIjoxODAwMDAwMDAwMDAwLCJkZWxldGUiOjYwMDAwMDAwMDAwMH19",
          "dependencies": [
            "aws_efs_file_system.monitoring",
            "aws_security_group.admin",
            "aws_security_group.app",
            "aws_security_group.efs",
            "aws_security_group.monitoring",
            "aws_security_group.vpn_access",
            "aws_security_group.web",
            "aws_subnet.private",
            "aws_vpc.main",
            "data.aws_availability_zones.available"
          ]
        }
      ]
    },
    {
      "mode": "managed",
      "type": "aws_eip",
      "name": "nat",
      "provider": "provider[\"registry.terraform.io/hashicorp/aws\"]",
      "instances": [
        {
          "index_key": 0,
          "schema_version": 0,
          "attributes": {
            "address": null,
            "allocation_id": "eipalloc-0c4920568cccb8f84",
            "arn": "arn:aws:ec2:eu-west-1:554000693784:elastic-ip/eipalloc-0c4920568cccb8f84",
            "associate_with_private_ip": null,
            "association_id": "eipassoc-04fbe1d5cf6f24d77",
            "carrier_ip": "",
            "customer_owned_ip": "",
            "customer_owned_ipv4_pool": "",
            "domain": "vpc",
            "id": "eipalloc-0c4920568cccb8f84",
            "instance": "",
            "ipam_pool_id": null,
            "network_border_group": "eu-west-1",
            "network_interface": "eni-0b4ffc5770da825c4",
            "private_dns": "ip-10-0-0-179.eu-west-1.compute.internal",
            "private_ip": "10.0.0.179",
            "ptr_record": "",
            "public_dns": "ec2-54-72-187-100.eu-west-1.compute.amazonaws.com",
            "public_ip": "54.72.187.100",
            "public_ipv4_pool": "amazon",
            "tags": {
              "Environment": "dev",
              "Name": "hybrid-cloud-school-nat-eip-1"
            },
            "tags_all": {
              "Environment": "dev",
              "ManagedBy": "Terraform",
              "Name": "hybrid-cloud-school-nat-eip-1",
              "Owner": "Ernie",
              "Project": "Hybrid-Cloud-School"
            },
            "timeouts": null,
            "vpc": true
          },
          "sensitive_attributes": [],
          "identity_schema_version": 0,
          "private": "eyJlMmJmYjczMC1lY2FhLTExZTYtOGY4OC0zNDM2M2JjN2M0YzAiOnsiZGVsZXRlIjoxODAwMDAwMDAwMDAsInJlYWQiOjkwMDAwMDAwMDAwMCwidXBkYXRlIjozMDAwMDAwMDAwMDB9fQ==",
          "dependencies": [
            "aws_internet_gateway.main",
            "aws_vpc.main"
          ]
        },
        {
          "index_key": 1,
          "schema_version": 0,
          "attributes": {
            "address": null,
            "allocation_id": "eipalloc-032df6d4d093f409f",
            "arn": "arn:aws:ec2:eu-west-1:554000693784:elastic-ip/eipalloc-032df6d4d093f409f",
            "associate_with_private_ip": null,
            "association_id": "eipassoc-0ec365b0723110e29",
            "carrier_ip": "",
            "customer_owned_ip": "",
            "customer_owned_ipv4_pool": "",
            "domain": "vpc",
            "id": "eipalloc-032df6d4d093f409f",
            "instance": "",
            "ipam_pool_id": null,
            "network_border_group": "eu-west-1",
            "network_interface": "eni-0685bc0353c2ea259",
            "private_dns": "ip-10-0-1-181.eu-west-1.compute.internal",
            "private_ip": "10.0.1.181",
            "ptr_record": "",
            "public_dns": "ec2-54-74-86-171.eu-west-1.compute.amazonaws.com",
            "public_ip": "54.74.86.171",
            "public_ipv4_pool": "amazon",
            "tags": {
              "Environment": "dev",
              "Name": "hybrid-cloud-school-nat-eip-2"
            },
            "tags_all": {
              "Environment": "dev",
              "ManagedBy": "Terraform",
              "Name": "hybrid-cloud-school-nat-eip-2",
              "Owner": "Ernie",
              "Project": "Hybrid-Cloud-School"
            },
            "timeouts": null,
            "vpc": true
          },
          "sensitive_attributes": [],
          "identity_schema_version": 0,
          "private": "eyJlMmJmYjczMC1lY2FhLTExZTYtOGY4OC0zNDM2M2JjN2M0YzAiOnsiZGVsZXRlIjoxODAwMDAwMDAwMDAsInJlYWQiOjkwMDAwMDAwMDAwMCwidXBkYXRlIjozMDAwMDAwMDAwMDB9fQ==",
          "dependencies": [
            "aws_internet_gateway.main",
            "aws_vpc.main"
          ]
        }
      ]
    },
    {
      "mode": "managed",
      "type": "aws_flow_log",
      "name": "main",
      "provider": "provider[\"registry.terraform.io/hashicorp/aws\"]",
      "instances": [
        {
          "index_key": 0,
          "schema_version": 0,
          "attributes": {
            "arn": "arn:aws:ec2:eu-west-1:554000693784:vpc-flow-log/fl-0d75e6560c97015ad",
            "deliver_cross_account_role": "",
            "destination_options": [],
            "eni_id": null,
            "iam_role_arn": "arn:aws:iam::554000693784:role/hybrid-cloud-school-vpc-flow-logs-role",
            "id": "fl-0d75e6560c97015ad",
            "log_destination": "arn:aws:logs:eu-west-1:554000693784:log-group:/aws/vpc/hybrid-cloud-school-flow-logs",
            "log_destination_type": "cloud-watch-logs",
            "log_format": "${version} ${account-id} ${interface-id} ${srcaddr} ${dstaddr} ${srcport} ${dstport} ${protocol} ${packets} ${bytes} ${start} ${end} ${action} ${log-status}",
            "log_group_name": "/aws/vpc/hybrid-cloud-school-flow-logs",
            "max_aggregation_interval": 60,
            "subnet_id": null,
            "tags": {
              "Environment": "dev",
              "Name": "hybrid-cloud-school-vpc-flow-logs",
              "Requirement": "REQ-NCA-P2-09"
            },
            "tags_all": {
              "Environment": "dev",
              "ManagedBy": "Terraform",
              "Name": "hybrid-cloud-school-vpc-flow-logs",
              "Owner": "Ernie",
              "Project": "Hybrid-Cloud-School",
              "Requirement": "REQ-NCA-P2-09"
            },
            "traffic_type": "ALL",
            "transit_gateway_attachment_id": null,
            "transit_gateway_id": null,
            "vpc_id": "vpc-0c1e8480f4384da42"
          },
          "sensitive_attributes": [],
          "identity_schema_version": 0,
          "private": "bnVsbA==",
          "dependencies": [
            "aws_cloudwatch_log_group.vpc_flow_logs",
            "aws_iam_role.vpc_flow_logs",
            "aws_vpc.main"
          ]
        }
      ]
    },
    {
      "mode": "managed",
      "type": "aws_iam_instance_profile",
      "name": "monitoring",
      "provider": "provider[\"registry.terraform.io/hashicorp/aws\"]",
      "instances": [
        {
          "schema_version": 0,
          "attributes": {
            "arn": "arn:aws:iam::554000693784:instance-profile/hybrid-cloud-school-monitoring-profile",
            "create_date": "2025-11-14T23:03:55Z",
            "id": "hybrid-cloud-school-monitoring-profile",
            "name": "hybrid-cloud-school-monitoring-profile",
            "name_prefix": "",
            "path": "/",
            "role": "hybrid-cloud-school-monitoring-role",
            "tags": {
              "Name": "hybrid-cloud-school-monitoring-profile"
            },
            "tags_all": {
              "Environment": "Development",
              "ManagedBy": "Terraform",
              "Name": "hybrid-cloud-school-monitoring-profile",
              "Owner": "Ernie",
              "Project": "Hybrid-Cloud-School"
            },
            "unique_id": "AIPAYB7IDXIMEM6EZKSOW"
          },
          "sensitive_attributes": [],
          "identity_schema_version": 0,
          "private": "bnVsbA==",
          "dependencies": [
            "aws_iam_role.monitoring"
          ],
          "create_before_destroy": true
        }
      ]
    },
    {
      "mode": "managed",
      "type": "aws_iam_role",
      "name": "ecs_execution",
      "provider": "provider[\"registry.terraform.io/hashicorp/aws\"]",
      "instances": [
        {
          "schema_version": 0,
          "attributes": {
            "arn": "arn:aws:iam::554000693784:role/hybrid-cloud-school-ecs-execution-role",
            "assume_role_policy": "{\"Statement\":[{\"Action\":\"sts:AssumeRole\",\"Effect\":\"Allow\",\"Principal\":{\"Service\":\"ecs-tasks.amazonaws.com\"}}],\"Version\":\"2012-10-17\"}",
            "create_date": "2025-11-14T23:03:53Z",
            "description": "",
            "force_detach_policies": false,
            "id": "hybrid-cloud-school-ecs-execution-role",
            "inline_policy": [
              {
                "name": "hybrid-cloud-school-ecs-execution-custom",
                "policy": "{\"Version\":\"2012-10-17\",\"Statement\":[{\"Action\":[\"logs:CreateLogStream\",\"logs:PutLogEvents\",\"ecr:GetAuthorizationToken\",\"ecr:BatchCheckLayerAvailability\",\"ecr:GetDownloadUrlForLayer\",\"ecr:BatchGetImage\"],\"Effect\":\"Allow\",\"Resource\":\"*\"}]}"
              }
            ],
            "managed_policy_arns": [
              "arn:aws:iam::aws:policy/service-role/AmazonECSTaskExecutionRolePolicy"
            ],
            "max_session_duration": 3600,
            "name": "hybrid-cloud-school-ecs-execution-role",
            "name_prefix": "",
            "path": "/",
            "permissions_boundary": "",
            "tags": {
              "Name": "hybrid-cloud-school-ecs-execution-role"
            },
            "tags_all": {
              "Environment": "Development",
              "ManagedBy": "Terraform",
              "Name": "hybrid-cloud-school-ecs-execution-role",
              "Owner": "Ernie",
              "Project": "Hybrid-Cloud-School"
            },
            "unique_id": "AROAYB7IDXIMHG7MZPKRW"
          },
          "sensitive_attributes": [],
          "identity_schema_version": 0,
          "private": "bnVsbA=="
        }
      ]
    },
    {
      "mode": "managed",
      "type": "aws_iam_role",
      "name": "ecs_task",
      "provider": "provider[\"registry.terraform.io/hashicorp/aws\"]",
      "instances": [
        {
          "schema_version": 0,
          "attributes": {
            "arn": "arn:aws:iam::554000693784:role/hybrid-cloud-school-ecs-task-role",
            "assume_role_policy": "{\"Statement\":[{\"Action\":\"sts:AssumeRole\",\"Effect\":\"Allow\",\"Principal\":{\"Service\":\"ecs-tasks.amazonaws.com\"}}],\"Version\":\"2012-10-17\"}",
            "create_date": "2025-11-14T23:03:54Z",
            "description": "",
            "force_detach_policies": false,
            "id": "hybrid-cloud-school-ecs-task-role",
            "inline_policy": [
              {
                "name": "hybrid-cloud-school-ecs-task-policy",
                "policy": "{\"Version\":\"2012-10-17\",\"Statement\":[{\"Action\":[\"s3:GetObject\",\"s3:PutObject\",\"s3:ListBucket\"],\"Effect\":\"Allow\",\"Resource\":[\"arn:aws:s3:::hybrid-cloud-school-*\",\"arn:aws:s3:::hybrid-cloud-school-*/*\"]},{\"Action\":[\"logs:CreateLogGroup\",\"logs:CreateLogStream\",\"logs:PutLogEvents\"],\"Effect\":\"Allow\",\"Resource\":\"*\"}]}"
              }
            ],
            "managed_policy_arns": [],
            "max_session_duration": 3600,
            "name": "hybrid-cloud-school-ecs-task-role",
            "name_prefix": "",
            "path": "/",
            "permissions_boundary": "",
            "tags": {
              "Name": "hybrid-cloud-school-ecs-task-role"
            },
            "tags_all": {
              "Environment": "Development",
              "ManagedBy": "Terraform",
              "Name": "hybrid-cloud-school-ecs-task-role",
              "Owner": "Ernie",
              "Project": "Hybrid-Cloud-School"
            },
            "unique_id": "AROAYB7IDXIMFWZNJIPUY"
          },
          "sensitive_attributes": [],
          "identity_schema_version": 0,
          "private": "bnVsbA=="
        }
      ]
    },
    {
      "mode": "managed",
      "type": "aws_iam_role",
      "name": "grafana_task",
      "provider": "provider[\"registry.terraform.io/hashicorp/aws\"]",
      "instances": [
        {
          "schema_version": 0,
          "attributes": {
            "arn": "arn:aws:iam::554000693784:role/hybrid-cloud-school-grafana-task-role",
            "assume_role_policy": "{\"Statement\":[{\"Action\":\"sts:AssumeRole\",\"Effect\":\"Allow\",\"Principal\":{\"Service\":\"ecs-tasks.amazonaws.com\"}}],\"Version\":\"2012-10-17\"}",
            "create_date": "2025-11-14T23:03:53Z",
            "description": "",
            "force_detach_policies": false,
            "id": "hybrid-cloud-school-grafana-task-role",
            "inline_policy": [
              {
                "name": "hybrid-cloud-school-grafana-task-policy",
                "policy": "{\"Version\":\"2012-10-17\",\"Statement\":[{\"Action\":[\"cloudwatch:DescribeAlarms\",\"cloudwatch:GetMetricData\",\"cloudwatch:GetMetricStatistics\",\"cloudwatch:ListMetrics\",\"elasticfilesystem:ClientMount\",\"elasticfilesystem:ClientWrite\",\"logs:DescribeLogGroups\",\"logs:GetLogEvents\",\"logs:FilterLogEvents\"],\"Effect\":\"Allow\",\"Resource\":\"*\"}]}"
              }
            ],
            "managed_policy_arns": [],
            "max_session_duration": 3600,
            "name": "hybrid-cloud-school-grafana-task-role",
            "name_prefix": "",
            "path": "/",
            "permissions_boundary": "",
            "tags": {
              "Name": "hybrid-cloud-school-grafana-task-role"
            },
            "tags_all": {
              "Environment": "Development",
              "ManagedBy": "Terraform",
              "Name": "hybrid-cloud-school-grafana-task-role",
              "Owner": "Ernie",
              "Project": "Hybrid-Cloud-School"
            },
            "unique_id": "AROAYB7IDXIMLBDAUWRJ6"
          },
          "sensitive_attributes": [],
          "identity_schema_version": 0,
          "private": "bnVsbA=="
        }
      ]
    },
    {
      "mode": "managed",
      "type": "aws_iam_role",
      "name": "loki_task",
      "provider": "provider[\"registry.terraform.io/hashicorp/aws\"]",
      "instances": [
        {
          "schema_version": 0,
          "attributes": {
            "arn": "arn:aws:iam::554000693784:role/hybrid-cloud-school-loki-task-role",
            "assume_role_policy": "{\"Statement\":[{\"Action\":\"sts:AssumeRole\",\"Effect\":\"Allow\",\"Principal\":{\"Service\":\"ecs-tasks.amazonaws.com\"}}],\"Version\":\"2012-10-17\"}",
            "create_date": "2025-11-14T23:03:53Z",
            "description": "",
            "force_detach_policies": false,
            "id": "hybrid-cloud-school-loki-task-role",
            "inline_policy": [
              {
                "name": "hybrid-cloud-school-loki-task-policy",
                "policy": "{\"Version\":\"2012-10-17\",\"Statement\":[{\"Action\":[\"s3:ListBucket\",\"s3:PutObject\",\"s3:GetObject\",\"s3:DeleteObject\",\"elasticfilesystem:ClientMount\",\"elasticfilesystem:ClientWrite\"],\"Effect\":\"Allow\",\"Resource\":[\"arn:aws:s3:::hybrid-cloud-school-loki-logs\",\"arn:aws:s3:::hybrid-cloud-school-loki-logs/*\",\"arn:aws:elasticfilesystem:eu-west-1:554000693784:file-system/fs-0fd1b5915a85477cc\"]}]}"
              }
            ],
            "managed_policy_arns": [],
            "max_session_duration": 3600,
            "name": "hybrid-cloud-school-loki-task-role",
            "name_prefix": "",
            "path": "/",
            "permissions_boundary": "",
            "tags": {
              "Name": "hybrid-cloud-school-loki-task-role"
            },
            "tags_all": {
              "Environment": "Development",
              "ManagedBy": "Terraform",
              "Name": "hybrid-cloud-school-loki-task-role",
              "Owner": "Ernie",
              "Project": "Hybrid-Cloud-School"
            },
            "unique_id": "AROAYB7IDXIMO3MG4WGVW"
          },
          "sensitive_attributes": [],
          "identity_schema_version": 0,
          "private": "bnVsbA=="
        }
      ]
    },
    {
      "mode": "managed",
      "type": "aws_iam_role",
      "name": "monitoring",
      "provider": "provider[\"registry.terraform.io/hashicorp/aws\"]",
      "instances": [
        {
          "schema_version": 0,
          "attributes": {
            "arn": "arn:aws:iam::554000693784:role/hybrid-cloud-school-monitoring-role",
            "assume_role_policy": "{\"Statement\":[{\"Action\":\"sts:AssumeRole\",\"Effect\":\"Allow\",\"Principal\":{\"Service\":\"ec2.amazonaws.com\"}}],\"Version\":\"2012-10-17\"}",
            "create_date": "2025-11-14T23:03:54Z",
            "description": "",
            "force_detach_policies": false,
            "id": "hybrid-cloud-school-monitoring-role",
            "inline_policy": [
              {
                "name": "hybrid-cloud-school-monitoring-policy",
                "policy": "{\"Version\":\"2012-10-17\",\"Statement\":[{\"Action\":[\"cloudwatch:GetMetricStatistics\",\"cloudwatch:ListMetrics\",\"cloudwatch:DescribeAlarms\",\"logs:DescribeLogGroups\",\"logs:DescribeLogStreams\",\"logs:GetLogEvents\",\"logs:FilterLogEvents\",\"ec2:DescribeInstances\",\"ec2:DescribeTags\",\"ecs:ListClusters\",\"ecs:ListServices\",\"ecs:DescribeServices\",\"ecs:DescribeTasks\",\"rds:DescribeDBInstances\"],\"Effect\":\"Allow\",\"Resource\":\"*\"},{\"Action\":[\"s3:GetObject\",\"s3:PutObject\",\"s3:ListBucket\"],\"Effect\":\"Allow\",\"Resource\":[\"arn:aws:s3:::hybrid-cloud-school-monitoring-*\",\"arn:aws:s3:::hybrid-cloud-school-monitoring-*/*\"]}]}"
              }
            ],
            "managed_policy_arns": [],
            "max_session_duration": 3600,
            "name": "hybrid-cloud-school-monitoring-role",
            "name_prefix": "",
            "path": "/",
            "permissions_boundary": "",
            "tags": {
              "Name": "hybrid-cloud-school-monitoring-role"
            },
            "tags_all": {
              "Environment": "Development",
              "ManagedBy": "Terraform",
              "Name": "hybrid-cloud-school-monitoring-role",
              "Owner": "Ernie",
              "Project": "Hybrid-Cloud-School"
            },
            "unique_id": "AROAYB7IDXIMLJUA7SPBZ"
          },
          "sensitive_attributes": [],
          "identity_schema_version": 0,
          "private": "bnVsbA==",
          "create_before_destroy": true
        }
      ]
    },
    {
      "mode": "managed",
      "type": "aws_iam_role",
      "name": "prometheus_task",
      "provider": "provider[\"registry.terraform.io/hashicorp/aws\"]",
      "instances": [
        {
          "schema_version": 0,
          "attributes": {
            "arn": "arn:aws:iam::554000693784:role/hybrid-cloud-school-prometheus-task-role",
            "assume_role_policy": "{\"Statement\":[{\"Action\":\"sts:AssumeRole\",\"Effect\":\"Allow\",\"Principal\":{\"Service\":\"ecs-tasks.amazonaws.com\"}}],\"Version\":\"2012-10-17\"}",
            "create_date": "2025-11-14T23:03:53Z",
            "description": "",
            "force_detach_policies": false,
            "id": "hybrid-cloud-school-prometheus-task-role",
            "inline_policy": [
              {
                "name": "hybrid-cloud-school-prometheus-task-policy",
                "policy": "{\"Version\":\"2012-10-17\",\"Statement\":[{\"Action\":[\"ec2:DescribeInstances\",\"ecs:ListTasks\",\"ecs:DescribeTasks\",\"ecs:DescribeContainerInstances\",\"ecs:DescribeTaskDefinition\",\"elasticfilesystem:ClientMount\",\"elasticfilesystem:ClientWrite\",\"s3:PutObject\",\"s3:GetObject\",\"s3:ListBucket\"],\"Effect\":\"Allow\",\"Resource\":\"*\"}]}"
              }
            ],
            "managed_policy_arns": [],
            "max_session_duration": 3600,
            "name": "hybrid-cloud-school-prometheus-task-role",
            "name_prefix": "",
            "path": "/",
            "permissions_boundary": "",
            "tags": {
              "Name": "hybrid-cloud-school-prometheus-task-role"
            },
            "tags_all": {
              "Environment": "Development",
              "ManagedBy": "Terraform",
              "Name": "hybrid-cloud-school-prometheus-task-role",
              "Owner": "Ernie",
              "Project": "Hybrid-Cloud-School"
            },
            "unique_id": "AROAYB7IDXIMJUXDNII7T"
          },
          "sensitive_attributes": [],
          "identity_schema_version": 0,
          "private": "bnVsbA=="
        }
      ]
    },
    {
      "mode": "managed",
      "type": "aws_iam_role",
      "name": "vpc_flow_logs",
      "provider": "provider[\"registry.terraform.io/hashicorp/aws\"]",
      "instances": [
        {
          "index_key": 0,
          "schema_version": 0,
          "attributes": {
            "arn": "arn:aws:iam::554000693784:role/hybrid-cloud-school-vpc-flow-logs-role",
            "assume_role_policy": "{\"Statement\":[{\"Action\":\"sts:AssumeRole\",\"Effect\":\"Allow\",\"Principal\":{\"Service\":\"vpc-flow-logs.amazonaws.com\"}}],\"Version\":\"2012-10-17\"}",
            "create_date": "2025-11-14T23:03:54Z",
            "description": "",
            "force_detach_policies": false,
            "id": "hybrid-cloud-school-vpc-flow-logs-role",
            "inline_policy": [
              {
                "name": "hybrid-cloud-school-vpc-flow-logs-policy",
                "policy": "{\"Version\":\"2012-10-17\",\"Statement\":[{\"Action\":[\"logs:CreateLogGroup\",\"logs:CreateLogStream\",\"logs:PutLogEvents\",\"logs:DescribeLogGroups\",\"logs:DescribeLogStreams\"],\"Effect\":\"Allow\",\"Resource\":\"*\"}]}"
              }
            ],
            "managed_policy_arns": [],
            "max_session_duration": 3600,
            "name": "hybrid-cloud-school-vpc-flow-logs-role",
            "name_prefix": "",
            "path": "/",
            "permissions_boundary": "",
            "tags": {},
            "tags_all": {
              "Environment": "Development",
              "ManagedBy": "Terraform",
              "Owner": "Ernie",
              "Project": "Hybrid-Cloud-School"
            },
            "unique_id": "AROAYB7IDXIMEJ42OQC2B"
          },
          "sensitive_attributes": [],
          "identity_schema_version": 0,
          "private": "bnVsbA=="
        }
      ]
    },
    {
      "mode": "managed",
      "type": "aws_iam_role_policy",
      "name": "ecs_execution_custom",
      "provider": "provider[\"registry.terraform.io/hashicorp/aws\"]",
      "instances": [
        {
          "schema_version": 0,
          "attributes": {
            "id": "hybrid-cloud-school-ecs-execution-role:hybrid-cloud-school-ecs-execution-custom",
            "name": "hybrid-cloud-school-ecs-execution-custom",
            "name_prefix": "",
            "policy": "{\"Version\":\"2012-10-17\",\"Statement\":[{\"Action\":[\"logs:CreateLogStream\",\"logs:PutLogEvents\",\"ecr:GetAuthorizationToken\",\"ecr:BatchCheckLayerAvailability\",\"ecr:GetDownloadUrlForLayer\",\"ecr:BatchGetImage\"],\"Effect\":\"Allow\",\"Resource\":\"*\"}]}",
            "role": "hybrid-cloud-school-ecs-execution-role"
          },
          "sensitive_attributes": [],
          "identity_schema_version": 0,
          "private": "bnVsbA==",
          "dependencies": [
            "aws_iam_role.ecs_execution"
          ]
        }
      ]
    },
    {
      "mode": "managed",
      "type": "aws_iam_role_policy",
      "name": "ecs_task",
      "provider": "provider[\"registry.terraform.io/hashicorp/aws\"]",
      "instances": [
        {
          "schema_version": 0,
          "attributes": {
            "id": "hybrid-cloud-school-ecs-task-role:hybrid-cloud-school-ecs-task-policy",
            "name": "hybrid-cloud-school-ecs-task-policy",
            "name_prefix": "",
            "policy": "{\"Version\":\"2012-10-17\",\"Statement\":[{\"Action\":[\"s3:GetObject\",\"s3:PutObject\",\"s3:ListBucket\"],\"Effect\":\"Allow\",\"Resource\":[\"arn:aws:s3:::hybrid-cloud-school-*\",\"arn:aws:s3:::hybrid-cloud-school-*/*\"]},{\"Action\":[\"logs:CreateLogGroup\",\"logs:CreateLogStream\",\"logs:PutLogEvents\"],\"Effect\":\"Allow\",\"Resource\":\"*\"}]}",
            "role": "hybrid-cloud-school-ecs-task-role"
          },
          "sensitive_attributes": [],
          "identity_schema_version": 0,
          "private": "bnVsbA==",
          "dependencies": [
            "aws_iam_role.ecs_task"
          ]
        }
      ]
    },
    {
      "mode": "managed",
      "type": "aws_iam_role_policy",
      "name": "grafana_task",
      "provider": "provider[\"registry.terraform.io/hashicorp/aws\"]",
      "instances": [
        {
          "schema_version": 0,
          "attributes": {
            "id": "hybrid-cloud-school-grafana-task-role:hybrid-cloud-school-grafana-task-policy",
            "name": "hybrid-cloud-school-grafana-task-policy",
            "name_prefix": "",
            "policy": "{\"Version\":\"2012-10-17\",\"Statement\":[{\"Action\":[\"cloudwatch:DescribeAlarms\",\"cloudwatch:GetMetricData\",\"cloudwatch:GetMetricStatistics\",\"cloudwatch:ListMetrics\",\"elasticfilesystem:ClientMount\",\"elasticfilesystem:ClientWrite\",\"logs:DescribeLogGroups\",\"logs:GetLogEvents\",\"logs:FilterLogEvents\"],\"Effect\":\"Allow\",\"Resource\":\"*\"}]}",
            "role": "hybrid-cloud-school-grafana-task-role"
          },
          "sensitive_attributes": [],
          "identity_schema_version": 0,
          "private": "bnVsbA==",
          "dependencies": [
            "aws_iam_role.grafana_task"
          ]
        }
      ]
    },
    {
      "mode": "managed",
      "type": "aws_iam_role_policy",
      "name": "loki_task",
      "provider": "provider[\"registry.terraform.io/hashicorp/aws\"]",
      "instances": [
        {
          "schema_version": 0,
          "attributes": {
            "id": "hybrid-cloud-school-loki-task-role:hybrid-cloud-school-loki-task-policy",
            "name": "hybrid-cloud-school-loki-task-policy",
            "name_prefix": "",
            "policy": "{\"Version\":\"2012-10-17\",\"Statement\":[{\"Action\":[\"s3:ListBucket\",\"s3:PutObject\",\"s3:GetObject\",\"s3:DeleteObject\",\"elasticfilesystem:ClientMount\",\"elasticfilesystem:ClientWrite\"],\"Effect\":\"Allow\",\"Resource\":[\"arn:aws:s3:::hybrid-cloud-school-loki-logs\",\"arn:aws:s3:::hybrid-cloud-school-loki-logs/*\",\"arn:aws:elasticfilesystem:eu-west-1:554000693784:file-system/fs-0fd1b5915a85477cc\"]}]}",
            "role": "hybrid-cloud-school-loki-task-role"
          },
          "sensitive_attributes": [],
          "identity_schema_version": 0,
          "private": "bnVsbA==",
          "dependencies": [
            "aws_efs_file_system.monitoring",
            "aws_iam_role.loki_task",
            "aws_s3_bucket.loki"
          ]
        }
      ]
    },
    {
      "mode": "managed",
      "type": "aws_iam_role_policy",
      "name": "monitoring",
      "provider": "provider[\"registry.terraform.io/hashicorp/aws\"]",
      "instances": [
        {
          "schema_version": 0,
          "attributes": {
            "id": "hybrid-cloud-school-monitoring-role:hybrid-cloud-school-monitoring-policy",
            "name": "hybrid-cloud-school-monitoring-policy",
            "name_prefix": "",
            "policy": "{\"Version\":\"2012-10-17\",\"Statement\":[{\"Action\":[\"cloudwatch:GetMetricStatistics\",\"cloudwatch:ListMetrics\",\"cloudwatch:DescribeAlarms\",\"logs:DescribeLogGroups\",\"logs:DescribeLogStreams\",\"logs:GetLogEvents\",\"logs:FilterLogEvents\",\"ec2:DescribeInstances\",\"ec2:DescribeTags\",\"ecs:ListClusters\",\"ecs:ListServices\",\"ecs:DescribeServices\",\"ecs:DescribeTasks\",\"rds:DescribeDBInstances\"],\"Effect\":\"Allow\",\"Resource\":\"*\"},{\"Action\":[\"s3:GetObject\",\"s3:PutObject\",\"s3:ListBucket\"],\"Effect\":\"Allow\",\"Resource\":[\"arn:aws:s3:::hybrid-cloud-school-monitoring-*\",\"arn:aws:s3:::hybrid-cloud-school-monitoring-*/*\"]}]}",
            "role": "hybrid-cloud-school-monitoring-role"
          },
          "sensitive_attributes": [],
          "identity_schema_version": 0,
          "private": "bnVsbA==",
          "dependencies": [
            "aws_iam_role.monitoring"
          ]
        }
      ]
    },
    {
      "mode": "managed",
      "type": "aws_iam_role_policy",
      "name": "prometheus_task",
      "provider": "provider[\"registry.terraform.io/hashicorp/aws\"]",
      "instances": [
        {
          "schema_version": 0,
          "attributes": {
            "id": "hybrid-cloud-school-prometheus-task-role:hybrid-cloud-school-prometheus-task-policy",
            "name": "hybrid-cloud-school-prometheus-task-policy",
            "name_prefix": "",
            "policy": "{\"Version\":\"2012-10-17\",\"Statement\":[{\"Action\":[\"ec2:DescribeInstances\",\"ecs:ListTasks\",\"ecs:DescribeTasks\",\"ecs:DescribeContainerInstances\",\"ecs:DescribeTaskDefinition\",\"elasticfilesystem:ClientMount\",\"elasticfilesystem:ClientWrite\",\"s3:PutObject\",\"s3:GetObject\",\"s3:ListBucket\"],\"Effect\":\"Allow\",\"Resource\":\"*\"}]}",
            "role": "hybrid-cloud-school-prometheus-task-role"
          },
          "sensitive_attributes": [],
          "identity_schema_version": 0,
          "private": "bnVsbA==",
          "dependencies": [
            "aws_iam_role.prometheus_task"
          ]
        }
      ]
    },
    {
      "mode": "managed",
      "type": "aws_iam_role_policy",
      "name": "vpc_flow_logs",
      "provider": "provider[\"registry.terraform.io/hashicorp/aws\"]",
      "instances": [
        {
          "index_key": 0,
          "schema_version": 0,
          "attributes": {
            "id": "hybrid-cloud-school-vpc-flow-logs-role:hybrid-cloud-school-vpc-flow-logs-policy",
            "name": "hybrid-cloud-school-vpc-flow-logs-policy",
            "name_prefix": "",
            "policy": "{\"Version\":\"2012-10-17\",\"Statement\":[{\"Action\":[\"logs:CreateLogGroup\",\"logs:CreateLogStream\",\"logs:PutLogEvents\",\"logs:DescribeLogGroups\",\"logs:DescribeLogStreams\"],\"Effect\":\"Allow\",\"Resource\":\"*\"}]}",
            "role": "hybrid-cloud-school-vpc-flow-logs-role"
          },
          "sensitive_attributes": [],
          "identity_schema_version": 0,
          "private": "bnVsbA==",
          "dependencies": [
            "aws_iam_role.vpc_flow_logs"
          ]
        }
      ]
    },
    {
      "mode": "managed",
      "type": "aws_iam_role_policy_attachment",
      "name": "ecs_execution",
      "provider": "provider[\"registry.terraform.io/hashicorp/aws\"]",
      "instances": [
        {
          "schema_version": 0,
          "attributes": {
            "id": "hybrid-cloud-school-ecs-execution-role-20251114230355320000000004",
            "policy_arn": "arn:aws:iam::aws:policy/service-role/AmazonECSTaskExecutionRolePolicy",
            "role": "hybrid-cloud-school-ecs-execution-role"
          },
          "sensitive_attributes": [],
          "identity_schema_version": 0,
          "private": "bnVsbA==",
          "dependencies": [
            "aws_iam_role.ecs_execution"
          ]
        }
      ]
    },
    {
      "mode": "managed",
      "type": "aws_instance",
      "name": "monitoring",
      "provider": "provider[\"registry.terraform.io/hashicorp/aws\"]",
      "instances": [
        {
          "schema_version": 1,
          "attributes": {
            "ami": "ami-056546f8452ba93b4",
            "arn": "arn:aws:ec2:eu-west-1:554000693784:instance/i-0ae5d9ed369d7786c",
            "associate_public_ip_address": false,
            "availability_zone": "eu-west-1a",
            "capacity_reservation_specification": [
              {
                "capacity_reservation_preference": "open",
                "capacity_reservation_target": []
              }
            ],
            "cpu_core_count": 1,
            "cpu_options": [
              {
                "amd_sev_snp": "",
                "core_count": 1,
                "threads_per_core": 2
              }
            ],
            "cpu_threads_per_core": 2,
            "credit_specification": [
              {
                "cpu_credits": "unlimited"
              }
            ],
            "disable_api_stop": false,
            "disable_api_termination": false,
            "ebs_block_device": [
              {
                "delete_on_termination": false,
                "device_name": "/dev/xvdf",
                "encrypted": true,
                "iops": 3000,
                "kms_key_id": "arn:aws:kms:eu-west-1:554000693784:key/bf5e0598-3d3f-4cb8-8980-ad538abac223",
                "snapshot_id": "",
                "tags": {
                  "Environment": "Development",
                  "ManagedBy": "Terraform",
                  "Name": "hybrid-cloud-school-monitoring-data",
                  "Owner": "Ernie",
                  "Project": "Hybrid-Cloud-School"
                },
                "tags_all": {
                  "Environment": "Development",
                  "ManagedBy": "Terraform",
                  "Name": "hybrid-cloud-school-monitoring-data",
                  "Owner": "Ernie",
                  "Project": "Hybrid-Cloud-School"
                },
                "throughput": 125,
                "volume_id": "vol-0e21fb4a94dc22f3e",
                "volume_size": 50,
                "volume_type": "gp3"
              }
            ],
            "ebs_optimized": false,
            "enable_primary_ipv6": null,
            "enclave_options": [
              {
                "enabled": false
              }
            ],
            "ephemeral_block_device": [],
            "get_password_data": false,
            "hibernation": false,
            "host_id": "",
            "host_resource_group_arn": null,
            "iam_instance_profile": "hybrid-cloud-school-monitoring-profile",
            "id": "i-0ae5d9ed369d7786c",
            "instance_initiated_shutdown_behavior": "stop",
            "instance_lifecycle": "",
            "instance_market_options": [],
            "instance_state": "running",
            "instance_type": "t3.medium",
            "ipv6_address_count": 0,
            "ipv6_addresses": [],
            "key_name": "hybrid-cloud-school-monitoring-key",
            "launch_template": [],
            "maintenance_options": [
              {
                "auto_recovery": "default"
              }
            ],
            "metadata_options": [
              {
                "http_endpoint": "enabled",
                "http_protocol_ipv6": "disabled",
                "http_put_response_hop_limit": 1,
                "http_tokens": "optional",
                "instance_metadata_tags": "disabled"
              }
            ],
            "monitoring": false,
            "network_interface": [],
            "outpost_arn": "",
            "password_data": "",
            "placement_group": "",
            "placement_partition_number": 0,
            "primary_network_interface_id": "eni-0824b063d41ebc678",
            "private_dns": "ip-10-0-10-23.eu-west-1.compute.internal",
            "private_dns_name_options": [
              {
                "enable_resource_name_dns_a_record": false,
                "enable_resource_name_dns_aaaa_record": false,
                "hostname_type": "ip-name"
              }
            ],
            "private_ip": "10.0.10.23",
            "public_dns": "",
            "public_ip": "",
            "root_block_device": [
              {
                "delete_on_termination": true,
                "device_name": "/dev/xvda",
                "encrypted": true,
                "iops": 3000,
                "kms_key_id": "arn:aws:kms:eu-west-1:554000693784:key/bf5e0598-3d3f-4cb8-8980-ad538abac223",
                "tags": {},
                "tags_all": {
                  "Environment": "Development",
                  "ManagedBy": "Terraform",
                  "Owner": "Ernie",
                  "Project": "Hybrid-Cloud-School"
                },
                "throughput": 125,
                "volume_id": "vol-085c78a976603d4cd",
                "volume_size": 20,
                "volume_type": "gp3"
              }
            ],
            "secondary_private_ips": [],
            "security_groups": [],
            "source_dest_check": true,
            "spot_instance_request_id": "",
            "subnet_id": "subnet-05dfebfedd1946f87",
            "tags": {
              "AnsibleGroup": "monitoring",
              "Name": "hybrid-cloud-school-monitoring-server",
              "Requirement": "REQ-NCA-P2-05_REQ-NCA-P2-08, REQ-NCA-P2-09",
              "Type": "Monitoring"
            },
            "tags_all": {
              "AnsibleGroup": "monitoring",
              "Environment": "Development",
              "ManagedBy": "Terraform",
              "Name": "hybrid-cloud-school-monitoring-server",
              "Owner": "Ernie",
              "Project": "Hybrid-Cloud-School",
              "Requirement": "REQ-NCA-P2-05_REQ-NCA-P2-08, REQ-NCA-P2-09",
              "Type": "Monitoring"
            },
            "tenancy": "default",
            "timeouts": null,
            "user_data": "a1d95a8d9792c1d87389724e5e00d40e25da3fcf",
            "user_data_base64": null,
            "user_data_replace_on_change": false,
            "volume_tags": null,
            "vpc_security_group_ids": [
              "sg-073c745d6e6e1822a"
            ]
          },
          "sensitive_attributes": [],
          "identity_schema_version": 0,
          "private": "eyJlMmJmYjczMC1lY2FhLTExZTYtOGY4OC0zNDM2M2JjN2M0YzAiOnsiY3JlYXRlIjo2MDAwMDAwMDAwMDAsImRlbGV0ZSI6MTIwMDAwMDAwMDAwMCwicmVhZCI6OTAwMDAwMDAwMDAwLCJ1cGRhdGUiOjYwMDAwMDAwMDAwMH0sInNjaGVtYV92ZXJzaW9uIjoiMSJ9",
          "dependencies": [
            "aws_iam_instance_profile.monitoring",
            "aws_iam_role.monitoring",
            "aws_key_pair.monitoring",
            "aws_security_group.admin",
            "aws_security_group.app",
            "aws_security_group.monitoring",
            "aws_security_group.vpn_access",
            "aws_security_group.web",
            "aws_subnet.private",
            "aws_vpc.main",
            "data.aws_ami.amazon_linux",
            "data.aws_availability_zones.available",
            "tls_private_key.monitoring"
          ],
          "create_before_destroy": true
        }
      ]
    },
    {
      "mode": "managed",
      "type": "aws_internet_gateway",
      "name": "main",
      "provider": "provider[\"registry.terraform.io/hashicorp/aws\"]",
      "instances": [
        {
          "schema_version": 0,
          "attributes": {
            "arn": "arn:aws:ec2:eu-west-1:554000693784:internet-gateway/igw-0054686efc7cdce4e",
            "id": "igw-0054686efc7cdce4e",
            "owner_id": "554000693784",
            "tags": {
              "Environment": "dev",
              "Name": "hybrid-cloud-school-igw"
            },
            "tags_all": {
              "Environment": "dev",
              "ManagedBy": "Terraform",
              "Name": "hybrid-cloud-school-igw",
              "Owner": "Ernie",
              "Project": "Hybrid-Cloud-School"
            },
            "timeouts": null,
            "vpc_id": "vpc-0c1e8480f4384da42"
          },
          "sensitive_attributes": [],
          "identity_schema_version": 0,
          "private": "eyJlMmJmYjczMC1lY2FhLTExZTYtOGY4OC0zNDM2M2JjN2M0YzAiOnsiY3JlYXRlIjoxMjAwMDAwMDAwMDAwLCJkZWxldGUiOjEyMDAwMDAwMDAwMDAsInVwZGF0ZSI6MTIwMDAwMDAwMDAwMH19",
          "dependencies": [
            "aws_vpc.main"
          ]
        }
      ]
    },
    {
      "mode": "managed",
      "type": "aws_key_pair",
      "name": "monitoring",
      "provider": "provider[\"registry.terraform.io/hashicorp/aws\"]",
      "instances": [
        {
          "schema_version": 1,
          "attributes": {
            "arn": "arn:aws:ec2:eu-west-1:554000693784:key-pair/hybrid-cloud-school-monitoring-key",
            "fingerprint": "8c:34:bd:7a:eb:52:1c:f6:56:79:c7:76:a1:0a:6f:ef",
            "id": "hybrid-cloud-school-monitoring-key",
            "key_name": "hybrid-cloud-school-monitoring-key",
            "key_name_prefix": "",
            "key_pair_id": "key-06124f9fce8408703",
            "key_type": "rsa",
            "public_key": "ssh-rsa AAAAB3NzaC1yc2EAAAADAQABAAACAQDoVX3F5hzEI2VtbTeNcHmd374lvNF29o5q9ZxrA/FMEu0REGisAa9Sf+FJkah0qAXKk9wpyRfTfb6bFNsUE5Ba1YWZ85SpJFxNxnw63t0Y5qAsYCExP9ROhSwPDIEsE9Gc/ClybMlZKHmFHe4rS7zWC0zxDaaTakmiivYIuIeL/sCLrrp87/b2QD4FE7cKcbr6ogntx6r6F9BxdM5OojBUTYOQTnuxg6PRzNcd1/P1rMsL7jlhmd3HOEqeTig89mMyj7ECnkqXKTod/+xIcQ0ZclV6P5k7p0bSJSl+ErbyOJynZUSLuSECwe/B+YIm6ZC97yV+IjfJwLez/RnqK1YrRVvZhLgxdw9DAuwbzxQcEMAdNgnDylqMBzftffyla6d1A3oZa22fj74z7Qtrcw/iroqClzhUjS//tFsRyY4oo4uf0zwtKbJVdFNdBA+UHiPOnNF7i7VOJtrgSxfkDZSakLAnI5JaKyzFY52ZZIN7h5N/lt6gkKl9MzVOVmn+/m7TLAM1ofK/8gAyhimpQlwL/BG+FiyIckSkphIZWSnQtjcPyBvFgbqjtlJ/+Oa2YiSGzFXiVnXhDy8yUd8kuVrYRTpXxBPXPPrqdt9/cElODv65m3lxzuQDbKB0RKx2Wu3b7D2fualNPhzme8V7vkmZOW6Hosl4ijGd1e/bRWWdgQ==",
            "tags": {
              "Name": "hybrid-cloud-school-monitoring-key"
            },
            "tags_all": {
              "Environment": "Development",
              "ManagedBy": "Terraform",
              "Name": "hybrid-cloud-school-monitoring-key",
              "Owner": "Ernie",
              "Project": "Hybrid-Cloud-School"
            }
          },
          "sensitive_attributes": [],
          "identity_schema_version": 0,
          "private": "eyJzY2hlbWFfdmVyc2lvbiI6IjEifQ==",
          "dependencies": [
            "tls_private_key.monitoring"
          ],
          "create_before_destroy": true
        }
      ]
    },
    {
      "mode": "managed",
      "type": "aws_lb",
      "name": "grafana",
      "provider": "provider[\"registry.terraform.io/hashicorp/aws\"]",
      "instances": [
        {
          "schema_version": 0,
          "attributes": {
            "access_logs": [
              {
                "bucket": "",
                "enabled": false,
                "prefix": ""
              }
            ],
            "arn": "arn:aws:elasticloadbalancing:eu-west-1:554000693784:loadbalancer/app/hybrid-cloud-school-grafana-alb/24e7bff0c4b019d9",
            "arn_suffix": "app/hybrid-cloud-school-grafana-alb/24e7bff0c4b019d9",
            "client_keep_alive": 3600,
            "connection_logs": [
              {
                "bucket": "",
                "enabled": false,
                "prefix": ""
              }
            ],
            "customer_owned_ipv4_pool": "",
            "desync_mitigation_mode": "defensive",
            "dns_name": "internal-hybrid-cloud-school-grafana-alb-1200599691.eu-west-1.elb.amazonaws.com",
            "dns_record_client_routing_policy": null,
            "drop_invalid_header_fields": false,
            "enable_cross_zone_load_balancing": true,
            "enable_deletion_protection": false,
            "enable_http2": true,
            "enable_tls_version_and_cipher_suite_headers": false,
            "enable_waf_fail_open": false,
            "enable_xff_client_port": false,
            "enable_zonal_shift": false,
            "enforce_security_group_inbound_rules_on_private_link_traffic": "",
            "id": "arn:aws:elasticloadbalancing:eu-west-1:554000693784:loadbalancer/app/hybrid-cloud-school-grafana-alb/24e7bff0c4b019d9",
            "idle_timeout": 60,
            "internal": true,
            "ip_address_type": "ipv4",
            "ipam_pools": [],
            "load_balancer_type": "application",
            "minimum_load_balancer_capacity": [],
            "name": "hybrid-cloud-school-grafana-alb",
            "name_prefix": "",
            "preserve_host_header": false,
            "security_groups": [
              "sg-057a1c3e436172220"
            ],
            "subnet_mapping": [
              {
                "allocation_id": "",
                "ipv6_address": "",
                "outpost_id": "",
                "private_ipv4_address": "",
                "subnet_id": "subnet-05dfebfedd1946f87"
              },
              {
                "allocation_id": "",
                "ipv6_address": "",
                "outpost_id": "",
                "private_ipv4_address": "",
                "subnet_id": "subnet-0b1b03cc40f2c5bfd"
              }
            ],
            "subnets": [
              "subnet-05dfebfedd1946f87",
              "subnet-0b1b03cc40f2c5bfd"
            ],
            "tags": {
              "Name": "hybrid-cloud-school-grafana-alb"
            },
            "tags_all": {
              "Environment": "Development",
              "ManagedBy": "Terraform",
              "Name": "hybrid-cloud-school-grafana-alb",
              "Owner": "Ernie",
              "Project": "Hybrid-Cloud-School"
            },
            "timeouts": null,
            "vpc_id": "vpc-0c1e8480f4384da42",
            "xff_header_processing_mode": "append",
            "zone_id": "Z32O12XQLNTSW2"
          },
          "sensitive_attributes": [],
          "identity_schema_version": 0,
          "private": "eyJlMmJmYjczMC1lY2FhLTExZTYtOGY4OC0zNDM2M2JjN2M0YzAiOnsiY3JlYXRlIjo2MDAwMDAwMDAwMDAsImRlbGV0ZSI6NjAwMDAwMDAwMDAwLCJ1cGRhdGUiOjYwMDAwMDAwMDAwMH19",
          "dependencies": [
            "aws_security_group.web",
            "aws_subnet.private",
            "aws_vpc.main",
            "data.aws_availability_zones.available"
          ]
        }
      ]
    },
    {
      "mode": "managed",
      "type": "aws_lb",
      "name": "main",
      "provider": "provider[\"registry.terraform.io/hashicorp/aws\"]",
      "instances": [
        {
          "schema_version": 0,
          "attributes": {
            "access_logs": [
              {
                "bucket": "",
                "enabled": false,
                "prefix": ""
              }
            ],
            "arn": "arn:aws:elasticloadbalancing:eu-west-1:554000693784:loadbalancer/app/hybrid-cloud-school-alb/adb2cfb1336d7f19",
            "arn_suffix": "app/hybrid-cloud-school-alb/adb2cfb1336d7f19",
            "client_keep_alive": 3600,
            "connection_logs": [
              {
                "bucket": "",
                "enabled": false,
                "prefix": ""
              }
            ],
            "customer_owned_ipv4_pool": "",
            "desync_mitigation_mode": "defensive",
            "dns_name": "hybrid-cloud-school-alb-1350416947.eu-west-1.elb.amazonaws.com",
            "dns_record_client_routing_policy": null,
            "drop_invalid_header_fields": false,
            "enable_cross_zone_load_balancing": true,
            "enable_deletion_protection": false,
            "enable_http2": true,
            "enable_tls_version_and_cipher_suite_headers": false,
            "enable_waf_fail_open": false,
            "enable_xff_client_port": false,
            "enable_zonal_shift": false,
            "enforce_security_group_inbound_rules_on_private_link_traffic": "",
            "id": "arn:aws:elasticloadbalancing:eu-west-1:554000693784:loadbalancer/app/hybrid-cloud-school-alb/adb2cfb1336d7f19",
            "idle_timeout": 60,
            "internal": false,
            "ip_address_type": "ipv4",
            "ipam_pools": [],
            "load_balancer_type": "application",
            "minimum_load_balancer_capacity": [],
            "name": "hybrid-cloud-school-alb",
            "name_prefix": "",
            "preserve_host_header": false,
            "security_groups": [
              "sg-057a1c3e436172220"
            ],
            "subnet_mapping": [
              {
                "allocation_id": "",
                "ipv6_address": "",
                "outpost_id": "",
                "private_ipv4_address": "",
                "subnet_id": "subnet-0b3b581c2836237c5"
              },
              {
                "allocation_id": "",
                "ipv6_address": "",
                "outpost_id": "",
                "private_ipv4_address": "",
                "subnet_id": "subnet-0f08e4736c5da6b46"
              }
            ],
            "subnets": [
              "subnet-0b3b581c2836237c5",
              "subnet-0f08e4736c5da6b46"
            ],
            "tags": {
              "Name": "hybrid-cloud-school-alb",
              "Requirement": "REQ-NCA-P2-01"
            },
            "tags_all": {
              "Environment": "Development",
              "ManagedBy": "Terraform",
              "Name": "hybrid-cloud-school-alb",
              "Owner": "Ernie",
              "Project": "Hybrid-Cloud-School",
              "Requirement": "REQ-NCA-P2-01"
            },
            "timeouts": null,
            "vpc_id": "vpc-0c1e8480f4384da42",
            "xff_header_processing_mode": "append",
            "zone_id": "Z32O12XQLNTSW2"
          },
          "sensitive_attributes": [],
          "identity_schema_version": 0,
          "private": "eyJlMmJmYjczMC1lY2FhLTExZTYtOGY4OC0zNDM2M2JjN2M0YzAiOnsiY3JlYXRlIjo2MDAwMDAwMDAwMDAsImRlbGV0ZSI6NjAwMDAwMDAwMDAwLCJ1cGRhdGUiOjYwMDAwMDAwMDAwMH19",
          "dependencies": [
            "aws_security_group.web",
            "aws_subnet.public",
            "aws_vpc.main",
            "data.aws_availability_zones.available"
          ]
        }
      ]
    },
    {
      "mode": "managed",
      "type": "aws_lb_listener",
      "name": "grafana",
      "provider": "provider[\"registry.terraform.io/hashicorp/aws\"]",
      "instances": [
        {
          "schema_version": 0,
          "attributes": {
            "alpn_policy": null,
            "arn": "arn:aws:elasticloadbalancing:eu-west-1:554000693784:listener/app/hybrid-cloud-school-grafana-alb/24e7bff0c4b019d9/8440b3e735d3edf3",
            "certificate_arn": null,
            "default_action": [
              {
                "authenticate_cognito": [],
                "authenticate_oidc": [],
                "fixed_response": [],
                "forward": [],
                "order": 1,
                "redirect": [],
                "target_group_arn": "arn:aws:elasticloadbalancing:eu-west-1:554000693784:targetgroup/hybrid-cloud-school-grafana-tg/7c089cf62694385f",
                "type": "forward"
              }
            ],
            "id": "arn:aws:elasticloadbalancing:eu-west-1:554000693784:listener/app/hybrid-cloud-school-grafana-alb/24e7bff0c4b019d9/8440b3e735d3edf3",
            "load_balancer_arn": "arn:aws:elasticloadbalancing:eu-west-1:554000693784:loadbalancer/app/hybrid-cloud-school-grafana-alb/24e7bff0c4b019d9",
            "mutual_authentication": [],
            "port": 80,
            "protocol": "HTTP",
            "routing_http_request_x_amzn_mtls_clientcert_header_name": null,
            "routing_http_request_x_amzn_mtls_clientcert_issuer_header_name": null,
            "routing_http_request_x_amzn_mtls_clientcert_leaf_header_name": null,
            "routing_http_request_x_amzn_mtls_clientcert_serial_number_header_name": null,
            "routing_http_request_x_amzn_mtls_clientcert_subject_header_name": null,
            "routing_http_request_x_amzn_mtls_clientcert_validity_header_name": null,
            "routing_http_request_x_amzn_tls_cipher_suite_header_name": null,
            "routing_http_request_x_amzn_tls_version_header_name": null,
            "routing_http_response_access_control_allow_credentials_header_value": "",
            "routing_http_response_access_control_allow_headers_header_value": "",
            "routing_http_response_access_control_allow_methods_header_value": "",
            "routing_http_response_access_control_allow_origin_header_value": "",
            "routing_http_response_access_control_expose_headers_header_value": "",
            "routing_http_response_access_control_max_age_header_value": "",
            "routing_http_response_content_security_policy_header_value": "",
            "routing_http_response_server_enabled": true,
            "routing_http_response_strict_transport_security_header_value": "",
            "routing_http_response_x_content_type_options_header_value": "",
            "routing_http_response_x_frame_options_header_value": "",
            "ssl_policy": "",
            "tags": {},
            "tags_all": {
              "Environment": "Development",
              "ManagedBy": "Terraform",
              "Owner": "Ernie",
              "Project": "Hybrid-Cloud-School"
            },
            "tcp_idle_timeout_seconds": null,
            "timeouts": null
          },
          "sensitive_attributes": [],
          "identity_schema_version": 0,
          "private": "eyJlMmJmYjczMC1lY2FhLTExZTYtOGY4OC0zNDM2M2JjN2M0YzAiOnsiY3JlYXRlIjozMDAwMDAwMDAwMDAsInVwZGF0ZSI6MzAwMDAwMDAwMDAwfX0=",
          "dependencies": [
            "aws_lb.grafana",
            "aws_lb_target_group.grafana",
            "aws_security_group.web",
            "aws_subnet.private",
            "aws_vpc.main",
            "data.aws_availability_zones.available"
          ]
        }
      ]
    },
    {
      "mode": "managed",
      "type": "aws_lb_listener",
      "name": "http",
      "provider": "provider[\"registry.terraform.io/hashicorp/aws\"]",
      "instances": [
        {
          "schema_version": 0,
          "attributes": {
            "alpn_policy": null,
            "arn": "arn:aws:elasticloadbalancing:eu-west-1:554000693784:listener/app/hybrid-cloud-school-alb/adb2cfb1336d7f19/b053d97d18cf04f7",
            "certificate_arn": null,
            "default_action": [
              {
                "authenticate_cognito": [],
                "authenticate_oidc": [],
                "fixed_response": [],
                "forward": [],
                "order": 1,
                "redirect": [],
                "target_group_arn": "arn:aws:elasticloadbalancing:eu-west-1:554000693784:targetgroup/hybrid-cloud-school-app-tg/93eaa642912b8dba",
                "type": "forward"
              }
            ],
            "id": "arn:aws:elasticloadbalancing:eu-west-1:554000693784:listener/app/hybrid-cloud-school-alb/adb2cfb1336d7f19/b053d97d18cf04f7",
            "load_balancer_arn": "arn:aws:elasticloadbalancing:eu-west-1:554000693784:loadbalancer/app/hybrid-cloud-school-alb/adb2cfb1336d7f19",
            "mutual_authentication": [],
            "port": 80,
            "protocol": "HTTP",
            "routing_http_request_x_amzn_mtls_clientcert_header_name": null,
            "routing_http_request_x_amzn_mtls_clientcert_issuer_header_name": null,
            "routing_http_request_x_amzn_mtls_clientcert_leaf_header_name": null,
            "routing_http_request_x_amzn_mtls_clientcert_serial_number_header_name": null,
            "routing_http_request_x_amzn_mtls_clientcert_subject_header_name": null,
            "routing_http_request_x_amzn_mtls_clientcert_validity_header_name": null,
            "routing_http_request_x_amzn_tls_cipher_suite_header_name": null,
            "routing_http_request_x_amzn_tls_version_header_name": null,
            "routing_http_response_access_control_allow_credentials_header_value": "",
            "routing_http_response_access_control_allow_headers_header_value": "",
            "routing_http_response_access_control_allow_methods_header_value": "",
            "routing_http_response_access_control_allow_origin_header_value": "",
            "routing_http_response_access_control_expose_headers_header_value": "",
            "routing_http_response_access_control_max_age_header_value": "",
            "routing_http_response_content_security_policy_header_value": "",
            "routing_http_response_server_enabled": true,
            "routing_http_response_strict_transport_security_header_value": "",
            "routing_http_response_x_content_type_options_header_value": "",
            "routing_http_response_x_frame_options_header_value": "",
            "ssl_policy": "",
            "tags": {},
            "tags_all": {
              "Environment": "Development",
              "ManagedBy": "Terraform",
              "Owner": "Ernie",
              "Project": "Hybrid-Cloud-School"
            },
            "tcp_idle_timeout_seconds": null,
            "timeouts": null
          },
          "sensitive_attributes": [],
          "identity_schema_version": 0,
          "private": "eyJlMmJmYjczMC1lY2FhLTExZTYtOGY4OC0zNDM2M2JjN2M0YzAiOnsiY3JlYXRlIjozMDAwMDAwMDAwMDAsInVwZGF0ZSI6MzAwMDAwMDAwMDAwfX0=",
          "dependencies": [
            "aws_lb.main",
            "aws_lb_target_group.app",
            "aws_security_group.web",
            "aws_subnet.public",
            "aws_vpc.main",
            "data.aws_availability_zones.available"
          ]
        }
      ]
    },
    {
      "mode": "managed",
      "type": "aws_lb_target_group",
      "name": "app",
      "provider": "provider[\"registry.terraform.io/hashicorp/aws\"]",
      "instances": [
        {
          "schema_version": 0,
          "attributes": {
            "arn": "arn:aws:elasticloadbalancing:eu-west-1:554000693784:targetgroup/hybrid-cloud-school-app-tg/93eaa642912b8dba",
            "arn_suffix": "targetgroup/hybrid-cloud-school-app-tg/93eaa642912b8dba",
            "connection_termination": null,
            "deregistration_delay": "30",
            "health_check": [
              {
                "enabled": true,
                "healthy_threshold": 2,
                "interval": 30,
                "matcher": "200",
                "path": "/health",
                "port": "traffic-port",
                "protocol": "HTTP",
                "timeout": 5,
                "unhealthy_threshold": 3
              }
            ],
            "id": "arn:aws:elasticloadbalancing:eu-west-1:554000693784:targetgroup/hybrid-cloud-school-app-tg/93eaa642912b8dba",
            "ip_address_type": "ipv4",
            "lambda_multi_value_headers_enabled": false,
            "load_balancer_arns": [
              "arn:aws:elasticloadbalancing:eu-west-1:554000693784:loadbalancer/app/hybrid-cloud-school-alb/adb2cfb1336d7f19"
            ],
            "load_balancing_algorithm_type": "round_robin",
            "load_balancing_anomaly_mitigation": "off",
            "load_balancing_cross_zone_enabled": "use_load_balancer_configuration",
            "name": "hybrid-cloud-school-app-tg",
            "name_prefix": "",
            "port": 80,
            "preserve_client_ip": null,
            "protocol": "HTTP",
            "protocol_version": "HTTP1",
            "proxy_protocol_v2": false,
            "slow_start": 0,
            "stickiness": [
              {
                "cookie_duration": 86400,
                "cookie_name": "",
                "enabled": false,
                "type": "lb_cookie"
              }
            ],
            "tags": {
              "Name": "hybrid-cloud-school-app-tg"
            },
            "tags_all": {
              "Environment": "Development",
              "ManagedBy": "Terraform",
              "Name": "hybrid-cloud-school-app-tg",
              "Owner": "Ernie",
              "Project": "Hybrid-Cloud-School"
            },
            "target_failover": [
              {
                "on_deregistration": null,
                "on_unhealthy": null
              }
            ],
            "target_group_health": [
              {
                "dns_failover": [
                  {
                    "minimum_healthy_targets_count": "1",
                    "minimum_healthy_targets_percentage": "off"
                  }
                ],
                "unhealthy_state_routing": [
                  {
                    "minimum_healthy_targets_count": 1,
                    "minimum_healthy_targets_percentage": "off"
                  }
                ]
              }
            ],
            "target_health_state": [
              {
                "enable_unhealthy_connection_termination": null,
                "unhealthy_draining_interval": null
              }
            ],
            "target_type": "ip",
            "vpc_id": "vpc-0c1e8480f4384da42"
          },
          "sensitive_attributes": [],
          "identity_schema_version": 0,
          "private": "bnVsbA==",
          "dependencies": [
            "aws_vpc.main"
          ]
        }
      ]
    },
    {
      "mode": "managed",
      "type": "aws_lb_target_group",
      "name": "grafana",
      "provider": "provider[\"registry.terraform.io/hashicorp/aws\"]",
      "instances": [
        {
          "schema_version": 0,
          "attributes": {
            "arn": "arn:aws:elasticloadbalancing:eu-west-1:554000693784:targetgroup/hybrid-cloud-school-grafana-tg/7c089cf62694385f",
            "arn_suffix": "targetgroup/hybrid-cloud-school-grafana-tg/7c089cf62694385f",
            "connection_termination": null,
            "deregistration_delay": "300",
            "health_check": [
              {
                "enabled": true,
                "healthy_threshold": 2,
                "interval": 30,
                "matcher": "200",
                "path": "/api/health",
                "port": "traffic-port",
                "protocol": "HTTP",
                "timeout": 5,
                "unhealthy_threshold": 3
              }
            ],
            "id": "arn:aws:elasticloadbalancing:eu-west-1:554000693784:targetgroup/hybrid-cloud-school-grafana-tg/7c089cf62694385f",
            "ip_address_type": "ipv4",
            "lambda_multi_value_headers_enabled": false,
            "load_balancer_arns": [
              "arn:aws:elasticloadbalancing:eu-west-1:554000693784:loadbalancer/app/hybrid-cloud-school-grafana-alb/24e7bff0c4b019d9"
            ],
            "load_balancing_algorithm_type": "round_robin",
            "load_balancing_anomaly_mitigation": "off",
            "load_balancing_cross_zone_enabled": "use_load_balancer_configuration",
            "name": "hybrid-cloud-school-grafana-tg",
            "name_prefix": "",
            "port": 3000,
            "preserve_client_ip": null,
            "protocol": "HTTP",
            "protocol_version": "HTTP1",
            "proxy_protocol_v2": false,
            "slow_start": 0,
            "stickiness": [
              {
                "cookie_duration": 86400,
                "cookie_name": "",
                "enabled": false,
                "type": "lb_cookie"
              }
            ],
            "tags": {
              "Name": "hybrid-cloud-school-grafana-tg"
            },
            "tags_all": {
              "Environment": "Development",
              "ManagedBy": "Terraform",
              "Name": "hybrid-cloud-school-grafana-tg",
              "Owner": "Ernie",
              "Project": "Hybrid-Cloud-School"
            },
            "target_failover": [
              {
                "on_deregistration": null,
                "on_unhealthy": null
              }
            ],
            "target_group_health": [
              {
                "dns_failover": [
                  {
                    "minimum_healthy_targets_count": "1",
                    "minimum_healthy_targets_percentage": "off"
                  }
                ],
                "unhealthy_state_routing": [
                  {
                    "minimum_healthy_targets_count": 1,
                    "minimum_healthy_targets_percentage": "off"
                  }
                ]
              }
            ],
            "target_health_state": [
              {
                "enable_unhealthy_connection_termination": null,
                "unhealthy_draining_interval": null
              }
            ],
            "target_type": "ip",
            "vpc_id": "vpc-0c1e8480f4384da42"
          },
          "sensitive_attributes": [],
          "identity_schema_version": 0,
          "private": "bnVsbA==",
          "dependencies": [
            "aws_vpc.main"
          ]
        }
      ]
    },
    {
      "mode": "managed",
      "type": "aws_nat_gateway",
      "name": "main",
      "provider": "provider[\"registry.terraform.io/hashicorp/aws\"]",
      "instances": [
        {
          "index_key": 0,
          "schema_version": 0,
          "attributes": {
            "allocation_id": "eipalloc-0c4920568cccb8f84",
            "association_id": "eipassoc-04fbe1d5cf6f24d77",
            "connectivity_type": "public",
            "id": "nat-0f22f83046a13dbfe",
            "network_interface_id": "eni-0b4ffc5770da825c4",
            "private_ip": "10.0.0.179",
            "public_ip": "54.72.187.100",
            "secondary_allocation_ids": [],
            "secondary_private_ip_address_count": 0,
            "secondary_private_ip_addresses": [],
            "subnet_id": "subnet-0b3b581c2836237c5",
            "tags": {
              "Environment": "dev",
              "Name": "hybrid-cloud-school-nat-gw-1"
            },
            "tags_all": {
              "Environment": "dev",
              "ManagedBy": "Terraform",
              "Name": "hybrid-cloud-school-nat-gw-1",
              "Owner": "Ernie",
              "Project": "Hybrid-Cloud-School"
            },
            "timeouts": null
          },
          "sensitive_attributes": [],
          "identity_schema_version": 0,
          "private": "eyJlMmJmYjczMC1lY2FhLTExZTYtOGY4OC0zNDM2M2JjN2M0YzAiOnsiY3JlYXRlIjo2MDAwMDAwMDAwMDAsImRlbGV0ZSI6MTgwMDAwMDAwMDAwMCwidXBkYXRlIjo2MDAwMDAwMDAwMDB9fQ==",
          "dependencies": [
            "aws_eip.nat",
            "aws_internet_gateway.main",
            "aws_subnet.public",
            "aws_vpc.main",
            "data.aws_availability_zones.available"
          ]
        },
        {
          "index_key": 1,
          "schema_version": 0,
          "attributes": {
            "allocation_id": "eipalloc-032df6d4d093f409f",
            "association_id": "eipassoc-0ec365b0723110e29",
            "connectivity_type": "public",
            "id": "nat-0bda67b32fe33088d",
            "network_interface_id": "eni-0685bc0353c2ea259",
            "private_ip": "10.0.1.181",
            "public_ip": "54.74.86.171",
            "secondary_allocation_ids": [],
            "secondary_private_ip_address_count": 0,
            "secondary_private_ip_addresses": [],
            "subnet_id": "subnet-0f08e4736c5da6b46",
            "tags": {
              "Environment": "dev",
              "Name": "hybrid-cloud-school-nat-gw-2"
            },
            "tags_all": {
              "Environment": "dev",
              "ManagedBy": "Terraform",
              "Name": "hybrid-cloud-school-nat-gw-2",
              "Owner": "Ernie",
              "Project": "Hybrid-Cloud-School"
            },
            "timeouts": null
          },
          "sensitive_attributes": [],
          "identity_schema_version": 0,
          "private": "eyJlMmJmYjczMC1lY2FhLTExZTYtOGY4OC0zNDM2M2JjN2M0YzAiOnsiY3JlYXRlIjo2MDAwMDAwMDAwMDAsImRlbGV0ZSI6MTgwMDAwMDAwMDAwMCwidXBkYXRlIjo2MDAwMDAwMDAwMDB9fQ==",
          "dependencies": [
            "aws_eip.nat",
            "aws_internet_gateway.main",
            "aws_subnet.public",
            "aws_vpc.main",
            "data.aws_availability_zones.available"
          ]
        }
      ]
    },
    {
      "mode": "managed",
      "type": "aws_route53_record",
      "name": "database",
      "provider": "provider[\"registry.terraform.io/hashicorp/aws\"]",
      "instances": [
        {
          "schema_version": 2,
          "attributes": {
            "alias": [],
            "allow_overwrite": null,
            "cidr_routing_policy": [],
            "failover_routing_policy": [],
            "fqdn": "database.hybrid-cloud-school.internal",
            "geolocation_routing_policy": [],
            "geoproximity_routing_policy": [],
            "health_check_id": "",
            "id": "Z039368330QNVNJQEXR9W_database.hybrid-cloud-school.internal_CNAME",
            "latency_routing_policy": [],
            "multivalue_answer_routing_policy": false,
            "name": "database.hybrid-cloud-school.internal",
            "records": [
              "placeholder.rds.amazonaws.com"
            ],
            "set_identifier": "",
            "timeouts": null,
            "ttl": 300,
            "type": "CNAME",
            "weighted_routing_policy": [],
            "zone_id": "Z039368330QNVNJQEXR9W"
          },
          "sensitive_attributes": [],
          "identity_schema_version": 0,
          "private": "eyJlMmJmYjczMC1lY2FhLTExZTYtOGY4OC0zNDM2M2JjN2M0YzAiOnsiY3JlYXRlIjoxODAwMDAwMDAwMDAwLCJkZWxldGUiOjE4MDAwMDAwMDAwMDAsInVwZGF0ZSI6MTgwMDAwMDAwMDAwMH0sInNjaGVtYV92ZXJzaW9uIjoiMiJ9",
          "dependencies": [
            "aws_route53_zone.private",
            "aws_vpc.main"
          ]
        }
      ]
    },
    {
      "mode": "managed",
      "type": "aws_route53_record",
      "name": "grafana",
      "provider": "provider[\"registry.terraform.io/hashicorp/aws\"]",
      "instances": [
        {
          "schema_version": 2,
          "attributes": {
            "alias": [],
            "allow_overwrite": null,
            "cidr_routing_policy": [],
            "failover_routing_policy": [],
            "fqdn": "grafana.hybrid-cloud-school.internal",
            "geolocation_routing_policy": [],
            "geoproximity_routing_policy": [],
            "health_check_id": "",
            "id": "Z039368330QNVNJQEXR9W_grafana.hybrid-cloud-school.internal_A",
            "latency_routing_policy": [],
            "multivalue_answer_routing_policy": false,
            "name": "grafana.hybrid-cloud-school.internal",
            "records": [
              "10.0.11.20"
            ],
            "set_identifier": "",
            "timeouts": null,
            "ttl": 300,
            "type": "A",
            "weighted_routing_policy": [],
            "zone_id": "Z039368330QNVNJQEXR9W"
          },
          "sensitive_attributes": [],
          "identity_schema_version": 0,
          "private": "eyJlMmJmYjczMC1lY2FhLTExZTYtOGY4OC0zNDM2M2JjN2M0YzAiOnsiY3JlYXRlIjoxODAwMDAwMDAwMDAwLCJkZWxldGUiOjE4MDAwMDAwMDAwMDAsInVwZGF0ZSI6MTgwMDAwMDAwMDAwMH0sInNjaGVtYV92ZXJzaW9uIjoiMiJ9",
          "dependencies": [
            "aws_route53_zone.private",
            "aws_vpc.main"
          ]
        }
      ]
    },
    {
      "mode": "managed",
      "type": "aws_route53_record",
      "name": "loki",
      "provider": "provider[\"registry.terraform.io/hashicorp/aws\"]",
      "instances": [
        {
          "schema_version": 2,
          "attributes": {
            "alias": [],
            "allow_overwrite": null,
            "cidr_routing_policy": [],
            "failover_routing_policy": [],
            "fqdn": "loki.hybrid-cloud-school.internal",
            "geolocation_routing_policy": [],
            "geoproximity_routing_policy": [],
            "health_check_id": "",
            "id": "Z039368330QNVNJQEXR9W_loki.hybrid-cloud-school.internal_A",
            "latency_routing_policy": [],
            "multivalue_answer_routing_policy": false,
            "name": "loki.hybrid-cloud-school.internal",
            "records": [
              "10.0.11.30"
            ],
            "set_identifier": "",
            "timeouts": null,
            "ttl": 300,
            "type": "A",
            "weighted_routing_policy": [],
            "zone_id": "Z039368330QNVNJQEXR9W"
          },
          "sensitive_attributes": [],
          "identity_schema_version": 0,
          "private": "eyJlMmJmYjczMC1lY2FhLTExZTYtOGY4OC0zNDM2M2JjN2M0YzAiOnsiY3JlYXRlIjoxODAwMDAwMDAwMDAwLCJkZWxldGUiOjE4MDAwMDAwMDAwMDAsInVwZGF0ZSI6MTgwMDAwMDAwMDAwMH0sInNjaGVtYV92ZXJzaW9uIjoiMiJ9",
          "dependencies": [
            "aws_route53_zone.private",
            "aws_vpc.main"
          ]
        }
      ]
    },
    {
      "mode": "managed",
      "type": "aws_route53_record",
      "name": "prometheus",
      "provider": "provider[\"registry.terraform.io/hashicorp/aws\"]",
      "instances": [
        {
          "schema_version": 2,
          "attributes": {
            "alias": [],
            "allow_overwrite": null,
            "cidr_routing_policy": [],
            "failover_routing_policy": [],
            "fqdn": "prometheus.hybrid-cloud-school.internal",
            "geolocation_routing_policy": [],
            "geoproximity_routing_policy": [],
            "health_check_id": "",
            "id": "Z039368330QNVNJQEXR9W_prometheus.hybrid-cloud-school.internal_A",
            "latency_routing_policy": [],
            "multivalue_answer_routing_policy": false,
            "name": "prometheus.hybrid-cloud-school.internal",
            "records": [
              "10.0.11.10"
            ],
            "set_identifier": "",
            "timeouts": null,
            "ttl": 300,
            "type": "A",
            "weighted_routing_policy": [],
            "zone_id": "Z039368330QNVNJQEXR9W"
          },
          "sensitive_attributes": [],
          "identity_schema_version": 0,
          "private": "eyJlMmJmYjczMC1lY2FhLTExZTYtOGY4OC0zNDM2M2JjN2M0YzAiOnsiY3JlYXRlIjoxODAwMDAwMDAwMDAwLCJkZWxldGUiOjE4MDAwMDAwMDAwMDAsInVwZGF0ZSI6MTgwMDAwMDAwMDAwMH0sInNjaGVtYV92ZXJzaW9uIjoiMiJ9",
          "dependencies": [
            "aws_route53_zone.private",
            "aws_vpc.main"
          ]
        }
      ]
    },
    {
      "mode": "managed",
      "type": "aws_route53_zone",
      "name": "private",
      "provider": "provider[\"registry.terraform.io/hashicorp/aws\"]",
      "instances": [
        {
          "schema_version": 0,
          "attributes": {
            "arn": "arn:aws:route53:::hostedzone/Z039368330QNVNJQEXR9W",
            "comment": "Managed by Terraform",
            "delegation_set_id": "",
            "force_destroy": false,
            "id": "Z039368330QNVNJQEXR9W",
            "name": "hybrid-cloud-school.internal",
            "name_servers": [
              "ns-0.awsdns-00.com.",
              "ns-1024.awsdns-00.org.",
              "ns-1536.awsdns-00.co.uk.",
              "ns-512.awsdns-00.net."
            ],
            "primary_name_server": "ns-0.awsdns-00.com.",
            "tags": {
              "Name": "hybrid-cloud-school-private-zone",
              "Requirement": "REQ-NCA-P2-04"
            },
            "tags_all": {
              "Environment": "Development",
              "ManagedBy": "Terraform",
              "Name": "hybrid-cloud-school-private-zone",
              "Owner": "Ernie",
              "Project": "Hybrid-Cloud-School",
              "Requirement": "REQ-NCA-P2-04"
            },
            "timeouts": null,
            "vpc": [
              {
                "vpc_id": "vpc-0c1e8480f4384da42",
                "vpc_region": "eu-west-1"
              }
            ],
            "zone_id": "Z039368330QNVNJQEXR9W"
          },
          "sensitive_attributes": [],
          "identity_schema_version": 0,
          "private": "eyJlMmJmYjczMC1lY2FhLTExZTYtOGY4OC0zNDM2M2JjN2M0YzAiOnsiY3JlYXRlIjoxODAwMDAwMDAwMDAwLCJkZWxldGUiOjE4MDAwMDAwMDAwMDAsInVwZGF0ZSI6MTgwMDAwMDAwMDAwMH19",
          "dependencies": [
            "aws_vpc.main"
          ]
        }
      ]
    },
    {
      "mode": "managed",
      "type": "aws_route_table",
      "name": "private",
      "provider": "provider[\"registry.terraform.io/hashicorp/aws\"]",
      "instances": [
        {
          "index_key": 0,
          "schema_version": 0,
          "attributes": {
            "arn": "arn:aws:ec2:eu-west-1:554000693784:route-table/rtb-052a2aa50e1da020f",
            "id": "rtb-052a2aa50e1da020f",
            "owner_id": "554000693784",
            "propagating_vgws": [
              "vgw-08e5d3febce1ea1fa"
            ],
            "route": [
              {
                "carrier_gateway_id": "",
                "cidr_block": "0.0.0.0/0",
                "core_network_arn": "",
                "destination_prefix_list_id": "",
                "egress_only_gateway_id": "",
                "gateway_id": "",
                "ipv6_cidr_block": "",
                "local_gateway_id": "",
                "nat_gateway_id": "nat-0f22f83046a13dbfe",
                "network_interface_id": "",
                "transit_gateway_id": "",
                "vpc_endpoint_id": "",
                "vpc_peering_connection_id": ""
              }
            ],
            "tags": {
              "Environment": "dev",
              "Name": "hybrid-cloud-school-private-rt-1",
              "Type": "Private"
            },
            "tags_all": {
              "Environment": "dev",
              "ManagedBy": "Terraform",
              "Name": "hybrid-cloud-school-private-rt-1",
              "Owner": "Ernie",
              "Project": "Hybrid-Cloud-School",
              "Type": "Private"
            },
            "timeouts": null,
            "vpc_id": "vpc-0c1e8480f4384da42"
          },
          "sensitive_attributes": [],
          "identity_schema_version": 0,
          "private": "eyJlMmJmYjczMC1lY2FhLTExZTYtOGY4OC0zNDM2M2JjN2M0YzAiOnsiY3JlYXRlIjozMDAwMDAwMDAwMDAsImRlbGV0ZSI6MzAwMDAwMDAwMDAwLCJ1cGRhdGUiOjEyMDAwMDAwMDAwMH19",
          "dependencies": [
            "aws_eip.nat",
            "aws_internet_gateway.main",
            "aws_nat_gateway.main",
            "aws_subnet.public",
            "aws_vpc.main",
            "data.aws_availability_zones.available"
          ]
        },
        {
          "index_key": 1,
          "schema_version": 0,
          "attributes": {
            "arn": "arn:aws:ec2:eu-west-1:554000693784:route-table/rtb-00bb15c069268ef8d",
            "id": "rtb-00bb15c069268ef8d",
            "owner_id": "554000693784",
            "propagating_vgws": [
              "vgw-08e5d3febce1ea1fa"
            ],
            "route": [
              {
                "carrier_gateway_id": "",
                "cidr_block": "0.0.0.0/0",
                "core_network_arn": "",
                "destination_prefix_list_id": "",
                "egress_only_gateway_id": "",
                "gateway_id": "",
                "ipv6_cidr_block": "",
                "local_gateway_id": "",
                "nat_gateway_id": "nat-0bda67b32fe33088d",
                "network_interface_id": "",
                "transit_gateway_id": "",
                "vpc_endpoint_id": "",
                "vpc_peering_connection_id": ""
              }
            ],
            "tags": {
              "Environment": "dev",
              "Name": "hybrid-cloud-school-private-rt-2",
              "Type": "Private"
            },
            "tags_all": {
              "Environment": "dev",
              "ManagedBy": "Terraform",
              "Name": "hybrid-cloud-school-private-rt-2",
              "Owner": "Ernie",
              "Project": "Hybrid-Cloud-School",
              "Type": "Private"
            },
            "timeouts": null,
            "vpc_id": "vpc-0c1e8480f4384da42"
          },
          "sensitive_attributes": [],
          "identity_schema_version": 0,
          "private": "eyJlMmJmYjczMC1lY2FhLTExZTYtOGY4OC0zNDM2M2JjN2M0YzAiOnsiY3JlYXRlIjozMDAwMDAwMDAwMDAsImRlbGV0ZSI6MzAwMDAwMDAwMDAwLCJ1cGRhdGUiOjEyMDAwMDAwMDAwMH19",
          "dependencies": [
            "aws_eip.nat",
            "aws_internet_gateway.main",
            "aws_nat_gateway.main",
            "aws_subnet.public",
            "aws_vpc.main",
            "data.aws_availability_zones.available"
          ]
        }
      ]
    },
    {
      "mode": "managed",
      "type": "aws_route_table",
      "name": "public",
      "provider": "provider[\"registry.terraform.io/hashicorp/aws\"]",
      "instances": [
        {
          "schema_version": 0,
          "attributes": {
            "arn": "arn:aws:ec2:eu-west-1:554000693784:route-table/rtb-0fb0ecb7a6ac3cc50",
            "id": "rtb-0fb0ecb7a6ac3cc50",
            "owner_id": "554000693784",
            "propagating_vgws": [
              "vgw-08e5d3febce1ea1fa"
            ],
            "route": [
              {
                "carrier_gateway_id": "",
                "cidr_block": "0.0.0.0/0",
                "core_network_arn": "",
                "destination_prefix_list_id": "",
                "egress_only_gateway_id": "",
                "gateway_id": "igw-0054686efc7cdce4e",
                "ipv6_cidr_block": "",
                "local_gateway_id": "",
                "nat_gateway_id": "",
                "network_interface_id": "",
                "transit_gateway_id": "",
                "vpc_endpoint_id": "",
                "vpc_peering_connection_id": ""
              }
            ],
            "tags": {
              "Environment": "dev",
              "Name": "hybrid-cloud-school-public-rt",
              "Type": "Public"
            },
            "tags_all": {
              "Environment": "dev",
              "ManagedBy": "Terraform",
              "Name": "hybrid-cloud-school-public-rt",
              "Owner": "Ernie",
              "Project": "Hybrid-Cloud-School",
              "Type": "Public"
            },
            "timeouts": null,
            "vpc_id": "vpc-0c1e8480f4384da42"
          },
          "sensitive_attributes": [],
          "identity_schema_version": 0,
          "private": "eyJlMmJmYjczMC1lY2FhLTExZTYtOGY4OC0zNDM2M2JjN2M0YzAiOnsiY3JlYXRlIjozMDAwMDAwMDAwMDAsImRlbGV0ZSI6MzAwMDAwMDAwMDAwLCJ1cGRhdGUiOjEyMDAwMDAwMDAwMH19",
          "dependencies": [
            "aws_internet_gateway.main",
            "aws_vpc.main"
          ]
        }
      ]
    },
    {
      "mode": "managed",
      "type": "aws_route_table_association",
      "name": "database",
      "provider": "provider[\"registry.terraform.io/hashicorp/aws\"]",
      "instances": [
        {
          "index_key": 0,
          "schema_version": 0,
          "attributes": {
            "gateway_id": "",
            "id": "rtbassoc-032a266d4e0459bbd",
            "route_table_id": "rtb-052a2aa50e1da020f",
            "subnet_id": "subnet-0512ca628d4a64a11",
            "timeouts": null
          },
          "sensitive_attributes": [],
          "identity_schema_version": 0,
          "private": "eyJlMmJmYjczMC1lY2FhLTExZTYtOGY4OC0zNDM2M2JjN2M0YzAiOnsiY3JlYXRlIjozMDAwMDAwMDAwMDAsImRlbGV0ZSI6MzAwMDAwMDAwMDAwLCJ1cGRhdGUiOjEyMDAwMDAwMDAwMH19",
          "dependencies": [
            "aws_eip.nat",
            "aws_internet_gateway.main",
            "aws_nat_gateway.main",
            "aws_route_table.private",
            "aws_subnet.database",
            "aws_subnet.public",
            "aws_vpc.main",
            "data.aws_availability_zones.available"
          ]
        },
        {
          "index_key": 1,
          "schema_version": 0,
          "attributes": {
            "gateway_id": "",
            "id": "rtbassoc-033faf6b3d440555a",
            "route_table_id": "rtb-00bb15c069268ef8d",
            "subnet_id": "subnet-07ad308ef057a4e1f",
            "timeouts": null
          },
          "sensitive_attributes": [],
          "identity_schema_version": 0,
          "private": "eyJlMmJmYjczMC1lY2FhLTExZTYtOGY4OC0zNDM2M2JjN2M0YzAiOnsiY3JlYXRlIjozMDAwMDAwMDAwMDAsImRlbGV0ZSI6MzAwMDAwMDAwMDAwLCJ1cGRhdGUiOjEyMDAwMDAwMDAwMH19",
          "dependencies": [
            "aws_eip.nat",
            "aws_internet_gateway.main",
            "aws_nat_gateway.main",
            "aws_route_table.private",
            "aws_subnet.database",
            "aws_subnet.public",
            "aws_vpc.main",
            "data.aws_availability_zones.available"
          ]
        }
      ]
    },
    {
      "mode": "managed",
      "type": "aws_route_table_association",
      "name": "private",
      "provider": "provider[\"registry.terraform.io/hashicorp/aws\"]",
      "instances": [
        {
          "index_key": 0,
          "schema_version": 0,
          "attributes": {
            "gateway_id": "",
            "id": "rtbassoc-0510abfcf794f0a1d",
            "route_table_id": "rtb-052a2aa50e1da020f",
            "subnet_id": "subnet-05dfebfedd1946f87",
            "timeouts": null
          },
          "sensitive_attributes": [],
          "identity_schema_version": 0,
          "private": "eyJlMmJmYjczMC1lY2FhLTExZTYtOGY4OC0zNDM2M2JjN2M0YzAiOnsiY3JlYXRlIjozMDAwMDAwMDAwMDAsImRlbGV0ZSI6MzAwMDAwMDAwMDAwLCJ1cGRhdGUiOjEyMDAwMDAwMDAwMH19",
          "dependencies": [
            "aws_eip.nat",
            "aws_internet_gateway.main",
            "aws_nat_gateway.main",
            "aws_route_table.private",
            "aws_subnet.private",
            "aws_subnet.public",
            "aws_vpc.main",
            "data.aws_availability_zones.available"
          ]
        },
        {
          "index_key": 1,
          "schema_version": 0,
          "attributes": {
            "gateway_id": "",
            "id": "rtbassoc-0f728cd9c44ad33d4",
            "route_table_id": "rtb-00bb15c069268ef8d",
            "subnet_id": "subnet-0b1b03cc40f2c5bfd",
            "timeouts": null
          },
          "sensitive_attributes": [],
          "identity_schema_version": 0,
          "private": "eyJlMmJmYjczMC1lY2FhLTExZTYtOGY4OC0zNDM2M2JjN2M0YzAiOnsiY3JlYXRlIjozMDAwMDAwMDAwMDAsImRlbGV0ZSI6MzAwMDAwMDAwMDAwLCJ1cGRhdGUiOjEyMDAwMDAwMDAwMH19",
          "dependencies": [
            "aws_eip.nat",
            "aws_internet_gateway.main",
            "aws_nat_gateway.main",
            "aws_route_table.private",
            "aws_subnet.private",
            "aws_subnet.public",
            "aws_vpc.main",
            "data.aws_availability_zones.available"
          ]
        }
      ]
    },
    {
      "mode": "managed",
      "type": "aws_route_table_association",
      "name": "public",
      "provider": "provider[\"registry.terraform.io/hashicorp/aws\"]",
      "instances": [
        {
          "index_key": 0,
          "schema_version": 0,
          "attributes": {
            "gateway_id": "",
            "id": "rtbassoc-0ab9cc319c74fa4ea",
            "route_table_id": "rtb-0fb0ecb7a6ac3cc50",
            "subnet_id": "subnet-0b3b581c2836237c5",
            "timeouts": null
          },
          "sensitive_attributes": [],
          "identity_schema_version": 0,
          "private": "eyJlMmJmYjczMC1lY2FhLTExZTYtOGY4OC0zNDM2M2JjN2M0YzAiOnsiY3JlYXRlIjozMDAwMDAwMDAwMDAsImRlbGV0ZSI6MzAwMDAwMDAwMDAwLCJ1cGRhdGUiOjEyMDAwMDAwMDAwMH19",
          "dependencies": [
            "aws_internet_gateway.main",
            "aws_route_table.public",
            "aws_subnet.public",
            "aws_vpc.main",
            "data.aws_availability_zones.available"
          ]
        },
        {
          "index_key": 1,
          "schema_version": 0,
          "attributes": {
            "gateway_id": "",
            "id": "rtbassoc-02b930bc8add1191d",
            "route_table_id": "rtb-0fb0ecb7a6ac3cc50",
            "subnet_id": "subnet-0f08e4736c5da6b46",
            "timeouts": null
          },
          "sensitive_attributes": [],
          "identity_schema_version": 0,
          "private": "eyJlMmJmYjczMC1lY2FhLTExZTYtOGY4OC0zNDM2M2JjN2M0YzAiOnsiY3JlYXRlIjozMDAwMDAwMDAwMDAsImRlbGV0ZSI6MzAwMDAwMDAwMDAwLCJ1cGRhdGUiOjEyMDAwMDAwMDAwMH19",
          "dependencies": [
            "aws_internet_gateway.main",
            "aws_route_table.public",
            "aws_subnet.public",
            "aws_vpc.main",
            "data.aws_availability_zones.available"
          ]
        }
      ]
    },
    {
      "mode": "managed",
      "type": "aws_s3_bucket",
      "name": "loki",
      "provider": "provider[\"registry.terraform.io/hashicorp/aws\"]",
      "instances": [
        {
          "schema_version": 0,
          "attributes": {
            "acceleration_status": "",
            "acl": null,
            "arn": "arn:aws:s3:::hybrid-cloud-school-loki-logs",
            "bucket": "hybrid-cloud-school-loki-logs",
            "bucket_domain_name": "hybrid-cloud-school-loki-logs.s3.amazonaws.com",
            "bucket_prefix": "",
            "bucket_regional_domain_name": "hybrid-cloud-school-loki-logs.s3.eu-west-1.amazonaws.com",
            "cors_rule": [],
            "force_destroy": false,
            "grant": [
              {
                "id": "2637a0c89a4854709d2932ee0b078df94fcf408aa247c418c7e4314850bb21e9",
                "permissions": [
                  "FULL_CONTROL"
                ],
                "type": "CanonicalUser",
                "uri": ""
              }
            ],
            "hosted_zone_id": "Z1BKCTXD74EZPE",
            "id": "hybrid-cloud-school-loki-logs",
            "lifecycle_rule": [
              {
                "abort_incomplete_multipart_upload_days": 0,
                "enabled": true,
                "expiration": [
                  {
                    "date": "",
                    "days": 365,
                    "expired_object_delete_marker": false
                  }
                ],
                "id": "transition-to-ia",
                "noncurrent_version_expiration": [],
                "noncurrent_version_transition": [],
                "prefix": "",
                "tags": {},
                "transition": [
                  {
                    "date": "",
                    "days": 30,
                    "storage_class": "STANDARD_IA"
                  },
                  {
                    "date": "",
                    "days": 90,
                    "storage_class": "GLACIER"
                  }
                ]
              }
            ],
            "logging": [],
            "object_lock_configuration": [],
            "object_lock_enabled": false,
            "policy": "",
            "region": "eu-west-1",
            "replication_configuration": [],
            "request_payer": "BucketOwner",
            "server_side_encryption_configuration": [
              {
                "rule": [
                  {
                    "apply_server_side_encryption_by_default": [
                      {
                        "kms_master_key_id": "",
                        "sse_algorithm": "AES256"
                      }
                    ],
                    "bucket_key_enabled": false
                  }
                ]
              }
            ],
            "tags": {
              "Name": "hybrid-cloud-school-loki-logs",
              "Purpose": "Long-term log storage"
            },
            "tags_all": {
              "Environment": "Development",
              "ManagedBy": "Terraform",
              "Name": "hybrid-cloud-school-loki-logs",
              "Owner": "Ernie",
              "Project": "Hybrid-Cloud-School",
              "Purpose": "Long-term log storage"
            },
            "timeouts": null,
            "versioning": [
              {
                "enabled": true,
                "mfa_delete": false
              }
            ],
            "website": [],
            "website_domain": null,
            "website_endpoint": null
          },
          "sensitive_attributes": [],
          "identity_schema_version": 0,
          "private": "eyJlMmJmYjczMC1lY2FhLTExZTYtOGY4OC0zNDM2M2JjN2M0YzAiOnsiY3JlYXRlIjoxMjAwMDAwMDAwMDAwLCJkZWxldGUiOjM2MDAwMDAwMDAwMDAsInJlYWQiOjEyMDAwMDAwMDAwMDAsInVwZGF0ZSI6MTIwMDAwMDAwMDAwMH19"
        }
      ]
    },
    {
      "mode": "managed",
      "type": "aws_s3_bucket",
      "name": "loki_storage",
      "provider": "provider[\"registry.terraform.io/hashicorp/aws\"]",
      "instances": [
        {
          "schema_version": 0,
          "attributes": {
            "acceleration_status": "",
            "acl": null,
            "arn": "arn:aws:s3:::hybrid-cloud-school-loki-logs-554000693784",
            "bucket": "hybrid-cloud-school-loki-logs-554000693784",
            "bucket_domain_name": "hybrid-cloud-school-loki-logs-554000693784.s3.amazonaws.com",
            "bucket_prefix": "",
            "bucket_regional_domain_name": "hybrid-cloud-school-loki-logs-554000693784.s3.eu-west-1.amazonaws.com",
            "cors_rule": [],
            "force_destroy": false,
            "grant": [
              {
                "id": "2637a0c89a4854709d2932ee0b078df94fcf408aa247c418c7e4314850bb21e9",
                "permissions": [
                  "FULL_CONTROL"
                ],
                "type": "CanonicalUser",
                "uri": ""
              }
            ],
            "hosted_zone_id": "Z1BKCTXD74EZPE",
            "id": "hybrid-cloud-school-loki-logs-554000693784",
            "lifecycle_rule": [
              {
                "abort_incomplete_multipart_upload_days": 0,
                "enabled": true,
                "expiration": [
                  {
                    "date": "",
                    "days": 365,
                    "expired_object_delete_marker": false
                  }
                ],
                "id": "archive-old-logs",
                "noncurrent_version_expiration": [],
                "noncurrent_version_transition": [],
                "prefix": "",
                "tags": {},
                "transition": [
                  {
                    "date": "",
                    "days": 30,
                    "storage_class": "STANDARD_IA"
                  },
                  {
                    "date": "",
                    "days": 90,
                    "storage_class": "GLACIER"
                  }
                ]
              }
            ],
            "logging": [],
            "object_lock_configuration": [],
            "object_lock_enabled": false,
            "policy": "",
            "region": "eu-west-1",
            "replication_configuration": [],
            "request_payer": "BucketOwner",
            "server_side_encryption_configuration": [
              {
                "rule": [
                  {
                    "apply_server_side_encryption_by_default": [
                      {
                        "kms_master_key_id": "",
                        "sse_algorithm": "AES256"
                      }
                    ],
                    "bucket_key_enabled": false
                  }
                ]
              }
            ],
            "tags": {
              "Name": "hybrid-cloud-school-loki-storage"
            },
            "tags_all": {
              "Environment": "Development",
              "ManagedBy": "Terraform",
              "Name": "hybrid-cloud-school-loki-storage",
              "Owner": "Ernie",
              "Project": "Hybrid-Cloud-School"
            },
            "timeouts": null,
            "versioning": [
              {
                "enabled": true,
                "mfa_delete": false
              }
            ],
            "website": [],
            "website_domain": null,
            "website_endpoint": null
          },
          "sensitive_attributes": [],
          "identity_schema_version": 0,
          "private": "eyJlMmJmYjczMC1lY2FhLTExZTYtOGY4OC0zNDM2M2JjN2M0YzAiOnsiY3JlYXRlIjoxMjAwMDAwMDAwMDAwLCJkZWxldGUiOjM2MDAwMDAwMDAwMDAsInJlYWQiOjEyMDAwMDAwMDAwMDAsInVwZGF0ZSI6MTIwMDAwMDAwMDAwMH19",
          "dependencies": [
            "data.aws_caller_identity.current"
          ]
        }
      ]
    },
    {
      "mode": "managed",
      "type": "aws_s3_bucket",
      "name": "prometheus",
      "provider": "provider[\"registry.terraform.io/hashicorp/aws\"]",
      "instances": [
        {
          "schema_version": 0,
          "attributes": {
            "acceleration_status": "",
            "acl": null,
            "arn": "arn:aws:s3:::hybrid-cloud-school-prometheus-data",
            "bucket": "hybrid-cloud-school-prometheus-data",
            "bucket_domain_name": "hybrid-cloud-school-prometheus-data.s3.amazonaws.com",
            "bucket_prefix": "",
            "bucket_regional_domain_name": "hybrid-cloud-school-prometheus-data.s3.eu-west-1.amazonaws.com",
            "cors_rule": [],
            "force_destroy": false,
            "grant": [
              {
                "id": "2637a0c89a4854709d2932ee0b078df94fcf408aa247c418c7e4314850bb21e9",
                "permissions": [
                  "FULL_CONTROL"
                ],
                "type": "CanonicalUser",
                "uri": ""
              }
            ],
            "hosted_zone_id": "Z1BKCTXD74EZPE",
            "id": "hybrid-cloud-school-prometheus-data",
            "lifecycle_rule": [
              {
                "abort_incomplete_multipart_upload_days": 0,
                "enabled": true,
                "expiration": [
                  {
                    "date": "",
                    "days": 15,
                    "expired_object_delete_marker": false
                  }
                ],
                "id": "delete-old-metrics",
                "noncurrent_version_expiration": [],
                "noncurrent_version_transition": [],
                "prefix": "",
                "tags": {},
                "transition": []
              }
            ],
            "logging": [],
            "object_lock_configuration": [],
            "object_lock_enabled": false,
            "policy": "",
            "region": "eu-west-1",
            "replication_configuration": [],
            "request_payer": "BucketOwner",
            "server_side_encryption_configuration": [
              {
                "rule": [
                  {
                    "apply_server_side_encryption_by_default": [
                      {
                        "kms_master_key_id": "",
                        "sse_algorithm": "AES256"
                      }
                    ],
                    "bucket_key_enabled": false
                  }
                ]
              }
            ],
            "tags": {
              "Name": "hybrid-cloud-school-prometheus-data",
              "Purpose": "Long-term metrics storage"
            },
            "tags_all": {
              "Environment": "Development",
              "ManagedBy": "Terraform",
              "Name": "hybrid-cloud-school-prometheus-data",
              "Owner": "Ernie",
              "Project": "Hybrid-Cloud-School",
              "Purpose": "Long-term metrics storage"
            },
            "timeouts": null,
            "versioning": [
              {
                "enabled": true,
                "mfa_delete": false
              }
            ],
            "website": [],
            "website_domain": null,
            "website_endpoint": null
          },
          "sensitive_attributes": [],
          "identity_schema_version": 0,
          "private": "eyJlMmJmYjczMC1lY2FhLTExZTYtOGY4OC0zNDM2M2JjN2M0YzAiOnsiY3JlYXRlIjoxMjAwMDAwMDAwMDAwLCJkZWxldGUiOjM2MDAwMDAwMDAwMDAsInJlYWQiOjEyMDAwMDAwMDAwMDAsInVwZGF0ZSI6MTIwMDAwMDAwMDAwMH19"
        }
      ]
    },
    {
      "mode": "managed",
      "type": "aws_s3_bucket_lifecycle_configuration",
      "name": "loki",
      "provider": "provider[\"registry.terraform.io/hashicorp/aws\"]",
      "instances": [
        {
          "schema_version": 1,
          "attributes": {
            "bucket": "hybrid-cloud-school-loki-logs",
            "expected_bucket_owner": "",
            "id": "hybrid-cloud-school-loki-logs",
            "rule": [
              {
                "abort_incomplete_multipart_upload": [],
                "expiration": [
                  {
                    "date": null,
                    "days": 365,
                    "expired_object_delete_marker": false
                  }
                ],
                "filter": [
                  {
                    "and": [],
                    "object_size_greater_than": null,
                    "object_size_less_than": null,
                    "prefix": "",
                    "tag": []
                  }
                ],
                "id": "transition-to-ia",
                "noncurrent_version_expiration": [],
                "noncurrent_version_transition": [],
                "prefix": "",
                "status": "Enabled",
                "transition": [
                  {
                    "date": null,
                    "days": 30,
                    "storage_class": "STANDARD_IA"
                  },
                  {
                    "date": null,
                    "days": 90,
                    "storage_class": "GLACIER"
                  }
                ]
              }
            ],
            "timeouts": null,
            "transition_default_minimum_object_size": "all_storage_classes_128K"
          },
          "sensitive_attributes": [],
          "identity_schema_version": 0,
          "dependencies": [
            "aws_s3_bucket.loki"
          ]
        }
      ]
    },
    {
      "mode": "managed",
      "type": "aws_s3_bucket_lifecycle_configuration",
      "name": "loki_storage",
      "provider": "provider[\"registry.terraform.io/hashicorp/aws\"]",
      "instances": [
        {
          "schema_version": 1,
          "attributes": {
            "bucket": "hybrid-cloud-school-loki-logs-554000693784",
            "expected_bucket_owner": "",
            "id": "hybrid-cloud-school-loki-logs-554000693784",
            "rule": [
              {
                "abort_incomplete_multipart_upload": [],
                "expiration": [
                  {
                    "date": null,
                    "days": 365,
                    "expired_object_delete_marker": false
                  }
                ],
                "filter": [
                  {
                    "and": [],
                    "object_size_greater_than": null,
                    "object_size_less_than": null,
                    "prefix": "",
                    "tag": []
                  }
                ],
                "id": "archive-old-logs",
                "noncurrent_version_expiration": [],
                "noncurrent_version_transition": [],
                "prefix": "",
                "status": "Enabled",
                "transition": [
                  {
                    "date": null,
                    "days": 30,
                    "storage_class": "STANDARD_IA"
                  },
                  {
                    "date": null,
                    "days": 90,
                    "storage_class": "GLACIER"
                  }
                ]
              }
            ],
            "timeouts": null,
            "transition_default_minimum_object_size": "all_storage_classes_128K"
          },
          "sensitive_attributes": [],
          "identity_schema_version": 0,
          "dependencies": [
            "aws_s3_bucket.loki_storage",
            "data.aws_caller_identity.current"
          ]
        }
      ]
    },
    {
      "mode": "managed",
      "type": "aws_s3_bucket_lifecycle_configuration",
      "name": "prometheus",
      "provider": "provider[\"registry.terraform.io/hashicorp/aws\"]",
      "instances": [
        {
          "schema_version": 1,
          "attributes": {
            "bucket": "hybrid-cloud-school-prometheus-data",
            "expected_bucket_owner": "",
            "id": "hybrid-cloud-school-prometheus-data",
            "rule": [
              {
                "abort_incomplete_multipart_upload": [],
                "expiration": [
                  {
                    "date": null,
                    "days": 15,
                    "expired_object_delete_marker": false
                  }
                ],
                "filter": [
                  {
                    "and": [],
                    "object_size_greater_than": null,
                    "object_size_less_than": null,
                    "prefix": "",
                    "tag": []
                  }
                ],
                "id": "delete-old-metrics",
                "noncurrent_version_expiration": [],
                "noncurrent_version_transition": [],
                "prefix": "",
                "status": "Enabled",
                "transition": []
              }
            ],
            "timeouts": null,
            "transition_default_minimum_object_size": "all_storage_classes_128K"
          },
          "sensitive_attributes": [],
          "identity_schema_version": 0,
          "dependencies": [
            "aws_s3_bucket.prometheus"
          ]
        }
      ]
    },
    {
      "mode": "managed",
      "type": "aws_s3_bucket_server_side_encryption_configuration",
      "name": "loki_storage",
      "provider": "provider[\"registry.terraform.io/hashicorp/aws\"]",
      "instances": [
        {
          "schema_version": 0,
          "attributes": {
            "bucket": "hybrid-cloud-school-loki-logs-554000693784",
            "expected_bucket_owner": "",
            "id": "hybrid-cloud-school-loki-logs-554000693784",
            "rule": [
              {
                "apply_server_side_encryption_by_default": [
                  {
                    "kms_master_key_id": "",
                    "sse_algorithm": "AES256"
                  }
                ],
                "bucket_key_enabled": false
              }
            ]
          },
          "sensitive_attributes": [],
          "identity_schema_version": 0,
          "private": "bnVsbA==",
          "dependencies": [
            "aws_s3_bucket.loki_storage",
            "data.aws_caller_identity.current"
          ]
        }
      ]
    },
    {
      "mode": "managed",
      "type": "aws_s3_bucket_versioning",
      "name": "loki",
      "provider": "provider[\"registry.terraform.io/hashicorp/aws\"]",
      "instances": [
        {
          "schema_version": 0,
          "attributes": {
            "bucket": "hybrid-cloud-school-loki-logs",
            "expected_bucket_owner": "",
            "id": "hybrid-cloud-school-loki-logs",
            "mfa": null,
            "versioning_configuration": [
              {
                "mfa_delete": "",
                "status": "Enabled"
              }
            ]
          },
          "sensitive_attributes": [],
          "identity_schema_version": 0,
          "private": "bnVsbA==",
          "dependencies": [
            "aws_s3_bucket.loki"
          ]
        }
      ]
    },
    {
      "mode": "managed",
      "type": "aws_s3_bucket_versioning",
      "name": "loki_storage",
      "provider": "provider[\"registry.terraform.io/hashicorp/aws\"]",
      "instances": [
        {
          "schema_version": 0,
          "attributes": {
            "bucket": "hybrid-cloud-school-loki-logs-554000693784",
            "expected_bucket_owner": "",
            "id": "hybrid-cloud-school-loki-logs-554000693784",
            "mfa": null,
            "versioning_configuration": [
              {
                "mfa_delete": "",
                "status": "Enabled"
              }
            ]
          },
          "sensitive_attributes": [],
          "identity_schema_version": 0,
          "private": "bnVsbA==",
          "dependencies": [
            "aws_s3_bucket.loki_storage",
            "data.aws_caller_identity.current"
          ]
        }
      ]
    },
    {
      "mode": "managed",
      "type": "aws_s3_bucket_versioning",
      "name": "prometheus",
      "provider": "provider[\"registry.terraform.io/hashicorp/aws\"]",
      "instances": [
        {
          "schema_version": 0,
          "attributes": {
            "bucket": "hybrid-cloud-school-prometheus-data",
            "expected_bucket_owner": "",
            "id": "hybrid-cloud-school-prometheus-data",
            "mfa": null,
            "versioning_configuration": [
              {
                "mfa_delete": "",
                "status": "Enabled"
              }
            ]
          },
          "sensitive_attributes": [],
          "identity_schema_version": 0,
          "private": "bnVsbA==",
          "dependencies": [
            "aws_s3_bucket.prometheus"
          ]
        }
      ]
    },
    {
      "mode": "managed",
      "type": "aws_security_group",
      "name": "admin",
      "provider": "provider[\"registry.terraform.io/hashicorp/aws\"]",
      "instances": [
        {
          "schema_version": 1,
          "attributes": {
            "arn": "arn:aws:ec2:eu-west-1:554000693784:security-group/sg-01d81a27d5b1dd98b",
            "description": "Security group for admin host",
            "egress": [
              {
                "cidr_blocks": [
                  "10.0.0.0/16"
                ],
                "description": "Outbound to VPC",
                "from_port": 0,
                "ipv6_cidr_blocks": [],
                "prefix_list_ids": [],
                "protocol": "-1",
                "security_groups": [],
                "self": false,
                "to_port": 0
              }
            ],
            "id": "sg-01d81a27d5b1dd98b",
            "ingress": [
              {
                "cidr_blocks": [
                  "0.0.0.0/0"
                ],
                "description": "SSH from allowed IPs",
                "from_port": 22,
                "ipv6_cidr_blocks": [],
                "prefix_list_ids": [],
                "protocol": "tcp",
                "security_groups": [],
                "self": false,
                "to_port": 22
              },
              {
                "cidr_blocks": [
                  "192.168.0.0/16"
                ],
                "description": "SSH from on-premises",
                "from_port": 22,
                "ipv6_cidr_blocks": [],
                "prefix_list_ids": [],
                "protocol": "tcp",
                "security_groups": [],
                "self": false,
                "to_port": 22
              }
            ],
            "name": "hybrid-cloud-school-admin-sg",
            "name_prefix": "",
            "owner_id": "554000693784",
            "revoke_rules_on_delete": false,
            "tags": {
              "Name": "hybrid-cloud-school-admin-sg",
              "tier": "Management"
            },
            "tags_all": {
              "Environment": "Development",
              "ManagedBy": "Terraform",
              "Name": "hybrid-cloud-school-admin-sg",
              "Owner": "Ernie",
              "Project": "Hybrid-Cloud-School",
              "tier": "Management"
            },
            "timeouts": null,
            "vpc_id": "vpc-0c1e8480f4384da42"
          },
          "sensitive_attributes": [],
          "identity_schema_version": 0,
          "private": "eyJlMmJmYjczMC1lY2FhLTExZTYtOGY4OC0zNDM2M2JjN2M0YzAiOnsiY3JlYXRlIjo2MDAwMDAwMDAwMDAsImRlbGV0ZSI6OTAwMDAwMDAwMDAwfSwic2NoZW1hX3ZlcnNpb24iOiIxIn0=",
          "dependencies": [
            "aws_vpc.main"
          ],
          "create_before_destroy": true
        }
      ]
    },
    {
      "mode": "managed",
      "type": "aws_security_group",
      "name": "app",
      "provider": "provider[\"registry.terraform.io/hashicorp/aws\"]",
      "instances": [
        {
          "schema_version": 1,
          "attributes": {
            "arn": "arn:aws:ec2:eu-west-1:554000693784:security-group/sg-08642b8a217ed6d7f",
            "description": "Security group for application (ECS, EC2)",
            "egress": [
              {
                "cidr_blocks": [
                  "0.0.0.0/0"
                ],
                "description": "All outbound traffic",
                "from_port": 0,
                "ipv6_cidr_blocks": [],
                "prefix_list_ids": [],
                "protocol": "-1",
                "security_groups": [],
                "self": false,
                "to_port": 0
              }
            ],
            "id": "sg-08642b8a217ed6d7f",
            "ingress": [
              {
                "cidr_blocks": [],
                "description": "SSH for debugging admin",
                "from_port": 22,
                "ipv6_cidr_blocks": [],
                "prefix_list_ids": [],
                "protocol": "tcp",
                "security_groups": [
                  "sg-01d81a27d5b1dd98b"
                ],
                "self": false,
                "to_port": 22
              },
              {
                "cidr_blocks": [],
                "description": "Traffic from on-premises via VPN",
                "from_port": 0,
                "ipv6_cidr_blocks": [],
                "prefix_list_ids": [],
                "protocol": "tcp",
                "security_groups": [
                  "sg-09be7ebc26b76a599"
                ],
                "self": false,
                "to_port": 65535
              },
              {
                "cidr_blocks": [],
                "description": "Traffic from other app instances",
                "from_port": 0,
                "ipv6_cidr_blocks": [],
                "prefix_list_ids": [],
                "protocol": "tcp",
                "security_groups": [],
                "self": true,
                "to_port": 65535
              },
              {
                "cidr_blocks": [],
                "description": "Traffic from web",
                "from_port": 0,
                "ipv6_cidr_blocks": [],
                "prefix_list_ids": [],
                "protocol": "tcp",
                "security_groups": [
                  "sg-057a1c3e436172220"
                ],
                "self": false,
                "to_port": 65535
              }
            ],
            "name": "hybrid-cloud-school-app-sg",
            "name_prefix": "",
            "owner_id": "554000693784",
            "revoke_rules_on_delete": false,
            "tags": {
              "Name": "hybrid-cloud-school-app-sg",
              "Requirement": "REQ-NCA-P2-02",
              "tier": "Application"
            },
            "tags_all": {
              "Environment": "Development",
              "ManagedBy": "Terraform",
              "Name": "hybrid-cloud-school-app-sg",
              "Owner": "Ernie",
              "Project": "Hybrid-Cloud-School",
              "Requirement": "REQ-NCA-P2-02",
              "tier": "Application"
            },
            "timeouts": null,
            "vpc_id": "vpc-0c1e8480f4384da42"
          },
          "sensitive_attributes": [],
          "identity_schema_version": 0,
          "private": "eyJlMmJmYjczMC1lY2FhLTExZTYtOGY4OC0zNDM2M2JjN2M0YzAiOnsiY3JlYXRlIjo2MDAwMDAwMDAwMDAsImRlbGV0ZSI6OTAwMDAwMDAwMDAwfSwic2NoZW1hX3ZlcnNpb24iOiIxIn0=",
          "dependencies": [
            "aws_security_group.admin",
            "aws_security_group.vpn_access",
            "aws_security_group.web",
            "aws_vpc.main"
          ],
          "create_before_destroy": true
        }
      ]
    },
    {
      "mode": "managed",
      "type": "aws_security_group",
      "name": "database",
      "provider": "provider[\"registry.terraform.io/hashicorp/aws\"]",
      "instances": [
        {
          "schema_version": 1,
          "attributes": {
            "arn": "arn:aws:ec2:eu-west-1:554000693784:security-group/sg-02305c421726f7dd1",
            "description": "Security group for RDS",
            "egress": [
              {
                "cidr_blocks": [
                  "10.0.0.0/16"
                ],
                "description": "Outbound to VPC",
                "from_port": 0,
                "ipv6_cidr_blocks": [],
                "prefix_list_ids": [],
                "protocol": "-1",
                "security_groups": [],
                "self": false,
                "to_port": 0
              }
            ],
            "id": "sg-02305c421726f7dd1",
            "ingress": [
              {
                "cidr_blocks": [],
                "description": "PostgreSQL from admin",
                "from_port": 5432,
                "ipv6_cidr_blocks": [],
                "prefix_list_ids": [],
                "protocol": "tcp",
                "security_groups": [
                  "sg-01d81a27d5b1dd98b"
                ],
                "self": false,
                "to_port": 5432
              },
              {
                "cidr_blocks": [],
                "description": "PostgreSQL from app",
                "from_port": 5432,
                "ipv6_cidr_blocks": [],
                "prefix_list_ids": [],
                "protocol": "tcp",
                "security_groups": [
                  "sg-08642b8a217ed6d7f"
                ],
                "self": false,
                "to_port": 5432
              },
              {
                "cidr_blocks": [],
                "description": "PostgreSQL from monitoring",
                "from_port": 5432,
                "ipv6_cidr_blocks": [],
                "prefix_list_ids": [],
                "protocol": "tcp",
                "security_groups": [
                  "sg-073c745d6e6e1822a"
                ],
                "self": false,
                "to_port": 5432
              }
            ],
            "name": "hybrid-cloud-school-database-sg",
            "name_prefix": "",
            "owner_id": "554000693784",
            "revoke_rules_on_delete": false,
            "tags": {
              "Name": "hybrid-cloud-school-database-sg",
              "Requirement": "REQ-NCA-P2-03",
              "tier": "Database"
            },
            "tags_all": {
              "Environment": "Development",
              "ManagedBy": "Terraform",
              "Name": "hybrid-cloud-school-database-sg",
              "Owner": "Ernie",
              "Project": "Hybrid-Cloud-School",
              "Requirement": "REQ-NCA-P2-03",
              "tier": "Database"
            },
            "timeouts": null,
            "vpc_id": "vpc-0c1e8480f4384da42"
          },
          "sensitive_attributes": [],
          "identity_schema_version": 0,
          "private": "eyJlMmJmYjczMC1lY2FhLTExZTYtOGY4OC0zNDM2M2JjN2M0YzAiOnsiY3JlYXRlIjo2MDAwMDAwMDAwMDAsImRlbGV0ZSI6OTAwMDAwMDAwMDAwfSwic2NoZW1hX3ZlcnNpb24iOiIxIn0=",
          "dependencies": [
            "aws_security_group.admin",
            "aws_security_group.app",
            "aws_security_group.monitoring",
            "aws_security_group.vpn_access",
            "aws_security_group.web",
            "aws_vpc.main"
          ]
        }
      ]
    },
    {
      "mode": "managed",
      "type": "aws_security_group",
      "name": "efs",
      "provider": "provider[\"registry.terraform.io/hashicorp/aws\"]",
      "instances": [
        {
          "schema_version": 1,
          "attributes": {
            "arn": "arn:aws:ec2:eu-west-1:554000693784:security-group/sg-08d059585ae666348",
            "description": "Security group for EFS mount targets",
            "egress": [
              {
                "cidr_blocks": [
                  "0.0.0.0/0"
                ],
                "description": "All outbound",
                "from_port": 0,
                "ipv6_cidr_blocks": [],
                "prefix_list_ids": [],
                "protocol": "-1",
                "security_groups": [],
                "self": false,
                "to_port": 0
              }
            ],
            "id": "sg-08d059585ae666348",
            "ingress": [
              {
                "cidr_blocks": [],
                "description": "NFS from monitoring containers",
                "from_port": 2049,
                "ipv6_cidr_blocks": [],
                "prefix_list_ids": [],
                "protocol": "tcp",
                "security_groups": [
                  "sg-073c745d6e6e1822a"
                ],
                "self": false,
                "to_port": 2049
              }
            ],
            "name": "terraform-20251115010220638100000002",
            "name_prefix": "terraform-",
            "owner_id": "554000693784",
            "revoke_rules_on_delete": false,
            "tags": {
              "Name": "hybrid-cloud-school-efs-sg"
            },
            "tags_all": {
              "Environment": "Development",
              "ManagedBy": "Terraform",
              "Name": "hybrid-cloud-school-efs-sg",
              "Owner": "Ernie",
              "Project": "Hybrid-Cloud-School"
            },
            "timeouts": null,
            "vpc_id": "vpc-0c1e8480f4384da42"
          },
          "sensitive_attributes": [],
          "identity_schema_version": 0,
          "private": "eyJlMmJmYjczMC1lY2FhLTExZTYtOGY4OC0zNDM2M2JjN2M0YzAiOnsiY3JlYXRlIjo2MDAwMDAwMDAwMDAsImRlbGV0ZSI6OTAwMDAwMDAwMDAwfSwic2NoZW1hX3ZlcnNpb24iOiIxIn0=",
          "dependencies": [
            "aws_security_group.admin",
            "aws_security_group.app",
            "aws_security_group.monitoring",
            "aws_security_group.vpn_access",
            "aws_security_group.web",
            "aws_vpc.main"
          ]
        }
      ]
    },
    {
      "mode": "managed",
      "type": "aws_security_group",
      "name": "monitoring",
      "provider": "provider[\"registry.terraform.io/hashicorp/aws\"]",
      "instances": [
        {
          "schema_version": 1,
          "attributes": {
            "arn": "arn:aws:ec2:eu-west-1:554000693784:security-group/sg-073c745d6e6e1822a",
            "description": "Security group for monitoring",
            "egress": [
              {
                "cidr_blocks": [
                  "0.0.0.0/0"
                ],
                "description": "All outbound traffic",
                "from_port": 0,
                "ipv6_cidr_blocks": [],
                "prefix_list_ids": [],
                "protocol": "-1",
                "security_groups": [],
                "self": false,
                "to_port": 0
              }
            ],
            "id": "sg-073c745d6e6e1822a",
            "ingress": [
              {
                "cidr_blocks": [],
                "description": "Grafana from on-premises",
                "from_port": 3000,
                "ipv6_cidr_blocks": [],
                "prefix_list_ids": [],
                "protocol": "tcp",
                "security_groups": [
                  "sg-09be7ebc26b76a599"
                ],
                "self": false,
                "to_port": 3000
              },
              {
                "cidr_blocks": [],
                "description": "Grafana from web",
                "from_port": 3000,
                "ipv6_cidr_blocks": [],
                "prefix_list_ids": [],
                "protocol": "tcp",
                "security_groups": [
                  "sg-057a1c3e436172220"
                ],
                "self": false,
                "to_port": 3000
              },
              {
                "cidr_blocks": [],
                "description": "Loki from app",
                "from_port": 3100,
                "ipv6_cidr_blocks": [],
                "prefix_list_ids": [],
                "protocol": "tcp",
                "security_groups": [
                  "sg-08642b8a217ed6d7f"
                ],
                "self": false,
                "to_port": 3100
              },
              {
                "cidr_blocks": [],
                "description": "Node exporter",
                "from_port": 9100,
                "ipv6_cidr_blocks": [],
                "prefix_list_ids": [],
                "protocol": "tcp",
                "security_groups": [],
                "self": true,
                "to_port": 9100
              },
              {
                "cidr_blocks": [],
                "description": "Prometheus from app",
                "from_port": 9090,
                "ipv6_cidr_blocks": [],
                "prefix_list_ids": [],
                "protocol": "tcp",
                "security_groups": [
                  "sg-08642b8a217ed6d7f"
                ],
                "self": false,
                "to_port": 9090
              }
            ],
            "name": "hybrid-cloud-school-monitoring-sg",
            "name_prefix": "",
            "owner_id": "554000693784",
            "revoke_rules_on_delete": false,
            "tags": {
              "Description": "Monitoring",
              "Name": "hybrid-cloud-school-monitoring-sg",
              "Requirement": "REQ-NCA-P2-05, REQ-NCA-P2-08"
            },
            "tags_all": {
              "Description": "Monitoring",
              "Environment": "Development",
              "ManagedBy": "Terraform",
              "Name": "hybrid-cloud-school-monitoring-sg",
              "Owner": "Ernie",
              "Project": "Hybrid-Cloud-School",
              "Requirement": "REQ-NCA-P2-05, REQ-NCA-P2-08"
            },
            "timeouts": null,
            "vpc_id": "vpc-0c1e8480f4384da42"
          },
          "sensitive_attributes": [],
          "identity_schema_version": 0,
          "private": "eyJlMmJmYjczMC1lY2FhLTExZTYtOGY4OC0zNDM2M2JjN2M0YzAiOnsiY3JlYXRlIjo2MDAwMDAwMDAwMDAsImRlbGV0ZSI6OTAwMDAwMDAwMDAwfSwic2NoZW1hX3ZlcnNpb24iOiIxIn0=",
          "dependencies": [
            "aws_security_group.admin",
            "aws_security_group.app",
            "aws_security_group.vpn_access",
            "aws_security_group.web",
            "aws_vpc.main"
          ],
          "create_before_destroy": true
        }
      ]
    },
    {
      "mode": "managed",
      "type": "aws_security_group",
      "name": "soar",
      "provider": "provider[\"registry.terraform.io/hashicorp/aws\"]",
      "instances": [
        {
          "schema_version": 1,
          "attributes": {
            "arn": "arn:aws:ec2:eu-west-1:554000693784:security-group/sg-060d8bc7984b7ddd2",
            "description": "Security group for lambda functions",
            "egress": [
              {
                "cidr_blocks": [
                  "0.0.0.0/0"
                ],
                "description": "All outbound traffic",
                "from_port": 0,
                "ipv6_cidr_blocks": [],
                "prefix_list_ids": [],
                "protocol": "-1",
                "security_groups": [],
                "self": false,
                "to_port": 0
              }
            ],
            "id": "sg-060d8bc7984b7ddd2",
            "ingress": [],
            "name": "hybrid-cloud-school-soar-sg",
            "name_prefix": "",
            "owner_id": "554000693784",
            "revoke_rules_on_delete": false,
            "tags": {
              "Name": "hybrid-cloud-school-soar-sg",
              "Requirement": "REQ-NCA-P2-06, REQ-NCA-P2-07",
              "tier": "SOAR"
            },
            "tags_all": {
              "Environment": "Development",
              "ManagedBy": "Terraform",
              "Name": "hybrid-cloud-school-soar-sg",
              "Owner": "Ernie",
              "Project": "Hybrid-Cloud-School",
              "Requirement": "REQ-NCA-P2-06, REQ-NCA-P2-07",
              "tier": "SOAR"
            },
            "timeouts": null,
            "vpc_id": "vpc-0c1e8480f4384da42"
          },
          "sensitive_attributes": [],
          "identity_schema_version": 0,
          "private": "eyJlMmJmYjczMC1lY2FhLTExZTYtOGY4OC0zNDM2M2JjN2M0YzAiOnsiY3JlYXRlIjo2MDAwMDAwMDAwMDAsImRlbGV0ZSI6OTAwMDAwMDAwMDAwfSwic2NoZW1hX3ZlcnNpb24iOiIxIn0=",
          "dependencies": [
            "aws_vpc.main"
          ]
        }
      ]
    },
    {
      "mode": "managed",
      "type": "aws_security_group",
      "name": "vpc_endpoints",
      "provider": "provider[\"registry.terraform.io/hashicorp/aws\"]",
      "instances": [
        {
          "schema_version": 1,
          "attributes": {
            "arn": "arn:aws:ec2:eu-west-1:554000693784:security-group/sg-0a1ef76a64a779b13",
            "description": "Security group for VPC endpoints",
            "egress": [
              {
                "cidr_blocks": [
                  "0.0.0.0/0"
                ],
                "description": "All traffic outbound",
                "from_port": 0,
                "ipv6_cidr_blocks": [],
                "prefix_list_ids": [],
                "protocol": "-1",
                "security_groups": [],
                "self": false,
                "to_port": 0
              }
            ],
            "id": "sg-0a1ef76a64a779b13",
            "ingress": [
              {
                "cidr_blocks": [
                  "10.0.0.0/16"
                ],
                "description": "HTTPS from VPC",
                "from_port": 443,
                "ipv6_cidr_blocks": [],
                "prefix_list_ids": [],
                "protocol": "tcp",
                "security_groups": [],
                "self": false,
                "to_port": 443
              }
            ],
            "name": "hybrid-cloud-school-vpc-endpoints",
            "name_prefix": "",
            "owner_id": "554000693784",
            "revoke_rules_on_delete": false,
            "tags": {
              "Name": "hybrid-cloud-school-vpc-endpoints-sg"
            },
            "tags_all": {
              "Environment": "Development",
              "ManagedBy": "Terraform",
              "Name": "hybrid-cloud-school-vpc-endpoints-sg",
              "Owner": "Ernie",
              "Project": "Hybrid-Cloud-School"
            },
            "timeouts": null,
            "vpc_id": "vpc-0c1e8480f4384da42"
          },
          "sensitive_attributes": [],
          "identity_schema_version": 0,
          "private": "eyJlMmJmYjczMC1lY2FhLTExZTYtOGY4OC0zNDM2M2JjN2M0YzAiOnsiY3JlYXRlIjo2MDAwMDAwMDAwMDAsImRlbGV0ZSI6OTAwMDAwMDAwMDAwfSwic2NoZW1hX3ZlcnNpb24iOiIxIn0=",
          "dependencies": [
            "aws_vpc.main"
          ]
        }
      ]
    },
    {
      "mode": "managed",
      "type": "aws_security_group",
      "name": "vpn_access",
      "provider": "provider[\"registry.terraform.io/hashicorp/aws\"]",
      "instances": [
        {
          "schema_version": 1,
          "attributes": {
            "arn": "arn:aws:ec2:eu-west-1:554000693784:security-group/sg-09be7ebc26b76a599",
            "description": "Allow traffic from on-premises network through VPN",
            "egress": [
              {
                "cidr_blocks": [
                  "192.168.0.0/16"
                ],
                "description": "All traffic to on-premises",
                "from_port": 0,
                "ipv6_cidr_blocks": [],
                "prefix_list_ids": [],
                "protocol": "-1",
                "security_groups": [],
                "self": false,
                "to_port": 0
              }
            ],
            "id": "sg-09be7ebc26b76a599",
            "ingress": [
              {
                "cidr_blocks": [
                  "192.168.0.0/16"
                ],
                "description": "All traffic from on-premises",
                "from_port": 0,
                "ipv6_cidr_blocks": [],
                "prefix_list_ids": [],
                "protocol": "-1",
                "security_groups": [],
                "self": false,
                "to_port": 0
              }
            ],
            "name": "hybrid-cloud-school-vpn-access",
            "name_prefix": "",
            "owner_id": "554000693784",
            "revoke_rules_on_delete": false,
            "tags": {
              "Name": "hybrid-cloud-school-vpn-access-sg",
              "description": "Allow inbound and outbound traffic to and from on-prem"
            },
            "tags_all": {
              "Environment": "Development",
              "ManagedBy": "Terraform",
              "Name": "hybrid-cloud-school-vpn-access-sg",
              "Owner": "Ernie",
              "Project": "Hybrid-Cloud-School",
              "description": "Allow inbound and outbound traffic to and from on-prem"
            },
            "timeouts": null,
            "vpc_id": "vpc-0c1e8480f4384da42"
          },
          "sensitive_attributes": [],
          "identity_schema_version": 0,
          "private": "eyJlMmJmYjczMC1lY2FhLTExZTYtOGY4OC0zNDM2M2JjN2M0YzAiOnsiY3JlYXRlIjo2MDAwMDAwMDAwMDAsImRlbGV0ZSI6OTAwMDAwMDAwMDAwfSwic2NoZW1hX3ZlcnNpb24iOiIxIn0=",
          "dependencies": [
            "aws_vpc.main"
          ],
          "create_before_destroy": true
        }
      ]
    },
    {
      "mode": "managed",
      "type": "aws_security_group",
      "name": "web",
      "provider": "provider[\"registry.terraform.io/hashicorp/aws\"]",
      "instances": [
        {
          "schema_version": 1,
          "attributes": {
            "arn": "arn:aws:ec2:eu-west-1:554000693784:security-group/sg-057a1c3e436172220",
            "description": "Security group for web (load balancers)",
            "egress": [
              {
                "cidr_blocks": [
                  "0.0.0.0/0"
                ],
                "description": "All outbound traffic",
                "from_port": 0,
                "ipv6_cidr_blocks": [],
                "prefix_list_ids": [],
                "protocol": "-1",
                "security_groups": [],
                "self": false,
                "to_port": 0
              }
            ],
            "id": "sg-057a1c3e436172220",
            "ingress": [
              {
                "cidr_blocks": [
                  "0.0.0.0/0"
                ],
                "description": "HTTP from internet",
                "from_port": 80,
                "ipv6_cidr_blocks": [],
                "prefix_list_ids": [],
                "protocol": "tcp",
                "security_groups": [],
                "self": false,
                "to_port": 80
              },
              {
                "cidr_blocks": [
                  "0.0.0.0/0"
                ],
                "description": "HTTPS from internet",
                "from_port": 443,
                "ipv6_cidr_blocks": [],
                "prefix_list_ids": [],
                "protocol": "tcp",
                "security_groups": [],
                "self": false,
                "to_port": 443
              }
            ],
            "name": "hybrid-cloud-school-web-sg",
            "name_prefix": "",
            "owner_id": "554000693784",
            "revoke_rules_on_delete": false,
            "tags": {
              "Name": "hybrid-cloud-school-web-sg",
              "Requirement": "REQ-NCA-P2-02",
              "tier": "Web"
            },
            "tags_all": {
              "Environment": "Development",
              "ManagedBy": "Terraform",
              "Name": "hybrid-cloud-school-web-sg",
              "Owner": "Ernie",
              "Project": "Hybrid-Cloud-School",
              "Requirement": "REQ-NCA-P2-02",
              "tier": "Web"
            },
            "timeouts": null,
            "vpc_id": "vpc-0c1e8480f4384da42"
          },
          "sensitive_attributes": [],
          "identity_schema_version": 0,
          "private": "eyJlMmJmYjczMC1lY2FhLTExZTYtOGY4OC0zNDM2M2JjN2M0YzAiOnsiY3JlYXRlIjo2MDAwMDAwMDAwMDAsImRlbGV0ZSI6OTAwMDAwMDAwMDAwfSwic2NoZW1hX3ZlcnNpb24iOiIxIn0=",
          "dependencies": [
            "aws_vpc.main"
          ],
          "create_before_destroy": true
        }
      ]
    },
    {
      "mode": "managed",
      "type": "aws_service_discovery_private_dns_namespace",
      "name": "monitoring",
      "provider": "provider[\"registry.terraform.io/hashicorp/aws\"]",
      "instances": [
        {
          "schema_version": 0,
          "attributes": {
            "arn": "arn:aws:servicediscovery:eu-west-1:554000693784:namespace/ns-nfdrr5swcnvs2bli",
            "description": "",
            "hosted_zone": "Z0586726ZK9E9YQXMHT",
            "id": "ns-nfdrr5swcnvs2bli",
            "name": "monitoring.hybrid-cloud-school.local",
            "tags": {
              "Name": "hybrid-cloud-school-monitoring-namespace"
            },
            "tags_all": {
              "Environment": "Development",
              "ManagedBy": "Terraform",
              "Name": "hybrid-cloud-school-monitoring-namespace",
              "Owner": "Ernie",
              "Project": "Hybrid-Cloud-School"
            },
            "vpc": "vpc-0c1e8480f4384da42"
          },
          "sensitive_attributes": [],
          "identity_schema_version": 0,
          "private": "bnVsbA==",
          "dependencies": [
            "aws_vpc.main"
          ]
        }
      ]
    },
    {
      "mode": "managed",
      "type": "aws_service_discovery_service",
      "name": "grafana",
      "provider": "provider[\"registry.terraform.io/hashicorp/aws\"]",
      "instances": [
        {
          "schema_version": 0,
          "attributes": {
            "arn": "arn:aws:servicediscovery:eu-west-1:554000693784:service/srv-4oseycw5225s6idy",
            "description": "",
            "dns_config": [
              {
                "dns_records": [
                  {
                    "ttl": 10,
                    "type": "A"
                  }
                ],
                "namespace_id": "ns-nfdrr5swcnvs2bli",
                "routing_policy": "MULTIVALUE"
              }
            ],
            "force_destroy": false,
            "health_check_config": [],
            "health_check_custom_config": [
              {
                "failure_threshold": 1
              }
            ],
            "id": "srv-4oseycw5225s6idy",
            "name": "grafana",
            "namespace_id": "ns-nfdrr5swcnvs2bli",
            "tags": {
              "Name": "hybrid-cloud-school-grafana-discovery"
            },
            "tags_all": {
              "Environment": "Development",
              "ManagedBy": "Terraform",
              "Name": "hybrid-cloud-school-grafana-discovery",
              "Owner": "Ernie",
              "Project": "Hybrid-Cloud-School"
            },
            "type": "DNS_HTTP"
          },
          "sensitive_attributes": [],
          "identity_schema_version": 0,
          "private": "bnVsbA==",
          "dependencies": [
            "aws_service_discovery_private_dns_namespace.monitoring",
            "aws_vpc.main"
          ]
        }
      ]
    },
    {
      "mode": "managed",
      "type": "aws_service_discovery_service",
      "name": "loki",
      "provider": "provider[\"registry.terraform.io/hashicorp/aws\"]",
      "instances": [
        {
          "schema_version": 0,
          "attributes": {
            "arn": "arn:aws:servicediscovery:eu-west-1:554000693784:service/srv-7hlz2vjd247bk6zh",
            "description": "",
            "dns_config": [
              {
                "dns_records": [
                  {
                    "ttl": 10,
                    "type": "A"
                  }
                ],
                "namespace_id": "ns-nfdrr5swcnvs2bli",
                "routing_policy": "MULTIVALUE"
              }
            ],
            "force_destroy": false,
            "health_check_config": [],
            "health_check_custom_config": [
              {
                "failure_threshold": 1
              }
            ],
            "id": "srv-7hlz2vjd247bk6zh",
            "name": "loki",
            "namespace_id": "ns-nfdrr5swcnvs2bli",
            "tags": {
              "Name": "hybrid-cloud-school-loki-discovery"
            },
            "tags_all": {
              "Environment": "Development",
              "ManagedBy": "Terraform",
              "Name": "hybrid-cloud-school-loki-discovery",
              "Owner": "Ernie",
              "Project": "Hybrid-Cloud-School"
            },
            "type": "DNS_HTTP"
          },
          "sensitive_attributes": [],
          "identity_schema_version": 0,
          "private": "bnVsbA==",
          "dependencies": [
            "aws_service_discovery_private_dns_namespace.monitoring",
            "aws_vpc.main"
          ]
        }
      ]
    },
    {
      "mode": "managed",
      "type": "aws_service_discovery_service",
      "name": "prometheus",
      "provider": "provider[\"registry.terraform.io/hashicorp/aws\"]",
      "instances": [
        {
          "schema_version": 0,
          "attributes": {
            "arn": "arn:aws:servicediscovery:eu-west-1:554000693784:service/srv-toornxz2m2ak2vgp",
            "description": "",
            "dns_config": [
              {
                "dns_records": [
                  {
                    "ttl": 10,
                    "type": "A"
                  }
                ],
                "namespace_id": "ns-nfdrr5swcnvs2bli",
                "routing_policy": "MULTIVALUE"
              }
            ],
            "force_destroy": false,
            "health_check_config": [],
            "health_check_custom_config": [
              {
                "failure_threshold": 1
              }
            ],
            "id": "srv-toornxz2m2ak2vgp",
            "name": "prometheus",
            "namespace_id": "ns-nfdrr5swcnvs2bli",
            "tags": {
              "Name": "hybrid-cloud-school-prometheus-discovery"
            },
            "tags_all": {
              "Environment": "Development",
              "ManagedBy": "Terraform",
              "Name": "hybrid-cloud-school-prometheus-discovery",
              "Owner": "Ernie",
              "Project": "Hybrid-Cloud-School"
            },
            "type": "DNS_HTTP"
          },
          "sensitive_attributes": [],
          "identity_schema_version": 0,
          "private": "bnVsbA==",
          "dependencies": [
            "aws_service_discovery_private_dns_namespace.monitoring",
            "aws_vpc.main"
          ]
        }
      ]
    },
    {
      "mode": "managed",
      "type": "aws_subnet",
      "name": "database",
      "provider": "provider[\"registry.terraform.io/hashicorp/aws\"]",
      "instances": [
        {
          "index_key": 0,
          "schema_version": 1,
          "attributes": {
            "arn": "arn:aws:ec2:eu-west-1:554000693784:subnet/subnet-0512ca628d4a64a11",
            "assign_ipv6_address_on_creation": false,
            "availability_zone": "eu-west-1a",
            "availability_zone_id": "euw1-az2",
            "cidr_block": "10.0.20.0/24",
            "customer_owned_ipv4_pool": "",
            "enable_dns64": false,
            "enable_lni_at_device_index": 0,
            "enable_resource_name_dns_a_record_on_launch": false,
            "enable_resource_name_dns_aaaa_record_on_launch": false,
            "id": "subnet-0512ca628d4a64a11",
            "ipv6_cidr_block": "",
            "ipv6_cidr_block_association_id": "",
            "ipv6_native": false,
            "map_customer_owned_ip_on_launch": false,
            "map_public_ip_on_launch": false,
            "outpost_arn": "",
            "owner_id": "554000693784",
            "private_dns_hostname_type_on_launch": "ip-name",
            "tags": {
              "Environment": "dev",
              "Name": "hybrid-cloud-school-database-subnet-1",
              "Requirement": "REQ-NCA-P2-03",
              "Type": "Database"
            },
            "tags_all": {
              "Environment": "dev",
              "ManagedBy": "Terraform",
              "Name": "hybrid-cloud-school-database-subnet-1",
              "Owner": "Ernie",
              "Project": "Hybrid-Cloud-School",
              "Requirement": "REQ-NCA-P2-03",
              "Type": "Database"
            },
            "timeouts": null,
            "vpc_id": "vpc-0c1e8480f4384da42"
          },
          "sensitive_attributes": [],
          "identity_schema_version": 0,
          "private": "eyJlMmJmYjczMC1lY2FhLTExZTYtOGY4OC0zNDM2M2JjN2M0YzAiOnsiY3JlYXRlIjo2MDAwMDAwMDAwMDAsImRlbGV0ZSI6MTIwMDAwMDAwMDAwMH0sInNjaGVtYV92ZXJzaW9uIjoiMSJ9",
          "dependencies": [
            "aws_vpc.main",
            "data.aws_availability_zones.available"
          ]
        },
        {
          "index_key": 1,
          "schema_version": 1,
          "attributes": {
            "arn": "arn:aws:ec2:eu-west-1:554000693784:subnet/subnet-07ad308ef057a4e1f",
            "assign_ipv6_address_on_creation": false,
            "availability_zone": "eu-west-1b",
            "availability_zone_id": "euw1-az3",
            "cidr_block": "10.0.21.0/24",
            "customer_owned_ipv4_pool": "",
            "enable_dns64": false,
            "enable_lni_at_device_index": 0,
            "enable_resource_name_dns_a_record_on_launch": false,
            "enable_resource_name_dns_aaaa_record_on_launch": false,
            "id": "subnet-07ad308ef057a4e1f",
            "ipv6_cidr_block": "",
            "ipv6_cidr_block_association_id": "",
            "ipv6_native": false,
            "map_customer_owned_ip_on_launch": false,
            "map_public_ip_on_launch": false,
            "outpost_arn": "",
            "owner_id": "554000693784",
            "private_dns_hostname_type_on_launch": "ip-name",
            "tags": {
              "Environment": "dev",
              "Name": "hybrid-cloud-school-database-subnet-2",
              "Requirement": "REQ-NCA-P2-03",
              "Type": "Database"
            },
            "tags_all": {
              "Environment": "dev",
              "ManagedBy": "Terraform",
              "Name": "hybrid-cloud-school-database-subnet-2",
              "Owner": "Ernie",
              "Project": "Hybrid-Cloud-School",
              "Requirement": "REQ-NCA-P2-03",
              "Type": "Database"
            },
            "timeouts": null,
            "vpc_id": "vpc-0c1e8480f4384da42"
          },
          "sensitive_attributes": [],
          "identity_schema_version": 0,
          "private": "eyJlMmJmYjczMC1lY2FhLTExZTYtOGY4OC0zNDM2M2JjN2M0YzAiOnsiY3JlYXRlIjo2MDAwMDAwMDAwMDAsImRlbGV0ZSI6MTIwMDAwMDAwMDAwMH0sInNjaGVtYV92ZXJzaW9uIjoiMSJ9",
          "dependencies": [
            "aws_vpc.main",
            "data.aws_availability_zones.available"
          ]
        }
      ]
    },
    {
      "mode": "managed",
      "type": "aws_subnet",
      "name": "private",
      "provider": "provider[\"registry.terraform.io/hashicorp/aws\"]",
      "instances": [
        {
          "index_key": 0,
          "schema_version": 1,
          "attributes": {
            "arn": "arn:aws:ec2:eu-west-1:554000693784:subnet/subnet-05dfebfedd1946f87",
            "assign_ipv6_address_on_creation": false,
            "availability_zone": "eu-west-1a",
            "availability_zone_id": "euw1-az2",
            "cidr_block": "10.0.10.0/24",
            "customer_owned_ipv4_pool": "",
            "enable_dns64": false,
            "enable_lni_at_device_index": 0,
            "enable_resource_name_dns_a_record_on_launch": false,
            "enable_resource_name_dns_aaaa_record_on_launch": false,
            "id": "subnet-05dfebfedd1946f87",
            "ipv6_cidr_block": "",
            "ipv6_cidr_block_association_id": "",
            "ipv6_native": false,
            "map_customer_owned_ip_on_launch": false,
            "map_public_ip_on_launch": false,
            "outpost_arn": "",
            "owner_id": "554000693784",
            "private_dns_hostname_type_on_launch": "ip-name",
            "tags": {
              "Environment": "dev",
              "Name": "hybrid-cloud-school-private-subnet-1",
              "Requirement": "REQ-NCA-P2-02",
              "Type": "Private"
            },
            "tags_all": {
              "Environment": "dev",
              "ManagedBy": "Terraform",
              "Name": "hybrid-cloud-school-private-subnet-1",
              "Owner": "Ernie",
              "Project": "Hybrid-Cloud-School",
              "Requirement": "REQ-NCA-P2-02",
              "Type": "Private"
            },
            "timeouts": null,
            "vpc_id": "vpc-0c1e8480f4384da42"
          },
          "sensitive_attributes": [],
          "identity_schema_version": 0,
          "private": "eyJlMmJmYjczMC1lY2FhLTExZTYtOGY4OC0zNDM2M2JjN2M0YzAiOnsiY3JlYXRlIjo2MDAwMDAwMDAwMDAsImRlbGV0ZSI6MTIwMDAwMDAwMDAwMH0sInNjaGVtYV92ZXJzaW9uIjoiMSJ9",
          "dependencies": [
            "aws_vpc.main",
            "data.aws_availability_zones.available"
          ],
          "create_before_destroy": true
        },
        {
          "index_key": 1,
          "schema_version": 1,
          "attributes": {
            "arn": "arn:aws:ec2:eu-west-1:554000693784:subnet/subnet-0b1b03cc40f2c5bfd",
            "assign_ipv6_address_on_creation": false,
            "availability_zone": "eu-west-1b",
            "availability_zone_id": "euw1-az3",
            "cidr_block": "10.0.11.0/24",
            "customer_owned_ipv4_pool": "",
            "enable_dns64": false,
            "enable_lni_at_device_index": 0,
            "enable_resource_name_dns_a_record_on_launch": false,
            "enable_resource_name_dns_aaaa_record_on_launch": false,
            "id": "subnet-0b1b03cc40f2c5bfd",
            "ipv6_cidr_block": "",
            "ipv6_cidr_block_association_id": "",
            "ipv6_native": false,
            "map_customer_owned_ip_on_launch": false,
            "map_public_ip_on_launch": false,
            "outpost_arn": "",
            "owner_id": "554000693784",
            "private_dns_hostname_type_on_launch": "ip-name",
            "tags": {
              "Environment": "dev",
              "Name": "hybrid-cloud-school-private-subnet-2",
              "Requirement": "REQ-NCA-P2-02",
              "Type": "Private"
            },
            "tags_all": {
              "Environment": "dev",
              "ManagedBy": "Terraform",
              "Name": "hybrid-cloud-school-private-subnet-2",
              "Owner": "Ernie",
              "Project": "Hybrid-Cloud-School",
              "Requirement": "REQ-NCA-P2-02",
              "Type": "Private"
            },
            "timeouts": null,
            "vpc_id": "vpc-0c1e8480f4384da42"
          },
          "sensitive_attributes": [],
          "identity_schema_version": 0,
          "private": "eyJlMmJmYjczMC1lY2FhLTExZTYtOGY4OC0zNDM2M2JjN2M0YzAiOnsiY3JlYXRlIjo2MDAwMDAwMDAwMDAsImRlbGV0ZSI6MTIwMDAwMDAwMDAwMH0sInNjaGVtYV92ZXJzaW9uIjoiMSJ9",
          "dependencies": [
            "aws_vpc.main",
            "data.aws_availability_zones.available"
          ],
          "create_before_destroy": true
        }
      ]
    },
    {
      "mode": "managed",
      "type": "aws_subnet",
      "name": "public",
      "provider": "provider[\"registry.terraform.io/hashicorp/aws\"]",
      "instances": [
        {
          "index_key": 0,
          "schema_version": 1,
          "attributes": {
            "arn": "arn:aws:ec2:eu-west-1:554000693784:subnet/subnet-0b3b581c2836237c5",
            "assign_ipv6_address_on_creation": false,
            "availability_zone": "eu-west-1a",
            "availability_zone_id": "euw1-az2",
            "cidr_block": "10.0.0.0/24",
            "customer_owned_ipv4_pool": "",
            "enable_dns64": false,
            "enable_lni_at_device_index": 0,
            "enable_resource_name_dns_a_record_on_launch": false,
            "enable_resource_name_dns_aaaa_record_on_launch": false,
            "id": "subnet-0b3b581c2836237c5",
            "ipv6_cidr_block": "",
            "ipv6_cidr_block_association_id": "",
            "ipv6_native": false,
            "map_customer_owned_ip_on_launch": false,
            "map_public_ip_on_launch": true,
            "outpost_arn": "",
            "owner_id": "554000693784",
            "private_dns_hostname_type_on_launch": "ip-name",
            "tags": {
              "Environment": "dev",
              "Name": "hybrid-cloud-school-public-subnet-1",
              "Requirement": "REQ-NCA-P2-02",
              "Type": "Public"
            },
            "tags_all": {
              "Environment": "dev",
              "ManagedBy": "Terraform",
              "Name": "hybrid-cloud-school-public-subnet-1",
              "Owner": "Ernie",
              "Project": "Hybrid-Cloud-School",
              "Requirement": "REQ-NCA-P2-02",
              "Type": "Public"
            },
            "timeouts": null,
            "vpc_id": "vpc-0c1e8480f4384da42"
          },
          "sensitive_attributes": [],
          "identity_schema_version": 0,
          "private": "eyJlMmJmYjczMC1lY2FhLTExZTYtOGY4OC0zNDM2M2JjN2M0YzAiOnsiY3JlYXRlIjo2MDAwMDAwMDAwMDAsImRlbGV0ZSI6MTIwMDAwMDAwMDAwMH0sInNjaGVtYV92ZXJzaW9uIjoiMSJ9",
          "dependencies": [
            "aws_vpc.main",
            "data.aws_availability_zones.available"
          ]
        },
        {
          "index_key": 1,
          "schema_version": 1,
          "attributes": {
            "arn": "arn:aws:ec2:eu-west-1:554000693784:subnet/subnet-0f08e4736c5da6b46",
            "assign_ipv6_address_on_creation": false,
            "availability_zone": "eu-west-1b",
            "availability_zone_id": "euw1-az3",
            "cidr_block": "10.0.1.0/24",
            "customer_owned_ipv4_pool": "",
            "enable_dns64": false,
            "enable_lni_at_device_index": 0,
            "enable_resource_name_dns_a_record_on_launch": false,
            "enable_resource_name_dns_aaaa_record_on_launch": false,
            "id": "subnet-0f08e4736c5da6b46",
            "ipv6_cidr_block": "",
            "ipv6_cidr_block_association_id": "",
            "ipv6_native": false,
            "map_customer_owned_ip_on_launch": false,
            "map_public_ip_on_launch": true,
            "outpost_arn": "",
            "owner_id": "554000693784",
            "private_dns_hostname_type_on_launch": "ip-name",
            "tags": {
              "Environment": "dev",
              "Name": "hybrid-cloud-school-public-subnet-2",
              "Requirement": "REQ-NCA-P2-02",
              "Type": "Public"
            },
            "tags_all": {
              "Environment": "dev",
              "ManagedBy": "Terraform",
              "Name": "hybrid-cloud-school-public-subnet-2",
              "Owner": "Ernie",
              "Project": "Hybrid-Cloud-School",
              "Requirement": "REQ-NCA-P2-02",
              "Type": "Public"
            },
            "timeouts": null,
            "vpc_id": "vpc-0c1e8480f4384da42"
          },
          "sensitive_attributes": [],
          "identity_schema_version": 0,
          "private": "eyJlMmJmYjczMC1lY2FhLTExZTYtOGY4OC0zNDM2M2JjN2M0YzAiOnsiY3JlYXRlIjo2MDAwMDAwMDAwMDAsImRlbGV0ZSI6MTIwMDAwMDAwMDAwMH0sInNjaGVtYV92ZXJzaW9uIjoiMSJ9",
          "dependencies": [
            "aws_vpc.main",
            "data.aws_availability_zones.available"
          ]
        }
      ]
    },
    {
      "mode": "managed",
      "type": "aws_volume_attachment",
      "name": "monitoring_data",
      "provider": "provider[\"registry.terraform.io/hashicorp/aws\"]",
      "instances": [
        {
          "schema_version": 0,
          "attributes": {
            "device_name": "/dev/xvdf",
            "force_detach": null,
            "id": "vai-3548372852",
            "instance_id": "i-0ae5d9ed369d7786c",
            "skip_destroy": null,
            "stop_instance_before_detaching": null,
            "timeouts": null,
            "volume_id": "vol-0e21fb4a94dc22f3e"
          },
          "sensitive_attributes": [],
          "identity_schema_version": 0,
          "private": "eyJlMmJmYjczMC1lY2FhLTExZTYtOGY4OC0zNDM2M2JjN2M0YzAiOnsiY3JlYXRlIjozMDAwMDAwMDAwMDAsImRlbGV0ZSI6MzAwMDAwMDAwMDAwfX0=",
          "dependencies": [
            "aws_ebs_volume.monitoring_data",
            "aws_iam_instance_profile.monitoring",
            "aws_iam_role.monitoring",
            "aws_instance.monitoring",
            "aws_key_pair.monitoring",
            "aws_security_group.admin",
            "aws_security_group.app",
            "aws_security_group.monitoring",
            "aws_security_group.vpn_access",
            "aws_security_group.web",
            "aws_subnet.private",
            "aws_vpc.main",
            "data.aws_ami.amazon_linux",
            "data.aws_availability_zones.available",
            "tls_private_key.monitoring"
          ]
        }
      ]
    },
    {
      "mode": "managed",
      "type": "aws_vpc",
      "name": "main",
      "provider": "provider[\"registry.terraform.io/hashicorp/aws\"]",
      "instances": [
        {
          "schema_version": 1,
          "attributes": {
            "arn": "arn:aws:ec2:eu-west-1:554000693784:vpc/vpc-0c1e8480f4384da42",
            "assign_generated_ipv6_cidr_block": false,
            "cidr_block": "10.0.0.0/16",
            "default_network_acl_id": "acl-032ec609e302e78f0",
            "default_route_table_id": "rtb-0b86fed9c1e0e7333",
            "default_security_group_id": "sg-0134db6b7ded96ac4",
            "dhcp_options_id": "dopt-02a15e4f18027bed6",
            "enable_dns_hostnames": true,
            "enable_dns_support": true,
            "enable_network_address_usage_metrics": false,
            "id": "vpc-0c1e8480f4384da42",
            "instance_tenancy": "default",
            "ipv4_ipam_pool_id": null,
            "ipv4_netmask_length": null,
            "ipv6_association_id": "",
            "ipv6_cidr_block": "",
            "ipv6_cidr_block_network_border_group": "",
            "ipv6_ipam_pool_id": "",
            "ipv6_netmask_length": 0,
            "main_route_table_id": "rtb-0b86fed9c1e0e7333",
            "owner_id": "554000693784",
            "tags": {
              "Environment": "dev",
              "Name": "hybrid-cloud-school-vpc",
              "Requirement": "REQ-NCA-P2-02"
            },
            "tags_all": {
              "Environment": "dev",
              "ManagedBy": "Terraform",
              "Name": "hybrid-cloud-school-vpc",
              "Owner": "Ernie",
              "Project": "Hybrid-Cloud-School",
              "Requirement": "REQ-NCA-P2-02"
            }
          },
          "sensitive_attributes": [],
          "identity_schema_version": 0,
          "private": "eyJzY2hlbWFfdmVyc2lvbiI6IjEifQ==",
          "create_before_destroy": true
        }
      ]
    },
    {
      "mode": "managed",
      "type": "aws_vpc_endpoint",
      "name": "ecr_api",
      "provider": "provider[\"registry.terraform.io/hashicorp/aws\"]",
      "instances": [
        {
          "schema_version": 0,
          "attributes": {
            "arn": "arn:aws:ec2:eu-west-1:554000693784:vpc-endpoint/vpce-0ff93c7928247cd37",
            "auto_accept": null,
            "cidr_blocks": [],
            "dns_entry": [
              {
                "dns_name": "vpce-0ff93c7928247cd37-3n0mhkh4.api.ecr.eu-west-1.vpce.amazonaws.com",
                "hosted_zone_id": "Z38GZ743OKFT7T"
              },
              {
                "dns_name": "vpce-0ff93c7928247cd37-3n0mhkh4-eu-west-1b.api.ecr.eu-west-1.vpce.amazonaws.com",
                "hosted_zone_id": "Z38GZ743OKFT7T"
              },
              {
                "dns_name": "vpce-0ff93c7928247cd37-3n0mhkh4-eu-west-1a.api.ecr.eu-west-1.vpce.amazonaws.com",
                "hosted_zone_id": "Z38GZ743OKFT7T"
              },
              {
                "dns_name": "api.ecr.eu-west-1.amazonaws.com",
                "hosted_zone_id": "Z048926221PGQXZ997ZNY"
              },
              {
                "dns_name": "ecr.eu-west-1.api.aws",
                "hosted_zone_id": "Z04004202S0LHT7FBYPT3"
              }
            ],
            "dns_options": [
              {
                "dns_record_ip_type": "ipv4",
                "private_dns_only_for_inbound_resolver_endpoint": false
              }
            ],
            "id": "vpce-0ff93c7928247cd37",
            "ip_address_type": "ipv4",
            "network_interface_ids": [
              "eni-01505639bee8cfa12",
              "eni-045611ebd925e8c74"
            ],
            "owner_id": "554000693784",
            "policy": "{\"Statement\":[{\"Action\":\"*\",\"Effect\":\"Allow\",\"Principal\":\"*\",\"Resource\":\"*\"}]}",
            "prefix_list_id": null,
            "private_dns_enabled": true,
            "requester_managed": false,
            "resource_configuration_arn": "",
            "route_table_ids": [],
            "security_group_ids": [
              "sg-0a1ef76a64a779b13"
            ],
            "service_name": "com.amazonaws.eu-west-1.ecr.api",
            "service_network_arn": "",
            "service_region": "eu-west-1",
            "state": "available",
            "subnet_configuration": [
              {
                "ipv4": "10.0.10.238",
                "ipv6": "",
                "subnet_id": "subnet-05dfebfedd1946f87"
              },
              {
                "ipv4": "10.0.11.84",
                "ipv6": "",
                "subnet_id": "subnet-0b1b03cc40f2c5bfd"
              }
            ],
            "subnet_ids": [
              "subnet-05dfebfedd1946f87",
              "subnet-0b1b03cc40f2c5bfd"
            ],
            "tags": {
              "Name": "hybrid-cloud-school-ecr-api-endpoint",
              "Requirement": "REQ-NCA-P2-03",
              "description": "Pulling container images endpoint"
            },
            "tags_all": {
              "Environment": "Development",
              "ManagedBy": "Terraform",
              "Name": "hybrid-cloud-school-ecr-api-endpoint",
              "Owner": "Ernie",
              "Project": "Hybrid-Cloud-School",
              "Requirement": "REQ-NCA-P2-03",
              "description": "Pulling container images endpoint"
            },
            "timeouts": null,
            "vpc_endpoint_type": "Interface",
            "vpc_id": "vpc-0c1e8480f4384da42"
          },
          "sensitive_attributes": [],
          "identity_schema_version": 0,
          "private": "eyJlMmJmYjczMC1lY2FhLTExZTYtOGY4OC0zNDM2M2JjN2M0YzAiOnsiY3JlYXRlIjo2MDAwMDAwMDAwMDAsImRlbGV0ZSI6NjAwMDAwMDAwMDAwLCJ1cGRhdGUiOjYwMDAwMDAwMDAwMH19",
          "dependencies": [
            "aws_security_group.vpc_endpoints",
            "aws_subnet.private",
            "aws_vpc.main",
            "data.aws_availability_zones.available"
          ]
        }
      ]
    },
    {
      "mode": "managed",
      "type": "aws_vpc_endpoint",
      "name": "ecr_dkr",
      "provider": "provider[\"registry.terraform.io/hashicorp/aws\"]",
      "instances": [
        {
          "schema_version": 0,
          "attributes": {
            "arn": "arn:aws:ec2:eu-west-1:554000693784:vpc-endpoint/vpce-0ba9b1f2ece983fa5",
            "auto_accept": null,
            "cidr_blocks": [],
            "dns_entry": [
              {
                "dns_name": "vpce-0ba9b1f2ece983fa5-wyyop6c5.dkr.ecr.eu-west-1.vpce.amazonaws.com",
                "hosted_zone_id": "Z38GZ743OKFT7T"
              },
              {
                "dns_name": "vpce-0ba9b1f2ece983fa5-wyyop6c5-eu-west-1b.dkr.ecr.eu-west-1.vpce.amazonaws.com",
                "hosted_zone_id": "Z38GZ743OKFT7T"
              },
              {
                "dns_name": "vpce-0ba9b1f2ece983fa5-wyyop6c5-eu-west-1a.dkr.ecr.eu-west-1.vpce.amazonaws.com",
                "hosted_zone_id": "Z38GZ743OKFT7T"
              },
              {
                "dns_name": "dkr.ecr.eu-west-1.amazonaws.com",
                "hosted_zone_id": "Z03995352NL3MUGAJW0GH"
              },
              {
                "dns_name": "*.dkr.ecr.eu-west-1.amazonaws.com",
                "hosted_zone_id": "Z03995352NL3MUGAJW0GH"
              },
              {
                "dns_name": "dkr-ecr.eu-west-1.on.aws",
                "hosted_zone_id": "Z03988711OSILE1Y41UDV"
              },
              {
                "dns_name": "*.dkr-ecr.eu-west-1.on.aws",
                "hosted_zone_id": "Z03988711OSILE1Y41UDV"
              }
            ],
            "dns_options": [
              {
                "dns_record_ip_type": "ipv4",
                "private_dns_only_for_inbound_resolver_endpoint": false
              }
            ],
            "id": "vpce-0ba9b1f2ece983fa5",
            "ip_address_type": "ipv4",
            "network_interface_ids": [
              "eni-01fd57887369824d2",
              "eni-0f722192c3fe8d14b"
            ],
            "owner_id": "554000693784",
            "policy": "{\"Statement\":[{\"Action\":\"*\",\"Effect\":\"Allow\",\"Principal\":\"*\",\"Resource\":\"*\"}]}",
            "prefix_list_id": null,
            "private_dns_enabled": true,
            "requester_managed": false,
            "resource_configuration_arn": "",
            "route_table_ids": [],
            "security_group_ids": [
              "sg-0a1ef76a64a779b13"
            ],
            "service_name": "com.amazonaws.eu-west-1.ecr.dkr",
            "service_network_arn": "",
            "service_region": "eu-west-1",
            "state": "available",
            "subnet_configuration": [
              {
                "ipv4": "10.0.10.81",
                "ipv6": "",
                "subnet_id": "subnet-05dfebfedd1946f87"
              },
              {
                "ipv4": "10.0.11.180",
                "ipv6": "",
                "subnet_id": "subnet-0b1b03cc40f2c5bfd"
              }
            ],
            "subnet_ids": [
              "subnet-05dfebfedd1946f87",
              "subnet-0b1b03cc40f2c5bfd"
            ],
            "tags": {
              "Name": "hybrid-cloud-school-ecr-dkr-endpoint",
              "Requirement": "REQ-NCA-P2-03",
              "description": "Docker VPC endpoint"
            },
            "tags_all": {
              "Environment": "Development",
              "ManagedBy": "Terraform",
              "Name": "hybrid-cloud-school-ecr-dkr-endpoint",
              "Owner": "Ernie",
              "Project": "Hybrid-Cloud-School",
              "Requirement": "REQ-NCA-P2-03",
              "description": "Docker VPC endpoint"
            },
            "timeouts": null,
            "vpc_endpoint_type": "Interface",
            "vpc_id": "vpc-0c1e8480f4384da42"
          },
          "sensitive_attributes": [],
          "identity_schema_version": 0,
          "private": "eyJlMmJmYjczMC1lY2FhLTExZTYtOGY4OC0zNDM2M2JjN2M0YzAiOnsiY3JlYXRlIjo2MDAwMDAwMDAwMDAsImRlbGV0ZSI6NjAwMDAwMDAwMDAwLCJ1cGRhdGUiOjYwMDAwMDAwMDAwMH19",
          "dependencies": [
            "aws_security_group.vpc_endpoints",
            "aws_subnet.private",
            "aws_vpc.main",
            "data.aws_availability_zones.available"
          ]
        }
      ]
    },
    {
      "mode": "managed",
      "type": "aws_vpc_endpoint",
      "name": "logs",
      "provider": "provider[\"registry.terraform.io/hashicorp/aws\"]",
      "instances": [
        {
          "schema_version": 0,
          "attributes": {
            "arn": "arn:aws:ec2:eu-west-1:554000693784:vpc-endpoint/vpce-0fe7641f2109695b7",
            "auto_accept": null,
            "cidr_blocks": [],
            "dns_entry": [
              {
                "dns_name": "vpce-0fe7641f2109695b7-ntme73cj.logs.eu-west-1.vpce.amazonaws.com",
                "hosted_zone_id": "Z38GZ743OKFT7T"
              },
              {
                "dns_name": "vpce-0fe7641f2109695b7-ntme73cj-eu-west-1a.logs.eu-west-1.vpce.amazonaws.com",
                "hosted_zone_id": "Z38GZ743OKFT7T"
              },
              {
                "dns_name": "vpce-0fe7641f2109695b7-ntme73cj-eu-west-1b.logs.eu-west-1.vpce.amazonaws.com",
                "hosted_zone_id": "Z38GZ743OKFT7T"
              },
              {
                "dns_name": "logs.eu-west-1.amazonaws.com",
                "hosted_zone_id": "Z08188891UM9EJZ0LKFXQ"
              },
              {
                "dns_name": "logs.eu-west-1.api.aws",
                "hosted_zone_id": "Z04914422YWU4CCT630RS"
              },
              {
                "dns_name": "streaming-logs.eu-west-1.amazonaws.com",
                "hosted_zone_id": "Z04914051ADWTQ10R5QIM"
              },
              {
                "dns_name": "streaming-logs.eu-west-1.api.aws",
                "hosted_zone_id": "Z08175953Q9WMXI781MMX"
              }
            ],
            "dns_options": [
              {
                "dns_record_ip_type": "ipv4",
                "private_dns_only_for_inbound_resolver_endpoint": false
              }
            ],
            "id": "vpce-0fe7641f2109695b7",
            "ip_address_type": "ipv4",
            "network_interface_ids": [
              "eni-02a0f4283c8c18fcb",
              "eni-0843586fdcb1b8017"
            ],
            "owner_id": "554000693784",
            "policy": "{\"Statement\":[{\"Action\":\"*\",\"Effect\":\"Allow\",\"Principal\":\"*\",\"Resource\":\"*\"}]}",
            "prefix_list_id": null,
            "private_dns_enabled": true,
            "requester_managed": false,
            "resource_configuration_arn": "",
            "route_table_ids": [],
            "security_group_ids": [
              "sg-0a1ef76a64a779b13"
            ],
            "service_name": "com.amazonaws.eu-west-1.logs",
            "service_network_arn": "",
            "service_region": "eu-west-1",
            "state": "available",
            "subnet_configuration": [
              {
                "ipv4": "10.0.10.87",
                "ipv6": "",
                "subnet_id": "subnet-05dfebfedd1946f87"
              },
              {
                "ipv4": "10.0.11.19",
                "ipv6": "",
                "subnet_id": "subnet-0b1b03cc40f2c5bfd"
              }
            ],
            "subnet_ids": [
              "subnet-05dfebfedd1946f87",
              "subnet-0b1b03cc40f2c5bfd"
            ],
            "tags": {
              "Name": "hybrid-cloud-school-logs-endpoint",
              "Requirement": "REQ-NCA-P2-03_REQ-NCA-P2-04"
            },
            "tags_all": {
              "Environment": "Development",
              "ManagedBy": "Terraform",
              "Name": "hybrid-cloud-school-logs-endpoint",
              "Owner": "Ernie",
              "Project": "Hybrid-Cloud-School",
              "Requirement": "REQ-NCA-P2-03_REQ-NCA-P2-04"
            },
            "timeouts": null,
            "vpc_endpoint_type": "Interface",
            "vpc_id": "vpc-0c1e8480f4384da42"
          },
          "sensitive_attributes": [],
          "identity_schema_version": 0,
          "private": "eyJlMmJmYjczMC1lY2FhLTExZTYtOGY4OC0zNDM2M2JjN2M0YzAiOnsiY3JlYXRlIjo2MDAwMDAwMDAwMDAsImRlbGV0ZSI6NjAwMDAwMDAwMDAwLCJ1cGRhdGUiOjYwMDAwMDAwMDAwMH19",
          "dependencies": [
            "aws_security_group.vpc_endpoints",
            "aws_subnet.private",
            "aws_vpc.main",
            "data.aws_availability_zones.available"
          ]
        }
      ]
    },
    {
      "mode": "managed",
      "type": "aws_vpc_endpoint",
      "name": "s3",
      "provider": "provider[\"registry.terraform.io/hashicorp/aws\"]",
      "instances": [
        {
          "schema_version": 0,
          "attributes": {
            "arn": "arn:aws:ec2:eu-west-1:554000693784:vpc-endpoint/vpce-036cadd1af6b6f61c",
            "auto_accept": null,
            "cidr_blocks": [
              "3.5.64.0/21",
              "3.5.72.0/23",
              "52.92.0.0/17",
              "52.218.0.0/17"
            ],
            "dns_entry": [],
            "dns_options": [
              {
                "dns_record_ip_type": "service-defined",
                "private_dns_only_for_inbound_resolver_endpoint": false
              }
            ],
            "id": "vpce-036cadd1af6b6f61c",
            "ip_address_type": "ipv4",
            "network_interface_ids": [],
            "owner_id": "554000693784",
            "policy": "{\"Statement\":[{\"Action\":\"*\",\"Effect\":\"Allow\",\"Principal\":\"*\",\"Resource\":\"*\"}],\"Version\":\"2008-10-17\"}",
            "prefix_list_id": "pl-6da54004",
            "private_dns_enabled": false,
            "requester_managed": false,
            "resource_configuration_arn": "",
            "route_table_ids": [
              "rtb-00bb15c069268ef8d",
              "rtb-052a2aa50e1da020f",
              "rtb-0fb0ecb7a6ac3cc50"
            ],
            "security_group_ids": [],
            "service_name": "com.amazonaws.eu-west-1.s3",
            "service_network_arn": "",
            "service_region": "eu-west-1",
            "state": "available",
            "subnet_configuration": [],
            "subnet_ids": [],
            "tags": {
              "Name": "hybrid-cloud-school-s3-endpoint",
              "Requirement": "REQ-NCA-P2-03",
              "description": "VPC endpoint"
            },
            "tags_all": {
              "Environment": "Development",
              "ManagedBy": "Terraform",
              "Name": "hybrid-cloud-school-s3-endpoint",
              "Owner": "Ernie",
              "Project": "Hybrid-Cloud-School",
              "Requirement": "REQ-NCA-P2-03",
              "description": "VPC endpoint"
            },
            "timeouts": null,
            "vpc_endpoint_type": "Gateway",
            "vpc_id": "vpc-0c1e8480f4384da42"
          },
          "sensitive_attributes": [],
          "identity_schema_version": 0,
          "private": "eyJlMmJmYjczMC1lY2FhLTExZTYtOGY4OC0zNDM2M2JjN2M0YzAiOnsiY3JlYXRlIjo2MDAwMDAwMDAwMDAsImRlbGV0ZSI6NjAwMDAwMDAwMDAwLCJ1cGRhdGUiOjYwMDAwMDAwMDAwMH19",
          "dependencies": [
            "aws_eip.nat",
            "aws_internet_gateway.main",
            "aws_nat_gateway.main",
            "aws_route_table.private",
            "aws_route_table.public",
            "aws_subnet.public",
            "aws_vpc.main",
            "data.aws_availability_zones.available"
          ]
        }
      ]
    },
    {
      "mode": "managed",
      "type": "aws_vpn_connection",
      "name": "main",
      "provider": "provider[\"registry.terraform.io/hashicorp/aws\"]",
      "instances": [
        {
          "schema_version": 0,
          "attributes": {
            "arn": "arn:aws:ec2:eu-west-1:554000693784:vpn-connection/vpn-09a2af4cf621ea2f5",
            "core_network_arn": "",
            "core_network_attachment_arn": "",
            "customer_gateway_configuration": "\u003c?xml version=\"1.0\" encoding=\"UTF-8\"?\u003e\n\u003cvpn_connection id=\"vpn-09a2af4cf621ea2f5\"\u003e\n  \u003ccustomer_gateway_id\u003ecgw-066a5e27bf6b610a1\u003c/customer_gateway_id\u003e\n  \u003cvpn_gateway_id\u003evgw-08e5d3febce1ea1fa\u003c/vpn_gateway_id\u003e\n  \u003cvpn_connection_type\u003eipsec.1\u003c/vpn_connection_type\u003e\n  \u003cvpn_connection_attributes\u003eNoBGPVPNConnection\u003c/vpn_connection_attributes\u003e\n  \u003cipsec_tunnel\u003e\n    \u003ccustomer_gateway\u003e\n      \u003ctunnel_outside_address\u003e\n        \u003cip_address\u003e144.178.197.106\u003c/ip_address\u003e\n      \u003c/tunnel_outside_address\u003e\n      \u003ctunnel_inside_address\u003e\n        \u003cip_address\u003e169.254.209.154\u003c/ip_address\u003e\n        \u003cnetwork_mask\u003e255.255.255.252\u003c/network_mask\u003e\n        \u003cnetwork_cidr\u003e30\u003c/network_cidr\u003e\n      \u003c/tunnel_inside_address\u003e\n    \u003c/customer_gateway\u003e\n    \u003cvpn_gateway\u003e\n      \u003ctunnel_outside_address\u003e\n        \u003cip_address\u003e52.212.250.230\u003c/ip_address\u003e\n      \u003c/tunnel_outside_address\u003e\n      \u003ctunnel_inside_address\u003e\n        \u003cip_address\u003e169.254.209.153\u003c/ip_address\u003e\n        \u003cnetwork_mask\u003e255.255.255.252\u003c/network_mask\u003e\n        \u003cnetwork_cidr\u003e30\u003c/network_cidr\u003e\n      \u003c/tunnel_inside_address\u003e\n    \u003c/vpn_gateway\u003e\n    \u003cike\u003e\n      \u003cauthentication_protocol\u003esha1\u003c/authentication_protocol\u003e\n      \u003cencryption_protocol\u003eaes-128-cbc\u003c/encryption_protocol\u003e\n      \u003clifetime\u003e28800\u003c/lifetime\u003e\n      \u003cperfect_forward_secrecy\u003egroup2\u003c/perfect_forward_secrecy\u003e\n      \u003cmode\u003emain\u003c/mode\u003e\n      \u003cpre_shared_key\u003eGq3UWotS7tyoSx.nxNFwjna4DKUo23rC\u003c/pre_shared_key\u003e\n    \u003c/ike\u003e\n    \u003cipsec\u003e\n      \u003cprotocol\u003eesp\u003c/protocol\u003e\n      \u003cauthentication_protocol\u003ehmac-sha1-96\u003c/authentication_protocol\u003e\n      \u003cencryption_protocol\u003eaes-128-cbc\u003c/encryption_protocol\u003e\n      \u003clifetime\u003e3600\u003c/lifetime\u003e\n      \u003cperfect_forward_secrecy\u003egroup2\u003c/perfect_forward_secrecy\u003e\n      \u003cmode\u003etunnel\u003c/mode\u003e\n      \u003cclear_df_bit\u003etrue\u003c/clear_df_bit\u003e\n      \u003cfragmentation_before_encryption\u003etrue\u003c/fragmentation_before_encryption\u003e\n      \u003ctcp_mss_adjustment\u003e1379\u003c/tcp_mss_adjustment\u003e\n      \u003cdead_peer_detection\u003e\n        \u003cinterval\u003e10\u003c/interval\u003e\n        \u003cretries\u003e3\u003c/retries\u003e\n      \u003c/dead_peer_detection\u003e\n    \u003c/ipsec\u003e\n  \u003c/ipsec_tunnel\u003e\n  \u003cipsec_tunnel\u003e\n    \u003ccustomer_gateway\u003e\n      \u003ctunnel_outside_address\u003e\n        \u003cip_address\u003e144.178.197.106\u003c/ip_address\u003e\n      \u003c/tunnel_outside_address\u003e\n      \u003ctunnel_inside_address\u003e\n        \u003cip_address\u003e169.254.233.250\u003c/ip_address\u003e\n        \u003cnetwork_mask\u003e255.255.255.252\u003c/network_mask\u003e\n        \u003cnetwork_cidr\u003e30\u003c/network_cidr\u003e\n      \u003c/tunnel_inside_address\u003e\n    \u003c/customer_gateway\u003e\n    \u003cvpn_gateway\u003e\n      \u003ctunnel_outside_address\u003e\n        \u003cip_address\u003e54.75.102.170\u003c/ip_address\u003e\n      \u003c/tunnel_outside_address\u003e\n      \u003ctunnel_inside_address\u003e\n        \u003cip_address\u003e169.254.233.249\u003c/ip_address\u003e\n        \u003cnetwork_mask\u003e255.255.255.252\u003c/network_mask\u003e\n        \u003cnetwork_cidr\u003e30\u003c/network_cidr\u003e\n      \u003c/tunnel_inside_address\u003e\n    \u003c/vpn_gateway\u003e\n    \u003cike\u003e\n      \u003cauthentication_protocol\u003esha1\u003c/authentication_protocol\u003e\n      \u003cencryption_protocol\u003eaes-128-cbc\u003c/encryption_protocol\u003e\n      \u003clifetime\u003e28800\u003c/lifetime\u003e\n      \u003cperfect_forward_secrecy\u003egroup2\u003c/perfect_forward_secrecy\u003e\n      \u003cmode\u003emain\u003c/mode\u003e\n      \u003cpre_shared_key\u003eUrZv5.qLWtb_73XY4g0ClCCFPI0UwKUu\u003c/pre_shared_key\u003e\n    \u003c/ike\u003e\n    \u003cipsec\u003e\n      \u003cprotocol\u003eesp\u003c/protocol\u003e\n      \u003cauthentication_protocol\u003ehmac-sha1-96\u003c/authentication_protocol\u003e\n      \u003cencryption_protocol\u003eaes-128-cbc\u003c/encryption_protocol\u003e\n      \u003clifetime\u003e3600\u003c/lifetime\u003e\n      \u003cperfect_forward_secrecy\u003egroup2\u003c/perfect_forward_secrecy\u003e\n      \u003cmode\u003etunnel\u003c/mode\u003e\n      \u003cclear_df_bit\u003etrue\u003c/clear_df_bit\u003e\n      \u003cfragmentation_before_encryption\u003etrue\u003c/fragmentation_before_encryption\u003e\n      \u003ctcp_mss_adjustment\u003e1379\u003c/tcp_mss_adjustment\u003e\n      \u003cdead_peer_detection\u003e\n        \u003cinterval\u003e10\u003c/interval\u003e\n        \u003cretries\u003e3\u003c/retries\u003e\n      \u003c/dead_peer_detection\u003e\n    \u003c/ipsec\u003e\n  \u003c/ipsec_tunnel\u003e\n\u003c/vpn_connection\u003e\n",
            "customer_gateway_id": "cgw-066a5e27bf6b610a1",
            "enable_acceleration": false,
            "id": "vpn-09a2af4cf621ea2f5",
            "local_ipv4_network_cidr": "0.0.0.0/0",
            "local_ipv6_network_cidr": "",
            "outside_ip_address_type": "PublicIpv4",
            "preshared_key_arn": "",
            "preshared_key_storage": "Standard",
            "remote_ipv4_network_cidr": "0.0.0.0/0",
            "remote_ipv6_network_cidr": "",
            "routes": [],
            "static_routes_only": true,
            "tags": {
              "Name": "hybrid-cloud-school-vpn-connection",
              "Requirement": "REQ-NCA-P2-02"
            },
            "tags_all": {
              "Environment": "Development",
              "ManagedBy": "Terraform",
              "Name": "hybrid-cloud-school-vpn-connection",
              "Owner": "Ernie",
              "Project": "Hybrid-Cloud-School",
              "Requirement": "REQ-NCA-P2-02"
            },
            "transit_gateway_attachment_id": "",
            "transit_gateway_id": "",
            "transport_transit_gateway_attachment_id": "",
            "tunnel1_address": "52.212.250.230",
            "tunnel1_bgp_asn": "",
            "tunnel1_bgp_holdtime": 0,
            "tunnel1_cgw_inside_address": "169.254.209.154",
            "tunnel1_dpd_timeout_action": "",
            "tunnel1_dpd_timeout_seconds": 0,
            "tunnel1_enable_tunnel_lifecycle_control": false,
            "tunnel1_ike_versions": null,
            "tunnel1_inside_cidr": "169.254.209.152/30",
            "tunnel1_inside_ipv6_cidr": "",
            "tunnel1_log_options": [
              {
                "cloudwatch_log_options": [
                  {
                    "log_enabled": false,
                    "log_group_arn": "",
                    "log_output_format": ""
                  }
                ]
              }
            ],
            "tunnel1_phase1_dh_group_numbers": null,
            "tunnel1_phase1_encryption_algorithms": null,
            "tunnel1_phase1_integrity_algorithms": null,
            "tunnel1_phase1_lifetime_seconds": 0,
            "tunnel1_phase2_dh_group_numbers": null,
            "tunnel1_phase2_encryption_algorithms": null,
            "tunnel1_phase2_integrity_algorithms": null,
            "tunnel1_phase2_lifetime_seconds": 0,
            "tunnel1_preshared_key": "Gq3UWotS7tyoSx.nxNFwjna4DKUo23rC",
            "tunnel1_rekey_fuzz_percentage": 0,
            "tunnel1_rekey_margin_time_seconds": 0,
            "tunnel1_replay_window_size": 0,
            "tunnel1_startup_action": "",
            "tunnel1_vgw_inside_address": "169.254.209.153",
            "tunnel2_address": "54.75.102.170",
            "tunnel2_bgp_asn": "",
            "tunnel2_bgp_holdtime": 0,
            "tunnel2_cgw_inside_address": "169.254.233.250",
            "tunnel2_dpd_timeout_action": "",
            "tunnel2_dpd_timeout_seconds": 0,
            "tunnel2_enable_tunnel_lifecycle_control": false,
            "tunnel2_ike_versions": null,
            "tunnel2_inside_cidr": "169.254.233.248/30",
            "tunnel2_inside_ipv6_cidr": "",
            "tunnel2_log_options": [
              {
                "cloudwatch_log_options": [
                  {
                    "log_enabled": false,
                    "log_group_arn": "",
                    "log_output_format": ""
                  }
                ]
              }
            ],
            "tunnel2_phase1_dh_group_numbers": null,
            "tunnel2_phase1_encryption_algorithms": null,
            "tunnel2_phase1_integrity_algorithms": null,
            "tunnel2_phase1_lifetime_seconds": 0,
            "tunnel2_phase2_dh_group_numbers": null,
            "tunnel2_phase2_encryption_algorithms": null,
            "tunnel2_phase2_integrity_algorithms": null,
            "tunnel2_phase2_lifetime_seconds": 0,
            "tunnel2_preshared_key": "UrZv5.qLWtb_73XY4g0ClCCFPI0UwKUu",
            "tunnel2_rekey_fuzz_percentage": 0,
            "tunnel2_rekey_margin_time_seconds": 0,
            "tunnel2_replay_window_size": 0,
            "tunnel2_startup_action": "",
            "tunnel2_vgw_inside_address": "169.254.233.249",
            "tunnel_inside_ip_version": "ipv4",
            "type": "ipsec.1",
            "vgw_telemetry": [
              {
                "accepted_route_count": 0,
                "certificate_arn": "",
                "last_status_change": "2025-11-15T01:15:40Z",
                "outside_ip_address": "52.212.250.230",
                "status": "DOWN",
                "status_message": ""
              },
              {
                "accepted_route_count": 0,
                "certificate_arn": "",
                "last_status_change": "2025-11-15T01:21:06Z",
                "outside_ip_address": "54.75.102.170",
                "status": "DOWN",
                "status_message": ""
              }
            ],
            "vpn_gateway_id": "vgw-08e5d3febce1ea1fa"
          },
          "sensitive_attributes": [
            [
              {
                "type": "get_attr",
                "value": "customer_gateway_configuration"
              }
            ],
            [
              {
                "type": "get_attr",
                "value": "tunnel1_preshared_key"
              }
            ],
            [
              {
                "type": "get_attr",
                "value": "tunnel2_preshared_key"
              }
            ]
          ],
          "identity_schema_version": 0,
          "private": "bnVsbA==",
          "dependencies": [
            "aws_customer_gateway.main",
            "aws_vpc.main",
            "aws_vpn_gateway.main"
          ]
        }
      ]
    },
    {
      "mode": "managed",
      "type": "aws_vpn_connection_route",
      "name": "on_prem",
      "provider": "provider[\"registry.terraform.io/hashicorp/aws\"]",
      "instances": [
        {
          "schema_version": 0,
          "attributes": {
            "destination_cidr_block": "192.168.0.0/16",
            "id": "192.168.0.0/16:vpn-09a2af4cf621ea2f5",
            "vpn_connection_id": "vpn-09a2af4cf621ea2f5"
          },
          "sensitive_attributes": [],
          "identity_schema_version": 0,
          "private": "bnVsbA==",
          "dependencies": [
            "aws_customer_gateway.main",
            "aws_vpc.main",
            "aws_vpn_connection.main",
            "aws_vpn_gateway.main"
          ]
        }
      ]
    },
    {
      "mode": "managed",
      "type": "aws_vpn_gateway",
      "name": "main",
      "provider": "provider[\"registry.terraform.io/hashicorp/aws\"]",
      "instances": [
        {
          "schema_version": 0,
          "attributes": {
            "amazon_side_asn": "64512",
            "arn": "arn:aws:ec2:eu-west-1:554000693784:vpn-gateway/vgw-08e5d3febce1ea1fa",
            "availability_zone": null,
            "id": "vgw-08e5d3febce1ea1fa",
            "tags": {
              "Name": "hybrid-cloud-school-vpn-gateway",
              "description": "Door to Cloud"
            },
            "tags_all": {
              "Environment": "Development",
              "ManagedBy": "Terraform",
              "Name": "hybrid-cloud-school-vpn-gateway",
              "Owner": "Ernie",
              "Project": "Hybrid-Cloud-School",
              "description": "Door to Cloud"
            },
            "vpc_id": "vpc-0c1e8480f4384da42"
          },
          "sensitive_attributes": [],
          "identity_schema_version": 0,
          "private": "bnVsbA==",
          "dependencies": [
            "aws_vpc.main"
          ]
        }
      ]
    },
    {
      "mode": "managed",
      "type": "aws_vpn_gateway_attachment",
      "name": "main",
      "provider": "provider[\"registry.terraform.io/hashicorp/aws\"]",
      "instances": [
        {
          "schema_version": 0,
          "attributes": {
            "id": "vpn-attachment-72b1fa3a",
            "vpc_id": "vpc-0c1e8480f4384da42",
            "vpn_gateway_id": "vgw-08e5d3febce1ea1fa"
          },
          "sensitive_attributes": [],
          "identity_schema_version": 0,
          "private": "bnVsbA==",
          "dependencies": [
            "aws_vpc.main",
            "aws_vpn_gateway.main"
          ]
        }
      ]
    },
    {
      "mode": "managed",
      "type": "aws_vpn_gateway_route_propagation",
      "name": "private",
      "provider": "provider[\"registry.terraform.io/hashicorp/aws\"]",
      "instances": [
        {
          "index_key": 0,
          "schema_version": 0,
          "attributes": {
            "id": "vgw-08e5d3febce1ea1fa_rtb-052a2aa50e1da020f",
            "route_table_id": "rtb-052a2aa50e1da020f",
            "timeouts": null,
            "vpn_gateway_id": "vgw-08e5d3febce1ea1fa"
          },
          "sensitive_attributes": [],
          "identity_schema_version": 0,
          "private": "eyJlMmJmYjczMC1lY2FhLTExZTYtOGY4OC0zNDM2M2JjN2M0YzAiOnsiY3JlYXRlIjoxMjAwMDAwMDAwMDAsImRlbGV0ZSI6MTIwMDAwMDAwMDAwfX0=",
          "dependencies": [
            "aws_eip.nat",
            "aws_internet_gateway.main",
            "aws_nat_gateway.main",
            "aws_route_table.private",
            "aws_subnet.public",
            "aws_vpc.main",
            "aws_vpn_gateway.main",
            "data.aws_availability_zones.available"
          ]
        },
        {
          "index_key": 1,
          "schema_version": 0,
          "attributes": {
            "id": "vgw-08e5d3febce1ea1fa_rtb-00bb15c069268ef8d",
            "route_table_id": "rtb-00bb15c069268ef8d",
            "timeouts": null,
            "vpn_gateway_id": "vgw-08e5d3febce1ea1fa"
          },
          "sensitive_attributes": [],
          "identity_schema_version": 0,
          "private": "eyJlMmJmYjczMC1lY2FhLTExZTYtOGY4OC0zNDM2M2JjN2M0YzAiOnsiY3JlYXRlIjoxMjAwMDAwMDAwMDAsImRlbGV0ZSI6MTIwMDAwMDAwMDAwfX0=",
          "dependencies": [
            "aws_eip.nat",
            "aws_internet_gateway.main",
            "aws_nat_gateway.main",
            "aws_route_table.private",
            "aws_subnet.public",
            "aws_vpc.main",
            "aws_vpn_gateway.main",
            "data.aws_availability_zones.available"
          ]
        }
      ]
    },
    {
      "mode": "managed",
      "type": "aws_vpn_gateway_route_propagation",
      "name": "public",
      "provider": "provider[\"registry.terraform.io/hashicorp/aws\"]",
      "instances": [
        {
          "schema_version": 0,
          "attributes": {
            "id": "vgw-08e5d3febce1ea1fa_rtb-0fb0ecb7a6ac3cc50",
            "route_table_id": "rtb-0fb0ecb7a6ac3cc50",
            "timeouts": null,
            "vpn_gateway_id": "vgw-08e5d3febce1ea1fa"
          },
          "sensitive_attributes": [],
          "identity_schema_version": 0,
          "private": "eyJlMmJmYjczMC1lY2FhLTExZTYtOGY4OC0zNDM2M2JjN2M0YzAiOnsiY3JlYXRlIjoxMjAwMDAwMDAwMDAsImRlbGV0ZSI6MTIwMDAwMDAwMDAwfX0=",
          "dependencies": [
            "aws_internet_gateway.main",
            "aws_route_table.public",
            "aws_vpc.main",
            "aws_vpn_gateway.main"
          ]
        }
      ]
    },
    {
      "mode": "managed",
      "type": "local_file",
      "name": "grafana_datasource_config",
      "provider": "provider[\"registry.terraform.io/hashicorp/local\"]",
      "instances": [
        {
          "schema_version": 0,
          "attributes": {
            "content": "apiVersion: 1\n    \ndatasources:\n  - name: Prometheus\n    type: prometheus\n    access: proxy\n    url: http://prometheus.hybrid-cloud-school.internal:9090\n    isDefault: true\n    editable: false\n        \n  - name: Loki\n    type: loki\n    access: proxy\n    url: http://loki.hybrid-cloud-school.internal:3100\n    editable: false\n        \n  - name: CloudWatch\n    type: cloudwatch\n    jsonData:\n      authType: default\n      defaultRegion: eu-west-1\n",
            "content_base64": null,
            "content_base64sha256": "o9QJekalC/PVebiBNMr2NmIy1Ef78llOMj3vCnwEuL0=",
            "content_base64sha512": "jDInJpmN1kK2tXcRpEB6Ozd57bUXxHbaVpBg1NaQT1pMz69qk5rNglIy/bzTv6qVGtxnKmmxDakl7ggM5oq0mg==",
            "content_md5": "cf027cabc89cbce1b315fe9efb2b4c69",
            "content_sha1": "8c4902ffc1af5a807ffec4f407eb71a1972fbd08",
            "content_sha256": "a3d4097a46a50bf3d579b88134caf6366232d447fbf2594e323def0a7c04b8bd",
            "content_sha512": "8c322726998dd642b6b57711a4407a3b3779edb517c476da569060d4d6904f5a4ccfaf6a939acd825232fdbcd3bfaa951adc672a69b10da925ee080ce68ab49a",
            "directory_permission": "0777",
            "file_permission": "0777",
            "filename": "./grafana-datasources.yml",
            "id": "8c4902ffc1af5a807ffec4f407eb71a1972fbd08",
            "sensitive_content": null,
            "source": null
          },
          "sensitive_attributes": [
            [
              {
                "type": "get_attr",
                "value": "sensitive_content"
              }
            ]
          ],
          "identity_schema_version": 0,
          "dependencies": [
            "aws_route53_zone.private",
            "aws_vpc.main"
          ]
        }
      ]
    },
    {
      "mode": "managed",
      "type": "local_file",
      "name": "loki_config",
      "provider": "provider[\"registry.terraform.io/hashicorp/local\"]",
      "instances": [
        {
          "schema_version": 0,
          "attributes": {
            "content": "auth_enabled: false\n    \nserver:\n  http_listen_port: 3100\n  grpc_listen_port: 9096\n    \ncommon:\n  path_prefix: /loki\n  storage:\n    filesystem:\n      chunks_directory: /loki/chunks\n      rules_directory: /loki/rules\n  replication_factor: 1\n  ring:\n    instance_addr: 127.0.0.1\n    kvstore:\n      store: inmemory\n    \nschema_config:\n  configs:\n    - from: 2020-10-24\n      store: boltdb-shipper\n      object_store: s3\n      schema: v11\n      index:\n        prefix: index_\n        period: 24h\n    \nstorage_config:\n  boltdb_shipper:\n    active_index_directory: /loki/boltdb-shipper-active\n    cache_location: /loki/boltdb-shipper-cache\n    cache_ttl: 24h\n    shared_store: s3\n      \n  aws:\n    s3: s3://eu-west-1/hybrid-cloud-school-loki-logs\n    s3forcepathstyle: false\n    \nlimits_config:\n  retention_period: 744h  # 31 days\n  reject_old_samples: true\n  reject_old_samples_max_age: 168h  # 7 days\n  ingestion_rate_mb: 10\n  ingestion_burst_size_mb: 20\n    \nchunk_store_config:\n  max_look_back_period: 0s\n    \ntable_manager:\n  retention_deletes_enabled: true\n  retention_period: 744h\n    \ncompactor:\n  working_directory: /loki/compactor\n  shared_store: s3\n  compaction_interval: 10m\n  retention_enabled: true\n  retention_delete_delay: 2h\n  retention_delete_worker_count: 150\n",
            "content_base64": null,
            "content_base64sha256": "9Tal6Elp6RWZk0/Cd3swHgUp7Wr4dTsH3/TaCc3mIi8=",
            "content_base64sha512": "ew23OEcJktp9R8EMMJ8SBKCLarw0XS1pFIW6sw+24y1DnSjQ2bRril0Ycw0M8ppn0rbO71M9G4z6NdBu6/yFbw==",
            "content_md5": "e17fd8e8b7b851da3aadfdd8d24e9ed1",
            "content_sha1": "ae786b7ac79ce2d9b58126c9dfcd275232e022c5",
            "content_sha256": "f536a5e84969e91599934fc2777b301e0529ed6af8753b07dff4da09cde6222f",
            "content_sha512": "7b0db738470992da7d47c10c309f1204a08b6abc345d2d691485bab30fb6e32d439d28d0d9b46b8a5d18730d0cf29a67d2b6ceef533d1b8cfa35d06eebfc856f",
            "directory_permission": "0777",
            "file_permission": "0777",
            "filename": "./monitoring/loki/loki-config.yml",
            "id": "ae786b7ac79ce2d9b58126c9dfcd275232e022c5",
            "sensitive_content": null,
            "source": null
          },
          "sensitive_attributes": [
            [
              {
                "type": "get_attr",
                "value": "sensitive_content"
              }
            ]
          ],
          "identity_schema_version": 0,
          "dependencies": [
            "aws_s3_bucket.loki"
          ]
        }
      ]
    },
    {
      "mode": "managed",
      "type": "local_file",
      "name": "monitoring_private_key",
      "provider": "provider[\"registry.terraform.io/hashicorp/local\"]",
      "instances": [
        {
          "schema_version": 0,
          "attributes": {
            "content": "-----BEGIN RSA PRIVATE KEY-----\nMIIJKAIBAAKCAgEA6FV9xeYcxCNlbW03jXB5nd++JbzRdvaOavWcawPxTBLtERBo\nrAGvUn/hSZGodKgFypPcKckX032+mxTbFBOQWtWFmfOUqSRcTcZ8Ot7dGOagLGAh\nMT/UToUsDwyBLBPRnPwpcmzJWSh5hR3uK0u81gtM8Q2mk2pJoor2CLiHi/7Ai666\nfO/29kA+BRO3CnG6+qIJ7ceq+hfQcXTOTqIwVE2DkE57sYOj0czXHdfz9azLC+45\nYZndxzhKnk4oPPZjMo+xAp5Klyk6Hf/sSHENGXJVej+ZO6dG0iUpfhK28jicp2VE\ni7khAsHvwfmCJumQve8lfiI3ycC3s/0Z6itWK0Vb2YS4MXcPQwLsG88UHBDAHTYJ\nw8pajAc37X38pWundQN6GWttn4++M+0La3MP4q6Kgpc4VI0v/7RbEcmOKKOLn9M8\nLSmyVXRTXQQPlB4jzpzRe4u1Tiba4EsX5A2UmpCwJyOSWissxWOdmWSDe4eTf5be\noJCpfTM1TlZp/v5u0ywDNaHyv/IAMoYpqUJcC/wRvhYsiHJEpKYSGVkp0LY3D8gb\nxYG6o7ZSf/jmtmIkhsxV4lZ14Q8vMlHfJLla2EU6V8QT1zz66nbff3BJTg7+uZt5\ncc7kA2ygdESsdlrt2+w9n7mpTT4c5nvFe75JmTluh6LJeIoxndXv20VlnYECAwEA\nAQKCAgAOWJcRVP3yO4hMCzoqrOcJkVMFtATQHnXZU2yy6/Wmn6WNT/DSrDD1/Gj+\nGLUo7OYcpegqmVz0BXfzTgSgFvwrK7OZ98E2d4UOlWK+5NuMqdL6on3yM1GJ/q2j\niT9hqCChm614gBCnxXjJeDloaX8RzXVVDiV6xU2iMIf0LmbKRXMAvQuNYujiOEHM\nIPVEuxSTXNWVneZoFnfbxZ1mnBu1XOryinIXWjxPnGEtGdRZ129bP3zCEtTvtAFh\niIxyBTnHWbmRopITBuvshczChV6Mc3OlPo+Y8CGOoNZQz1mGF+pOaNGkegw4hh6m\noOBBRFtYaw+q2/SLa++7+LU0sTPbDoXAN8K6EW5xt+LKbch/w7hAPMIOvYdXhFUS\nsim/vuu2pCzFsM7moi52y6nB6OBb818sTI96TIleCXp8J8ISOA8hRPfOfUGK2gfS\nmCIcGV0doEuRSZhjRtZYxMjKEaoKwQ9sdd3/75zfMoN7ew5B+aK5xpAQGFIkL5gC\nQ3PNp8eI7aYG0h9NSrCVL5bDkDOlQg9EYMzIFCJiaTeWowS/23L5ICyYAkvMjS+X\n2/999CO4t1XvX9KTWD5m0VrPP8c82/JBbQXavKW7Z+/L2p73i0mCfff9L6NsRRtQ\nBqMtOQX9HBNi7wtvtbmoO6Yu+hzPRxx/PfIlBRIMTiEXq4NqxQKCAQEA+1ra/DFz\nv3INk8FyysavEpTKMDQoF5P1uyzh04yj8veg5aXbHybdL4wGOMtd/+MHGpL5NhgI\nxtg2HAy6AcfhhJLIIzD1uFfObLuztJvco87pfxdrekF6VxdxffJKYOL6IQvH67yR\ndbwwTf7DBUsRCK7XvG8XDIJc9AfY3aks3zUlTGJ/o98dckR+gACHZmpNjKTbIpr3\nCcevOMx9IJa5FxGlJkm5lv02UjXCQrFmkLAjRtda1J24cbff+Cue91E2shPfGXrX\nOcH5Qx8KMvVlYAwAVLf61CdYJzHb4uRnXz0zXDkB9XDgaXGKRRUv4e2TnOu01H1C\n3UMGLMj+rIxQbQKCAQEA7KCmIDaJlJk6yl9B4afu0kwIY/ahXtr0QnwveOBUrhji\nf+N3TngLAnQQ4X54akkxkPRIohfYAcQJn91Bi3DwzzW94w8H3egpRdRyazHZAfb0\nHVG1iCpv9MtxxC0O+oNjaiyyg5OQBST/dudp3JqMD+vbcJxhBV0SMCQO0WSYhJak\ntHiW/EAMlmuLRfpffjXgze9lrOFtKkYLrB8T82gA+kSdd/GiNyOqiI6be2KgEmFv\nfWtA0B3klvdfhiZNZyofY3njeu3I1Vg4oOk6FI1Ck5WiREYg25sZZ/eT6NB3GPdk\nKG3RcGBr3yGxHyUpkhLF5aeSRI4I13x+cK6t31Tc5QKCAQEAqeWNo22huUPUXY0i\nlGGbsMmVqON4Pgeqz2vU8PNdVjt/K/rhk7rnQt44zmbYEMBZ6uJxRNkWBaHbYTZQ\n/CcpDj1Qvki3rnTbeK+fFnNLvgV72oXwBeEAWqHj+qetErQZMgEOjw8Umyoq1G1h\nUNCeoOndtOa6A6CSR/iN47YYOH9pyKnDcPa8pqIZh1fULauo42oDHO72EExC6fd+\nlGqMjUVGBg1LPv3Em+jud7oFg8Mq9RVXteMt6t/IqayCdNUWTWQVJtnbZJTycSYn\n9K3eaf9ysdDx4Dj/4u5WnJSaMsvhTXLTGh3D8kHmni9mACZf4m+H+SD58yj8oYTy\nb5sgOQKCAQB4qZbs+EKB5v0msxp6QlMzI5hnuR0irI4/1Om0PtiPipr9UfXFqssa\nbispgX9P25EN9LORDI2WoOuzfHTu8SGq2CHDRifhzYA2XpYV+W5KZS6oQMFL9S/v\n6UpTGhL4RcWNH8vL8pRPO0WV0X2XA6wGdmQI8YU74fDjYY+40Q5BFjxY1uFPMi35\nClAT2A+X4UuIV9pGJRGwq9VJ6PMYfOF6vUB7KFlquqI8TlQUv/8WQF9E2ktLlOK6\n5NvuIVv5Dm7BICeSyOxPdlQyIZv/XOUlMvlyzTv2IAn9jS78WklRDt4hC5bwMgrv\n1lNmqWGgXjhR2nhowvDZSV+EgF6jcrfNAoIBAFD+UDJKvBvb3Wqydf3bOOqE6lfy\n7jK5n+BqAWc/ZTostPtbMDzvriI0An9uigjXWUlhjfNH8cJ8log715DiZvOeje/e\nO2wlTCBOO8fJizmqTs/nbCVGyRXlRA3J7B2NCtlIdSgBZCFr2/h0mUUCHNL20Q2o\n3LFtc0PaiNtNpqdmPk9IwoZCKjsghvzYDw2REkW3Vz1FsTtEcxvkXafql9NwJO7d\nS758Vp1hBFR9fgRDVU7748fV6VNmW1lWb5Reyrwn215/iUeYIQXyW7cz3PbSd1gK\nGvUkFlW/MSPSrmo0z/6BKRL5BP1SJqUvBSr75P3fEr/9h2VWR3SOMhuBIko=\n-----END RSA PRIVATE KEY-----\n",
            "content_base64": null,
            "content_base64sha256": "TytUMhiMFbpITavMLm+70HQb3CeKvPNiqnppRZfEaWo=",
            "content_base64sha512": "TjtgoM1dtekHA+Dq9MhS3GbgjQ3wlm1TIlU/xUDyqyOTmVG8i621CwSuC66UAPQpKzSlbD5GlYypinK6JSJs8A==",
            "content_md5": "70e3c10dfff4cd86634c5564d9e9f780",
            "content_sha1": "cf2471525d88964f275b8139f70be20ede8fd22e",
            "content_sha256": "4f2b5432188c15ba484dabcc2e6fbbd0741bdc278abcf362aa7a694597c4696a",
            "content_sha512": "4e3b60a0cd5db5e90703e0eaf4c852dc66e08d0df0966d5322553fc540f2ab23939951bc8badb50b04ae0bae9400f4292b34a56c3e46958ca98a72ba25226cf0",
            "directory_permission": "0777",
            "file_permission": "0600",
            "filename": "./../../ansible/keys/monitoring-key.pem",
            "id": "cf2471525d88964f275b8139f70be20ede8fd22e",
            "sensitive_content": null,
            "source": null
          },
          "sensitive_attributes": [
            [
              {
                "type": "get_attr",
                "value": "content"
              }
            ],
            [
              {
                "type": "get_attr",
                "value": "sensitive_content"
              }
            ]
          ],
          "identity_schema_version": 0,
          "dependencies": [
            "tls_private_key.monitoring"
          ]
        }
      ]
    },
    {
      "mode": "managed",
      "type": "tls_private_key",
      "name": "monitoring",
      "provider": "provider[\"registry.terraform.io/hashicorp/tls\"]",
      "instances": [
        {
          "schema_version": 1,
          "attributes": {
            "algorithm": "RSA",
            "ecdsa_curve": "P224",
            "id": "b8e19c6da669954f715e829bda541d7d9262bad1",
            "private_key_openssh": "-----BEGIN OPENSSH PRIVATE KEY-----\nb3BlbnNzaC1rZXktdjEAAAAABG5vbmUAAAAEbm9uZQAAAAAAAAABAAACFwAAAAdz\nc2gtcnNhAAAAAwEAAQAAAgEA6FV9xeYcxCNlbW03jXB5nd++JbzRdvaOavWcawPx\nTBLtERBorAGvUn/hSZGodKgFypPcKckX032+mxTbFBOQWtWFmfOUqSRcTcZ8Ot7d\nGOagLGAhMT/UToUsDwyBLBPRnPwpcmzJWSh5hR3uK0u81gtM8Q2mk2pJoor2CLiH\ni/7Ai666fO/29kA+BRO3CnG6+qIJ7ceq+hfQcXTOTqIwVE2DkE57sYOj0czXHdfz\n9azLC+45YZndxzhKnk4oPPZjMo+xAp5Klyk6Hf/sSHENGXJVej+ZO6dG0iUpfhK2\n8jicp2VEi7khAsHvwfmCJumQve8lfiI3ycC3s/0Z6itWK0Vb2YS4MXcPQwLsG88U\nHBDAHTYJw8pajAc37X38pWundQN6GWttn4++M+0La3MP4q6Kgpc4VI0v/7RbEcmO\nKKOLn9M8LSmyVXRTXQQPlB4jzpzRe4u1Tiba4EsX5A2UmpCwJyOSWissxWOdmWSD\ne4eTf5beoJCpfTM1TlZp/v5u0ywDNaHyv/IAMoYpqUJcC/wRvhYsiHJEpKYSGVkp\n0LY3D8gbxYG6o7ZSf/jmtmIkhsxV4lZ14Q8vMlHfJLla2EU6V8QT1zz66nbff3BJ\nTg7+uZt5cc7kA2ygdESsdlrt2+w9n7mpTT4c5nvFe75JmTluh6LJeIoxndXv20Vl\nnYEAAAc466fPjuunz44AAAAHc3NoLXJzYQAAAgEA6FV9xeYcxCNlbW03jXB5nd++\nJbzRdvaOavWcawPxTBLtERBorAGvUn/hSZGodKgFypPcKckX032+mxTbFBOQWtWF\nmfOUqSRcTcZ8Ot7dGOagLGAhMT/UToUsDwyBLBPRnPwpcmzJWSh5hR3uK0u81gtM\n8Q2mk2pJoor2CLiHi/7Ai666fO/29kA+BRO3CnG6+qIJ7ceq+hfQcXTOTqIwVE2D\nkE57sYOj0czXHdfz9azLC+45YZndxzhKnk4oPPZjMo+xAp5Klyk6Hf/sSHENGXJV\nej+ZO6dG0iUpfhK28jicp2VEi7khAsHvwfmCJumQve8lfiI3ycC3s/0Z6itWK0Vb\n2YS4MXcPQwLsG88UHBDAHTYJw8pajAc37X38pWundQN6GWttn4++M+0La3MP4q6K\ngpc4VI0v/7RbEcmOKKOLn9M8LSmyVXRTXQQPlB4jzpzRe4u1Tiba4EsX5A2UmpCw\nJyOSWissxWOdmWSDe4eTf5beoJCpfTM1TlZp/v5u0ywDNaHyv/IAMoYpqUJcC/wR\nvhYsiHJEpKYSGVkp0LY3D8gbxYG6o7ZSf/jmtmIkhsxV4lZ14Q8vMlHfJLla2EU6\nV8QT1zz66nbff3BJTg7+uZt5cc7kA2ygdESsdlrt2+w9n7mpTT4c5nvFe75JmTlu\nh6LJeIoxndXv20VlnYEAAAADAQABAAACAA5YlxFU/fI7iEwLOiqs5wmRUwW0BNAe\nddlTbLLr9aafpY1P8NKsMPX8aP4YtSjs5hyl6CqZXPQFd/NOBKAW/Csrs5n3wTZ3\nhQ6VYr7k24yp0vqiffIzUYn+raOJP2GoIKGbrXiAEKfFeMl4OWhpfxHNdVUOJXrF\nTaIwh/QuZspFcwC9C41i6OI4Qcwg9US7FJNc1ZWd5mgWd9vFnWacG7Vc6vKKchda\nPE+cYS0Z1FnXb1s/fMIS1O+0AWGIjHIFOcdZuZGikhMG6+yFzMKFXoxzc6U+j5jw\nIY6g1lDPWYYX6k5o0aR6DDiGHqag4EFEW1hrD6rb9Itr77v4tTSxM9sOhcA3wroR\nbnG34sptyH/DuEA8wg69h1eEVRKyKb++67akLMWwzuaiLnbLqcHo4FvzXyxMj3pM\niV4JenwnwhI4DyFE9859QYraB9KYIhwZXR2gS5FJmGNG1ljEyMoRqgrBD2x13f/v\nnN8yg3t7DkH5ornGkBAYUiQvmAJDc82nx4jtpgbSH01KsJUvlsOQM6VCD0RgzMgU\nImJpN5ajBL/bcvkgLJgCS8yNL5fb/330I7i3Ve9f0pNYPmbRWs8/xzzb8kFtBdq8\npbtn78vanveLSYJ99/0vo2xFG1AGoy05Bf0cE2LvC2+1uag7pi76HM9HHH898iUF\nEgxOIRerg2rFAAABAFD+UDJKvBvb3Wqydf3bOOqE6lfy7jK5n+BqAWc/ZTostPtb\nMDzvriI0An9uigjXWUlhjfNH8cJ8log715DiZvOeje/eO2wlTCBOO8fJizmqTs/n\nbCVGyRXlRA3J7B2NCtlIdSgBZCFr2/h0mUUCHNL20Q2o3LFtc0PaiNtNpqdmPk9I\nwoZCKjsghvzYDw2REkW3Vz1FsTtEcxvkXafql9NwJO7dS758Vp1hBFR9fgRDVU77\n48fV6VNmW1lWb5Reyrwn215/iUeYIQXyW7cz3PbSd1gKGvUkFlW/MSPSrmo0z/6B\nKRL5BP1SJqUvBSr75P3fEr/9h2VWR3SOMhuBIkoAAAEBAPta2vwxc79yDZPBcsrG\nrxKUyjA0KBeT9bss4dOMo/L3oOWl2x8m3S+MBjjLXf/jBxqS+TYYCMbYNhwMugHH\n4YSSyCMw9bhXzmy7s7Sb3KPO6X8Xa3pBelcXcX3ySmDi+iELx+u8kXW8ME3+wwVL\nEQiu17xvFwyCXPQH2N2pLN81JUxif6PfHXJEfoAAh2ZqTYyk2yKa9wnHrzjMfSCW\nuRcRpSZJuZb9NlI1wkKxZpCwI0bXWtSduHG33/grnvdRNrIT3xl61znB+UMfCjL1\nZWAMAFS3+tQnWCcx2+LkZ189M1w5AfVw4GlxikUVL+Htk5zrtNR9Qt1DBizI/qyM\nUG0AAAEBAOygpiA2iZSZOspfQeGn7tJMCGP2oV7a9EJ8L3jgVK4Y4n/jd054CwJ0\nEOF+eGpJMZD0SKIX2AHECZ/dQYtw8M81veMPB93oKUXUcmsx2QH29B1RtYgqb/TL\nccQtDvqDY2ossoOTkAUk/3bnadyajA/r23CcYQVdEjAkDtFkmISWpLR4lvxADJZr\ni0X6X3414M3vZazhbSpGC6wfE/NoAPpEnXfxojcjqoiOm3tioBJhb31rQNAd5Jb3\nX4YmTWcqH2N543rtyNVYOKDpOhSNQpOVokRGINubGWf3k+jQdxj3ZCht0XBga98h\nsR8lKZISxeWnkkSOCNd8fnCurd9U3OUAAAAAAQID\n-----END OPENSSH PRIVATE KEY-----\n",
            "private_key_pem": "-----BEGIN RSA PRIVATE KEY-----\nMIIJKAIBAAKCAgEA6FV9xeYcxCNlbW03jXB5nd++JbzRdvaOavWcawPxTBLtERBo\nrAGvUn/hSZGodKgFypPcKckX032+mxTbFBOQWtWFmfOUqSRcTcZ8Ot7dGOagLGAh\nMT/UToUsDwyBLBPRnPwpcmzJWSh5hR3uK0u81gtM8Q2mk2pJoor2CLiHi/7Ai666\nfO/29kA+BRO3CnG6+qIJ7ceq+hfQcXTOTqIwVE2DkE57sYOj0czXHdfz9azLC+45\nYZndxzhKnk4oPPZjMo+xAp5Klyk6Hf/sSHENGXJVej+ZO6dG0iUpfhK28jicp2VE\ni7khAsHvwfmCJumQve8lfiI3ycC3s/0Z6itWK0Vb2YS4MXcPQwLsG88UHBDAHTYJ\nw8pajAc37X38pWundQN6GWttn4++M+0La3MP4q6Kgpc4VI0v/7RbEcmOKKOLn9M8\nLSmyVXRTXQQPlB4jzpzRe4u1Tiba4EsX5A2UmpCwJyOSWissxWOdmWSDe4eTf5be\noJCpfTM1TlZp/v5u0ywDNaHyv/IAMoYpqUJcC/wRvhYsiHJEpKYSGVkp0LY3D8gb\nxYG6o7ZSf/jmtmIkhsxV4lZ14Q8vMlHfJLla2EU6V8QT1zz66nbff3BJTg7+uZt5\ncc7kA2ygdESsdlrt2+w9n7mpTT4c5nvFe75JmTluh6LJeIoxndXv20VlnYECAwEA\nAQKCAgAOWJcRVP3yO4hMCzoqrOcJkVMFtATQHnXZU2yy6/Wmn6WNT/DSrDD1/Gj+\nGLUo7OYcpegqmVz0BXfzTgSgFvwrK7OZ98E2d4UOlWK+5NuMqdL6on3yM1GJ/q2j\niT9hqCChm614gBCnxXjJeDloaX8RzXVVDiV6xU2iMIf0LmbKRXMAvQuNYujiOEHM\nIPVEuxSTXNWVneZoFnfbxZ1mnBu1XOryinIXWjxPnGEtGdRZ129bP3zCEtTvtAFh\niIxyBTnHWbmRopITBuvshczChV6Mc3OlPo+Y8CGOoNZQz1mGF+pOaNGkegw4hh6m\noOBBRFtYaw+q2/SLa++7+LU0sTPbDoXAN8K6EW5xt+LKbch/w7hAPMIOvYdXhFUS\nsim/vuu2pCzFsM7moi52y6nB6OBb818sTI96TIleCXp8J8ISOA8hRPfOfUGK2gfS\nmCIcGV0doEuRSZhjRtZYxMjKEaoKwQ9sdd3/75zfMoN7ew5B+aK5xpAQGFIkL5gC\nQ3PNp8eI7aYG0h9NSrCVL5bDkDOlQg9EYMzIFCJiaTeWowS/23L5ICyYAkvMjS+X\n2/999CO4t1XvX9KTWD5m0VrPP8c82/JBbQXavKW7Z+/L2p73i0mCfff9L6NsRRtQ\nBqMtOQX9HBNi7wtvtbmoO6Yu+hzPRxx/PfIlBRIMTiEXq4NqxQKCAQEA+1ra/DFz\nv3INk8FyysavEpTKMDQoF5P1uyzh04yj8veg5aXbHybdL4wGOMtd/+MHGpL5NhgI\nxtg2HAy6AcfhhJLIIzD1uFfObLuztJvco87pfxdrekF6VxdxffJKYOL6IQvH67yR\ndbwwTf7DBUsRCK7XvG8XDIJc9AfY3aks3zUlTGJ/o98dckR+gACHZmpNjKTbIpr3\nCcevOMx9IJa5FxGlJkm5lv02UjXCQrFmkLAjRtda1J24cbff+Cue91E2shPfGXrX\nOcH5Qx8KMvVlYAwAVLf61CdYJzHb4uRnXz0zXDkB9XDgaXGKRRUv4e2TnOu01H1C\n3UMGLMj+rIxQbQKCAQEA7KCmIDaJlJk6yl9B4afu0kwIY/ahXtr0QnwveOBUrhji\nf+N3TngLAnQQ4X54akkxkPRIohfYAcQJn91Bi3DwzzW94w8H3egpRdRyazHZAfb0\nHVG1iCpv9MtxxC0O+oNjaiyyg5OQBST/dudp3JqMD+vbcJxhBV0SMCQO0WSYhJak\ntHiW/EAMlmuLRfpffjXgze9lrOFtKkYLrB8T82gA+kSdd/GiNyOqiI6be2KgEmFv\nfWtA0B3klvdfhiZNZyofY3njeu3I1Vg4oOk6FI1Ck5WiREYg25sZZ/eT6NB3GPdk\nKG3RcGBr3yGxHyUpkhLF5aeSRI4I13x+cK6t31Tc5QKCAQEAqeWNo22huUPUXY0i\nlGGbsMmVqON4Pgeqz2vU8PNdVjt/K/rhk7rnQt44zmbYEMBZ6uJxRNkWBaHbYTZQ\n/CcpDj1Qvki3rnTbeK+fFnNLvgV72oXwBeEAWqHj+qetErQZMgEOjw8Umyoq1G1h\nUNCeoOndtOa6A6CSR/iN47YYOH9pyKnDcPa8pqIZh1fULauo42oDHO72EExC6fd+\nlGqMjUVGBg1LPv3Em+jud7oFg8Mq9RVXteMt6t/IqayCdNUWTWQVJtnbZJTycSYn\n9K3eaf9ysdDx4Dj/4u5WnJSaMsvhTXLTGh3D8kHmni9mACZf4m+H+SD58yj8oYTy\nb5sgOQKCAQB4qZbs+EKB5v0msxp6QlMzI5hnuR0irI4/1Om0PtiPipr9UfXFqssa\nbispgX9P25EN9LORDI2WoOuzfHTu8SGq2CHDRifhzYA2XpYV+W5KZS6oQMFL9S/v\n6UpTGhL4RcWNH8vL8pRPO0WV0X2XA6wGdmQI8YU74fDjYY+40Q5BFjxY1uFPMi35\nClAT2A+X4UuIV9pGJRGwq9VJ6PMYfOF6vUB7KFlquqI8TlQUv/8WQF9E2ktLlOK6\n5NvuIVv5Dm7BICeSyOxPdlQyIZv/XOUlMvlyzTv2IAn9jS78WklRDt4hC5bwMgrv\n1lNmqWGgXjhR2nhowvDZSV+EgF6jcrfNAoIBAFD+UDJKvBvb3Wqydf3bOOqE6lfy\n7jK5n+BqAWc/ZTostPtbMDzvriI0An9uigjXWUlhjfNH8cJ8log715DiZvOeje/e\nO2wlTCBOO8fJizmqTs/nbCVGyRXlRA3J7B2NCtlIdSgBZCFr2/h0mUUCHNL20Q2o\n3LFtc0PaiNtNpqdmPk9IwoZCKjsghvzYDw2REkW3Vz1FsTtEcxvkXafql9NwJO7d\nS758Vp1hBFR9fgRDVU7748fV6VNmW1lWb5Reyrwn215/iUeYIQXyW7cz3PbSd1gK\nGvUkFlW/MSPSrmo0z/6BKRL5BP1SJqUvBSr75P3fEr/9h2VWR3SOMhuBIko=\n-----END RSA PRIVATE KEY-----\n",
            "private_key_pem_pkcs8": "-----BEGIN PRIVATE KEY-----\nMIIJQgIBADANBgkqhkiG9w0BAQEFAASCCSwwggkoAgEAAoICAQDoVX3F5hzEI2Vt\nbTeNcHmd374lvNF29o5q9ZxrA/FMEu0REGisAa9Sf+FJkah0qAXKk9wpyRfTfb6b\nFNsUE5Ba1YWZ85SpJFxNxnw63t0Y5qAsYCExP9ROhSwPDIEsE9Gc/ClybMlZKHmF\nHe4rS7zWC0zxDaaTakmiivYIuIeL/sCLrrp87/b2QD4FE7cKcbr6ogntx6r6F9Bx\ndM5OojBUTYOQTnuxg6PRzNcd1/P1rMsL7jlhmd3HOEqeTig89mMyj7ECnkqXKTod\n/+xIcQ0ZclV6P5k7p0bSJSl+ErbyOJynZUSLuSECwe/B+YIm6ZC97yV+IjfJwLez\n/RnqK1YrRVvZhLgxdw9DAuwbzxQcEMAdNgnDylqMBzftffyla6d1A3oZa22fj74z\n7Qtrcw/iroqClzhUjS//tFsRyY4oo4uf0zwtKbJVdFNdBA+UHiPOnNF7i7VOJtrg\nSxfkDZSakLAnI5JaKyzFY52ZZIN7h5N/lt6gkKl9MzVOVmn+/m7TLAM1ofK/8gAy\nhimpQlwL/BG+FiyIckSkphIZWSnQtjcPyBvFgbqjtlJ/+Oa2YiSGzFXiVnXhDy8y\nUd8kuVrYRTpXxBPXPPrqdt9/cElODv65m3lxzuQDbKB0RKx2Wu3b7D2fualNPhzm\ne8V7vkmZOW6Hosl4ijGd1e/bRWWdgQIDAQABAoICAA5YlxFU/fI7iEwLOiqs5wmR\nUwW0BNAeddlTbLLr9aafpY1P8NKsMPX8aP4YtSjs5hyl6CqZXPQFd/NOBKAW/Csr\ns5n3wTZ3hQ6VYr7k24yp0vqiffIzUYn+raOJP2GoIKGbrXiAEKfFeMl4OWhpfxHN\ndVUOJXrFTaIwh/QuZspFcwC9C41i6OI4Qcwg9US7FJNc1ZWd5mgWd9vFnWacG7Vc\n6vKKchdaPE+cYS0Z1FnXb1s/fMIS1O+0AWGIjHIFOcdZuZGikhMG6+yFzMKFXoxz\nc6U+j5jwIY6g1lDPWYYX6k5o0aR6DDiGHqag4EFEW1hrD6rb9Itr77v4tTSxM9sO\nhcA3wroRbnG34sptyH/DuEA8wg69h1eEVRKyKb++67akLMWwzuaiLnbLqcHo4Fvz\nXyxMj3pMiV4JenwnwhI4DyFE9859QYraB9KYIhwZXR2gS5FJmGNG1ljEyMoRqgrB\nD2x13f/vnN8yg3t7DkH5ornGkBAYUiQvmAJDc82nx4jtpgbSH01KsJUvlsOQM6VC\nD0RgzMgUImJpN5ajBL/bcvkgLJgCS8yNL5fb/330I7i3Ve9f0pNYPmbRWs8/xzzb\n8kFtBdq8pbtn78vanveLSYJ99/0vo2xFG1AGoy05Bf0cE2LvC2+1uag7pi76HM9H\nHH898iUFEgxOIRerg2rFAoIBAQD7Wtr8MXO/cg2TwXLKxq8SlMowNCgXk/W7LOHT\njKPy96DlpdsfJt0vjAY4y13/4wcakvk2GAjG2DYcDLoBx+GEksgjMPW4V85su7O0\nm9yjzul/F2t6QXpXF3F98kpg4vohC8frvJF1vDBN/sMFSxEIrte8bxcMglz0B9jd\nqSzfNSVMYn+j3x1yRH6AAIdmak2MpNsimvcJx684zH0glrkXEaUmSbmW/TZSNcJC\nsWaQsCNG11rUnbhxt9/4K573UTayE98Zetc5wflDHwoy9WVgDABUt/rUJ1gnMdvi\n5GdfPTNcOQH1cOBpcYpFFS/h7ZOc67TUfULdQwYsyP6sjFBtAoIBAQDsoKYgNomU\nmTrKX0Hhp+7STAhj9qFe2vRCfC944FSuGOJ/43dOeAsCdBDhfnhqSTGQ9EiiF9gB\nxAmf3UGLcPDPNb3jDwfd6ClF1HJrMdkB9vQdUbWIKm/0y3HELQ76g2NqLLKDk5AF\nJP9252ncmowP69twnGEFXRIwJA7RZJiElqS0eJb8QAyWa4tF+l9+NeDN72Ws4W0q\nRgusHxPzaAD6RJ138aI3I6qIjpt7YqASYW99a0DQHeSW91+GJk1nKh9jeeN67cjV\nWDig6ToUjUKTlaJERiDbmxln95Po0HcY92QobdFwYGvfIbEfJSmSEsXlp5JEjgjX\nfH5wrq3fVNzlAoIBAQCp5Y2jbaG5Q9RdjSKUYZuwyZWo43g+B6rPa9Tw811WO38r\n+uGTuudC3jjOZtgQwFnq4nFE2RYFodthNlD8JykOPVC+SLeudNt4r58Wc0u+BXva\nhfAF4QBaoeP6p60StBkyAQ6PDxSbKirUbWFQ0J6g6d205roDoJJH+I3jthg4f2nI\nqcNw9rymohmHV9Qtq6jjagMc7vYQTELp936UaoyNRUYGDUs+/cSb6O53ugWDwyr1\nFVe14y3q38iprIJ01RZNZBUm2dtklPJxJif0rd5p/3Kx0PHgOP/i7laclJoyy+FN\nctMaHcPyQeaeL2YAJl/ib4f5IPnzKPyhhPJvmyA5AoIBAHipluz4QoHm/SazGnpC\nUzMjmGe5HSKsjj/U6bQ+2I+Kmv1R9cWqyxpuKymBf0/bkQ30s5EMjZag67N8dO7x\nIarYIcNGJ+HNgDZelhX5bkplLqhAwUv1L+/pSlMaEvhFxY0fy8vylE87RZXRfZcD\nrAZ2ZAjxhTvh8ONhj7jRDkEWPFjW4U8yLfkKUBPYD5fhS4hX2kYlEbCr1Uno8xh8\n4Xq9QHsoWWq6ojxOVBS//xZAX0TaS0uU4rrk2+4hW/kObsEgJ5LI7E92VDIhm/9c\n5SUy+XLNO/YgCf2NLvxaSVEO3iELlvAyCu/WU2apYaBeOFHaeGjC8NlJX4SAXqNy\nt80CggEAUP5QMkq8G9vdarJ1/ds46oTqV/LuMrmf4GoBZz9lOiy0+1swPO+uIjQC\nf26KCNdZSWGN80fxwnyWiDvXkOJm856N7947bCVMIE47x8mLOapOz+dsJUbJFeVE\nDcnsHY0K2Uh1KAFkIWvb+HSZRQIc0vbRDajcsW1zQ9qI202mp2Y+T0jChkIqOyCG\n/NgPDZESRbdXPUWxO0RzG+Rdp+qX03Ak7t1LvnxWnWEEVH1+BENVTvvjx9XpU2Zb\nWVZvlF7KvCfbXn+JR5ghBfJbtzPc9tJ3WAoa9SQWVb8xI9KuajTP/oEpEvkE/VIm\npS8FKvvk/d8Sv/2HZVZHdI4yG4EiSg==\n-----END PRIVATE KEY-----\n",
            "public_key_fingerprint_md5": "c6:37:e3:03:52:c9:08:b6:1e:f6:0e:3c:0d:56:e5:94",
            "public_key_fingerprint_sha256": "SHA256:dCLcfeWll8Zcyg/muMwaHAWZMdKw61IrXb1Zf9u+K1Q",
            "public_key_openssh": "ssh-rsa AAAAB3NzaC1yc2EAAAADAQABAAACAQDoVX3F5hzEI2VtbTeNcHmd374lvNF29o5q9ZxrA/FMEu0REGisAa9Sf+FJkah0qAXKk9wpyRfTfb6bFNsUE5Ba1YWZ85SpJFxNxnw63t0Y5qAsYCExP9ROhSwPDIEsE9Gc/ClybMlZKHmFHe4rS7zWC0zxDaaTakmiivYIuIeL/sCLrrp87/b2QD4FE7cKcbr6ogntx6r6F9BxdM5OojBUTYOQTnuxg6PRzNcd1/P1rMsL7jlhmd3HOEqeTig89mMyj7ECnkqXKTod/+xIcQ0ZclV6P5k7p0bSJSl+ErbyOJynZUSLuSECwe/B+YIm6ZC97yV+IjfJwLez/RnqK1YrRVvZhLgxdw9DAuwbzxQcEMAdNgnDylqMBzftffyla6d1A3oZa22fj74z7Qtrcw/iroqClzhUjS//tFsRyY4oo4uf0zwtKbJVdFNdBA+UHiPOnNF7i7VOJtrgSxfkDZSakLAnI5JaKyzFY52ZZIN7h5N/lt6gkKl9MzVOVmn+/m7TLAM1ofK/8gAyhimpQlwL/BG+FiyIckSkphIZWSnQtjcPyBvFgbqjtlJ/+Oa2YiSGzFXiVnXhDy8yUd8kuVrYRTpXxBPXPPrqdt9/cElODv65m3lxzuQDbKB0RKx2Wu3b7D2fualNPhzme8V7vkmZOW6Hosl4ijGd1e/bRWWdgQ==\n",
            "public_key_pem": "-----BEGIN PUBLIC KEY-----\nMIICIjANBgkqhkiG9w0BAQEFAAOCAg8AMIICCgKCAgEA6FV9xeYcxCNlbW03jXB5\nnd++JbzRdvaOavWcawPxTBLtERBorAGvUn/hSZGodKgFypPcKckX032+mxTbFBOQ\nWtWFmfOUqSRcTcZ8Ot7dGOagLGAhMT/UToUsDwyBLBPRnPwpcmzJWSh5hR3uK0u8\n1gtM8Q2mk2pJoor2CLiHi/7Ai666fO/29kA+BRO3CnG6+qIJ7ceq+hfQcXTOTqIw\nVE2DkE57sYOj0czXHdfz9azLC+45YZndxzhKnk4oPPZjMo+xAp5Klyk6Hf/sSHEN\nGXJVej+ZO6dG0iUpfhK28jicp2VEi7khAsHvwfmCJumQve8lfiI3ycC3s/0Z6itW\nK0Vb2YS4MXcPQwLsG88UHBDAHTYJw8pajAc37X38pWundQN6GWttn4++M+0La3MP\n4q6Kgpc4VI0v/7RbEcmOKKOLn9M8LSmyVXRTXQQPlB4jzpzRe4u1Tiba4EsX5A2U\nmpCwJyOSWissxWOdmWSDe4eTf5beoJCpfTM1TlZp/v5u0ywDNaHyv/IAMoYpqUJc\nC/wRvhYsiHJEpKYSGVkp0LY3D8gbxYG6o7ZSf/jmtmIkhsxV4lZ14Q8vMlHfJLla\n2EU6V8QT1zz66nbff3BJTg7+uZt5cc7kA2ygdESsdlrt2+w9n7mpTT4c5nvFe75J\nmTluh6LJeIoxndXv20VlnYECAwEAAQ==\n-----END PUBLIC KEY-----\n",
            "rsa_bits": 4096
          },
          "sensitive_attributes": [
            [
              {
                "type": "get_attr",
                "value": "private_key_openssh"
              }
            ],
            [
              {
                "type": "get_attr",
                "value": "private_key_pem"
              }
            ],
            [
              {
                "type": "get_attr",
                "value": "private_key_pem_pkcs8"
              }
            ]
          ],
          "identity_schema_version": 0,
          "create_before_destroy": true
        }
      ]
    }
  ],
  "check_results": null
}
